// !$*UTF8*$!
{
	archiveVersion = 1;
	classes = {
	};
	objectVersion = 56;
	objects = {

/* Begin PBXBuildFile section */
		0DB91C8C29464EB200560436 /* AppDelegate.swift in Sources */ = {isa = PBXBuildFile; fileRef = 0DB91C8B29464EB200560436 /* AppDelegate.swift */; };
		0DB91C8E29464EB200560436 /* SceneDelegate.swift in Sources */ = {isa = PBXBuildFile; fileRef = 0DB91C8D29464EB200560436 /* SceneDelegate.swift */; };
		0DB91C9029464EB200560436 /* ViewController.swift in Sources */ = {isa = PBXBuildFile; fileRef = 0DB91C8F29464EB200560436 /* ViewController.swift */; };
		0DB91C9329464EB200560436 /* Main.storyboard in Resources */ = {isa = PBXBuildFile; fileRef = 0DB91C9129464EB200560436 /* Main.storyboard */; };
		0DB91C9529464EB400560436 /* Assets.xcassets in Resources */ = {isa = PBXBuildFile; fileRef = 0DB91C9429464EB400560436 /* Assets.xcassets */; };
		0DB91C9829464EB400560436 /* LaunchScreen.storyboard in Resources */ = {isa = PBXBuildFile; fileRef = 0DB91C9629464EB400560436 /* LaunchScreen.storyboard */; };
		0DB91CA329464EB500560436 /* EssentialAppTests.swift in Sources */ = {isa = PBXBuildFile; fileRef = 0DB91CA229464EB500560436 /* EssentialAppTests.swift */; };
		0DB91CAD29464EB500560436 /* EssentialAppUITests.swift in Sources */ = {isa = PBXBuildFile; fileRef = 0DB91CAC29464EB500560436 /* EssentialAppUITests.swift */; };
		0DB91CAF29464EB500560436 /* EssentialAppUITestsLaunchTests.swift in Sources */ = {isa = PBXBuildFile; fileRef = 0DB91CAE29464EB500560436 /* EssentialAppUITestsLaunchTests.swift */; };
/* End PBXBuildFile section */

/* Begin PBXContainerItemProxy section */
		0D34141929465023008BBE6D /* PBXContainerItemProxy */ = {
			isa = PBXContainerItemProxy;
			containerPortal = 0D34141029465023008BBE6D /* EssentialFeed.xcodeproj */;
			proxyType = 2;
			remoteGlobalIDString = 0D19C1BF2805FD0800117350;
			remoteInfo = EssentialFeed;
		};
		0D34141B29465023008BBE6D /* PBXContainerItemProxy */ = {
			isa = PBXContainerItemProxy;
			containerPortal = 0D34141029465023008BBE6D /* EssentialFeed.xcodeproj */;
			proxyType = 2;
			remoteGlobalIDString = 0D19C1C92805FD0800117350;
			remoteInfo = EssentialFeedTests;
		};
		0D34141D29465023008BBE6D /* PBXContainerItemProxy */ = {
			isa = PBXContainerItemProxy;
			containerPortal = 0D34141029465023008BBE6D /* EssentialFeed.xcodeproj */;
			proxyType = 2;
			remoteGlobalIDString = 0DB375452819FF0100C4B1A0;
			remoteInfo = EssentialFeedAPIEndToEndTests;
		};
		0D34141F29465023008BBE6D /* PBXContainerItemProxy */ = {
			isa = PBXContainerItemProxy;
			containerPortal = 0D34141029465023008BBE6D /* EssentialFeed.xcodeproj */;
			proxyType = 2;
			remoteGlobalIDString = 0D363B17286F25AF00DC6E47;
			remoteInfo = EssentialFeedCacheIntegrationTests;
		};
		0D34142129465023008BBE6D /* PBXContainerItemProxy */ = {
			isa = PBXContainerItemProxy;
			containerPortal = 0D34141029465023008BBE6D /* EssentialFeed.xcodeproj */;
			proxyType = 2;
			remoteGlobalIDString = 0D7DFA6228DBD7A50045B1C1;
			remoteInfo = EssentialFeediOS;
		};
		0D34142329465023008BBE6D /* PBXContainerItemProxy */ = {
			isa = PBXContainerItemProxy;
			containerPortal = 0D34141029465023008BBE6D /* EssentialFeed.xcodeproj */;
			proxyType = 2;
			remoteGlobalIDString = 0D7DFA6928DBD7A60045B1C1;
			remoteInfo = EssentialFeediOSTests;
		};
		0DB91C9F29464EB500560436 /* PBXContainerItemProxy */ = {
			isa = PBXContainerItemProxy;
			containerPortal = 0DB91C8029464EB200560436 /* Project object */;
			proxyType = 1;
			remoteGlobalIDString = 0DB91C8729464EB200560436;
			remoteInfo = EssentialApp;
		};
		0DB91CA929464EB500560436 /* PBXContainerItemProxy */ = {
			isa = PBXContainerItemProxy;
			containerPortal = 0DB91C8029464EB200560436 /* Project object */;
			proxyType = 1;
			remoteGlobalIDString = 0DB91C8729464EB200560436;
			remoteInfo = EssentialApp;
		};
/* End PBXContainerItemProxy section */

/* Begin PBXFileReference section */
		0D34141029465023008BBE6D /* EssentialFeed.xcodeproj */ = {isa = PBXFileReference; lastKnownFileType = "wrapper.pb-project"; name = EssentialFeed.xcodeproj; path = ../EssentialFeed.xcodeproj; sourceTree = "<group>"; };
		0DB91C8829464EB200560436 /* EssentialApp.app */ = {isa = PBXFileReference; explicitFileType = wrapper.application; includeInIndex = 0; path = EssentialApp.app; sourceTree = BUILT_PRODUCTS_DIR; };
		0DB91C8B29464EB200560436 /* AppDelegate.swift */ = {isa = PBXFileReference; lastKnownFileType = sourcecode.swift; path = AppDelegate.swift; sourceTree = "<group>"; };
		0DB91C8D29464EB200560436 /* SceneDelegate.swift */ = {isa = PBXFileReference; lastKnownFileType = sourcecode.swift; path = SceneDelegate.swift; sourceTree = "<group>"; };
		0DB91C8F29464EB200560436 /* ViewController.swift */ = {isa = PBXFileReference; lastKnownFileType = sourcecode.swift; path = ViewController.swift; sourceTree = "<group>"; };
		0DB91C9229464EB200560436 /* Base */ = {isa = PBXFileReference; lastKnownFileType = file.storyboard; name = Base; path = Base.lproj/Main.storyboard; sourceTree = "<group>"; };
		0DB91C9429464EB400560436 /* Assets.xcassets */ = {isa = PBXFileReference; lastKnownFileType = folder.assetcatalog; path = Assets.xcassets; sourceTree = "<group>"; };
		0DB91C9729464EB400560436 /* Base */ = {isa = PBXFileReference; lastKnownFileType = file.storyboard; name = Base; path = Base.lproj/LaunchScreen.storyboard; sourceTree = "<group>"; };
		0DB91C9929464EB400560436 /* Info.plist */ = {isa = PBXFileReference; lastKnownFileType = text.plist.xml; path = Info.plist; sourceTree = "<group>"; };
		0DB91C9E29464EB500560436 /* EssentialAppTests.xctest */ = {isa = PBXFileReference; explicitFileType = wrapper.cfbundle; includeInIndex = 0; path = EssentialAppTests.xctest; sourceTree = BUILT_PRODUCTS_DIR; };
		0DB91CA229464EB500560436 /* EssentialAppTests.swift */ = {isa = PBXFileReference; lastKnownFileType = sourcecode.swift; path = EssentialAppTests.swift; sourceTree = "<group>"; };
		0DB91CA829464EB500560436 /* EssentialAppUITests.xctest */ = {isa = PBXFileReference; explicitFileType = wrapper.cfbundle; includeInIndex = 0; path = EssentialAppUITests.xctest; sourceTree = BUILT_PRODUCTS_DIR; };
		0DB91CAC29464EB500560436 /* EssentialAppUITests.swift */ = {isa = PBXFileReference; lastKnownFileType = sourcecode.swift; path = EssentialAppUITests.swift; sourceTree = "<group>"; };
		0DB91CAE29464EB500560436 /* EssentialAppUITestsLaunchTests.swift */ = {isa = PBXFileReference; lastKnownFileType = sourcecode.swift; path = EssentialAppUITestsLaunchTests.swift; sourceTree = "<group>"; };
/* End PBXFileReference section */

/* Begin PBXFrameworksBuildPhase section */
		0DB91C8529464EB200560436 /* Frameworks */ = {
			isa = PBXFrameworksBuildPhase;
			buildActionMask = 2147483647;
			files = (
			);
			runOnlyForDeploymentPostprocessing = 0;
		};
		0DB91C9B29464EB500560436 /* Frameworks */ = {
			isa = PBXFrameworksBuildPhase;
			buildActionMask = 2147483647;
			files = (
			);
			runOnlyForDeploymentPostprocessing = 0;
		};
		0DB91CA529464EB500560436 /* Frameworks */ = {
			isa = PBXFrameworksBuildPhase;
			buildActionMask = 2147483647;
			files = (
			);
			runOnlyForDeploymentPostprocessing = 0;
		};
/* End PBXFrameworksBuildPhase section */

/* Begin PBXGroup section */
		0D34141129465023008BBE6D /* Products */ = {
			isa = PBXGroup;
			children = (
				0D34141A29465023008BBE6D /* EssentialFeed.framework */,
				0D34141C29465023008BBE6D /* EssentialFeedTests.xctest */,
				0D34141E29465023008BBE6D /* EssentialFeedAPIEndToEndTests.xctest */,
				0D34142029465023008BBE6D /* EssentialFeedCacheIntegrationTests.xctest */,
				0D34142229465023008BBE6D /* EssentialFeediOS.framework */,
				0D34142429465023008BBE6D /* EssentialFeediOSTests.xctest */,
			);
			name = Products;
			sourceTree = "<group>";
		};
		0DB91C7F29464EB200560436 = {
			isa = PBXGroup;
			children = (
				0D34141029465023008BBE6D /* EssentialFeed.xcodeproj */,
				0DB91C8A29464EB200560436 /* EssentialApp */,
				0DB91CA129464EB500560436 /* EssentialAppTests */,
				0DB91CAB29464EB500560436 /* EssentialAppUITests */,
				0DB91C8929464EB200560436 /* Products */,
			);
			sourceTree = "<group>";
		};
		0DB91C8929464EB200560436 /* Products */ = {
			isa = PBXGroup;
			children = (
				0DB91C8829464EB200560436 /* EssentialApp.app */,
				0DB91C9E29464EB500560436 /* EssentialAppTests.xctest */,
				0DB91CA829464EB500560436 /* EssentialAppUITests.xctest */,
			);
			name = Products;
			sourceTree = "<group>";
		};
		0DB91C8A29464EB200560436 /* EssentialApp */ = {
			isa = PBXGroup;
			children = (
				0DB91C8B29464EB200560436 /* AppDelegate.swift */,
				0DB91C8D29464EB200560436 /* SceneDelegate.swift */,
				0DB91C8F29464EB200560436 /* ViewController.swift */,
				0DB91C9129464EB200560436 /* Main.storyboard */,
				0DB91C9429464EB400560436 /* Assets.xcassets */,
				0DB91C9629464EB400560436 /* LaunchScreen.storyboard */,
				0DB91C9929464EB400560436 /* Info.plist */,
			);
			path = EssentialApp;
			sourceTree = "<group>";
		};
		0DB91CA129464EB500560436 /* EssentialAppTests */ = {
			isa = PBXGroup;
			children = (
				0DB91CA229464EB500560436 /* EssentialAppTests.swift */,
			);
			path = EssentialAppTests;
			sourceTree = "<group>";
		};
		0DB91CAB29464EB500560436 /* EssentialAppUITests */ = {
			isa = PBXGroup;
			children = (
				0DB91CAC29464EB500560436 /* EssentialAppUITests.swift */,
				0DB91CAE29464EB500560436 /* EssentialAppUITestsLaunchTests.swift */,
			);
			path = EssentialAppUITests;
			sourceTree = "<group>";
		};
/* End PBXGroup section */

/* Begin PBXNativeTarget section */
		0DB91C8729464EB200560436 /* EssentialApp */ = {
			isa = PBXNativeTarget;
			buildConfigurationList = 0DB91CB229464EB500560436 /* Build configuration list for PBXNativeTarget "EssentialApp" */;
			buildPhases = (
				0DB91C8429464EB200560436 /* Sources */,
				0DB91C8529464EB200560436 /* Frameworks */,
				0DB91C8629464EB200560436 /* Resources */,
			);
			buildRules = (
			);
			dependencies = (
			);
			name = EssentialApp;
			productName = EssentialApp;
			productReference = 0DB91C8829464EB200560436 /* EssentialApp.app */;
			productType = "com.apple.product-type.application";
		};
		0DB91C9D29464EB500560436 /* EssentialAppTests */ = {
			isa = PBXNativeTarget;
			buildConfigurationList = 0DB91CB529464EB500560436 /* Build configuration list for PBXNativeTarget "EssentialAppTests" */;
			buildPhases = (
				0DB91C9A29464EB500560436 /* Sources */,
				0DB91C9B29464EB500560436 /* Frameworks */,
				0DB91C9C29464EB500560436 /* Resources */,
			);
			buildRules = (
			);
			dependencies = (
				0DB91CA029464EB500560436 /* PBXTargetDependency */,
			);
			name = EssentialAppTests;
			productName = EssentialAppTests;
			productReference = 0DB91C9E29464EB500560436 /* EssentialAppTests.xctest */;
			productType = "com.apple.product-type.bundle.unit-test";
		};
		0DB91CA729464EB500560436 /* EssentialAppUITests */ = {
			isa = PBXNativeTarget;
			buildConfigurationList = 0DB91CB829464EB500560436 /* Build configuration list for PBXNativeTarget "EssentialAppUITests" */;
			buildPhases = (
				0DB91CA429464EB500560436 /* Sources */,
				0DB91CA529464EB500560436 /* Frameworks */,
				0DB91CA629464EB500560436 /* Resources */,
			);
			buildRules = (
			);
			dependencies = (
				0DB91CAA29464EB500560436 /* PBXTargetDependency */,
			);
			name = EssentialAppUITests;
			productName = EssentialAppUITests;
			productReference = 0DB91CA829464EB500560436 /* EssentialAppUITests.xctest */;
			productType = "com.apple.product-type.bundle.ui-testing";
		};
/* End PBXNativeTarget section */

/* Begin PBXProject section */
		0DB91C8029464EB200560436 /* Project object */ = {
			isa = PBXProject;
			attributes = {
				BuildIndependentTargetsInParallel = 1;
				LastSwiftUpdateCheck = 1410;
				LastUpgradeCheck = 1410;
				TargetAttributes = {
					0DB91C8729464EB200560436 = {
						CreatedOnToolsVersion = 14.1;
					};
					0DB91C9D29464EB500560436 = {
						CreatedOnToolsVersion = 14.1;
						TestTargetID = 0DB91C8729464EB200560436;
					};
					0DB91CA729464EB500560436 = {
						CreatedOnToolsVersion = 14.1;
						TestTargetID = 0DB91C8729464EB200560436;
					};
				};
			};
			buildConfigurationList = 0DB91C8329464EB200560436 /* Build configuration list for PBXProject "EssentialApp" */;
			compatibilityVersion = "Xcode 14.0";
			developmentRegion = en;
			hasScannedForEncodings = 0;
			knownRegions = (
				en,
				Base,
			);
			mainGroup = 0DB91C7F29464EB200560436;
			productRefGroup = 0DB91C8929464EB200560436 /* Products */;
			projectDirPath = "";
			projectReferences = (
				{
					ProductGroup = 0D34141129465023008BBE6D /* Products */;
					ProjectRef = 0D34141029465023008BBE6D /* EssentialFeed.xcodeproj */;
				},
			);
			projectRoot = "";
			targets = (
				0DB91C8729464EB200560436 /* EssentialApp */,
				0DB91C9D29464EB500560436 /* EssentialAppTests */,
				0DB91CA729464EB500560436 /* EssentialAppUITests */,
			);
		};
/* End PBXProject section */

/* Begin PBXReferenceProxy section */
		0D34141A29465023008BBE6D /* EssentialFeed.framework */ = {
			isa = PBXReferenceProxy;
			fileType = wrapper.framework;
			path = EssentialFeed.framework;
			remoteRef = 0D34141929465023008BBE6D /* PBXContainerItemProxy */;
			sourceTree = BUILT_PRODUCTS_DIR;
		};
		0D34141C29465023008BBE6D /* EssentialFeedTests.xctest */ = {
			isa = PBXReferenceProxy;
			fileType = wrapper.cfbundle;
			path = EssentialFeedTests.xctest;
			remoteRef = 0D34141B29465023008BBE6D /* PBXContainerItemProxy */;
			sourceTree = BUILT_PRODUCTS_DIR;
		};
		0D34141E29465023008BBE6D /* EssentialFeedAPIEndToEndTests.xctest */ = {
			isa = PBXReferenceProxy;
			fileType = wrapper.cfbundle;
			path = EssentialFeedAPIEndToEndTests.xctest;
			remoteRef = 0D34141D29465023008BBE6D /* PBXContainerItemProxy */;
			sourceTree = BUILT_PRODUCTS_DIR;
		};
		0D34142029465023008BBE6D /* EssentialFeedCacheIntegrationTests.xctest */ = {
			isa = PBXReferenceProxy;
			fileType = wrapper.cfbundle;
			path = EssentialFeedCacheIntegrationTests.xctest;
			remoteRef = 0D34141F29465023008BBE6D /* PBXContainerItemProxy */;
			sourceTree = BUILT_PRODUCTS_DIR;
		};
		0D34142229465023008BBE6D /* EssentialFeediOS.framework */ = {
			isa = PBXReferenceProxy;
			fileType = wrapper.framework;
			path = EssentialFeediOS.framework;
			remoteRef = 0D34142129465023008BBE6D /* PBXContainerItemProxy */;
			sourceTree = BUILT_PRODUCTS_DIR;
		};
		0D34142429465023008BBE6D /* EssentialFeediOSTests.xctest */ = {
			isa = PBXReferenceProxy;
			fileType = wrapper.cfbundle;
			path = EssentialFeediOSTests.xctest;
			remoteRef = 0D34142329465023008BBE6D /* PBXContainerItemProxy */;
			sourceTree = BUILT_PRODUCTS_DIR;
		};
/* End PBXReferenceProxy section */

/* Begin PBXResourcesBuildPhase section */
		0DB91C8629464EB200560436 /* Resources */ = {
			isa = PBXResourcesBuildPhase;
			buildActionMask = 2147483647;
			files = (
				0DB91C9829464EB400560436 /* LaunchScreen.storyboard in Resources */,
				0DB91C9529464EB400560436 /* Assets.xcassets in Resources */,
				0DB91C9329464EB200560436 /* Main.storyboard in Resources */,
			);
			runOnlyForDeploymentPostprocessing = 0;
		};
		0DB91C9C29464EB500560436 /* Resources */ = {
			isa = PBXResourcesBuildPhase;
			buildActionMask = 2147483647;
			files = (
			);
			runOnlyForDeploymentPostprocessing = 0;
		};
		0DB91CA629464EB500560436 /* Resources */ = {
			isa = PBXResourcesBuildPhase;
			buildActionMask = 2147483647;
			files = (
			);
			runOnlyForDeploymentPostprocessing = 0;
		};
/* End PBXResourcesBuildPhase section */

/* Begin PBXSourcesBuildPhase section */
		0DB91C8429464EB200560436 /* Sources */ = {
			isa = PBXSourcesBuildPhase;
			buildActionMask = 2147483647;
			files = (
				0DB91C9029464EB200560436 /* ViewController.swift in Sources */,
				0DB91C8C29464EB200560436 /* AppDelegate.swift in Sources */,
				0DB91C8E29464EB200560436 /* SceneDelegate.swift in Sources */,
			);
			runOnlyForDeploymentPostprocessing = 0;
		};
		0DB91C9A29464EB500560436 /* Sources */ = {
			isa = PBXSourcesBuildPhase;
			buildActionMask = 2147483647;
			files = (
				0DB91CA329464EB500560436 /* EssentialAppTests.swift in Sources */,
			);
			runOnlyForDeploymentPostprocessing = 0;
		};
		0DB91CA429464EB500560436 /* Sources */ = {
			isa = PBXSourcesBuildPhase;
			buildActionMask = 2147483647;
			files = (
				0DB91CAD29464EB500560436 /* EssentialAppUITests.swift in Sources */,
				0DB91CAF29464EB500560436 /* EssentialAppUITestsLaunchTests.swift in Sources */,
			);
			runOnlyForDeploymentPostprocessing = 0;
		};
/* End PBXSourcesBuildPhase section */

/* Begin PBXTargetDependency section */
		0DB91CA029464EB500560436 /* PBXTargetDependency */ = {
			isa = PBXTargetDependency;
			target = 0DB91C8729464EB200560436 /* EssentialApp */;
			targetProxy = 0DB91C9F29464EB500560436 /* PBXContainerItemProxy */;
		};
		0DB91CAA29464EB500560436 /* PBXTargetDependency */ = {
			isa = PBXTargetDependency;
			target = 0DB91C8729464EB200560436 /* EssentialApp */;
			targetProxy = 0DB91CA929464EB500560436 /* PBXContainerItemProxy */;
		};
/* End PBXTargetDependency section */

/* Begin PBXVariantGroup section */
		0DB91C9129464EB200560436 /* Main.storyboard */ = {
			isa = PBXVariantGroup;
			children = (
				0DB91C9229464EB200560436 /* Base */,
			);
			name = Main.storyboard;
			sourceTree = "<group>";
		};
		0DB91C9629464EB400560436 /* LaunchScreen.storyboard */ = {
			isa = PBXVariantGroup;
			children = (
				0DB91C9729464EB400560436 /* Base */,
			);
			name = LaunchScreen.storyboard;
			sourceTree = "<group>";
		};
/* End PBXVariantGroup section */

/* Begin XCBuildConfiguration section */
		0DB91CB029464EB500560436 /* Debug */ = {
			isa = XCBuildConfiguration;
			buildSettings = {
				ALWAYS_SEARCH_USER_PATHS = NO;
				CLANG_ANALYZER_NONNULL = YES;
				CLANG_ANALYZER_NUMBER_OBJECT_CONVERSION = YES_AGGRESSIVE;
				CLANG_CXX_LANGUAGE_STANDARD = "gnu++20";
				CLANG_ENABLE_MODULES = YES;
				CLANG_ENABLE_OBJC_ARC = YES;
				CLANG_ENABLE_OBJC_WEAK = YES;
				CLANG_WARN_BLOCK_CAPTURE_AUTORELEASING = YES;
				CLANG_WARN_BOOL_CONVERSION = YES;
				CLANG_WARN_COMMA = YES;
				CLANG_WARN_CONSTANT_CONVERSION = YES;
				CLANG_WARN_DEPRECATED_OBJC_IMPLEMENTATIONS = YES;
				CLANG_WARN_DIRECT_OBJC_ISA_USAGE = YES_ERROR;
				CLANG_WARN_DOCUMENTATION_COMMENTS = YES;
				CLANG_WARN_EMPTY_BODY = YES;
				CLANG_WARN_ENUM_CONVERSION = YES;
				CLANG_WARN_INFINITE_RECURSION = YES;
				CLANG_WARN_INT_CONVERSION = YES;
				CLANG_WARN_NON_LITERAL_NULL_CONVERSION = YES;
				CLANG_WARN_OBJC_IMPLICIT_RETAIN_SELF = YES;
				CLANG_WARN_OBJC_LITERAL_CONVERSION = YES;
				CLANG_WARN_OBJC_ROOT_CLASS = YES_ERROR;
				CLANG_WARN_QUOTED_INCLUDE_IN_FRAMEWORK_HEADER = YES;
				CLANG_WARN_RANGE_LOOP_ANALYSIS = YES;
				CLANG_WARN_STRICT_PROTOTYPES = YES;
				CLANG_WARN_SUSPICIOUS_MOVE = YES;
				CLANG_WARN_UNGUARDED_AVAILABILITY = YES_AGGRESSIVE;
				CLANG_WARN_UNREACHABLE_CODE = YES;
				CLANG_WARN__DUPLICATE_METHOD_MATCH = YES;
				COPY_PHASE_STRIP = NO;
				DEBUG_INFORMATION_FORMAT = dwarf;
				ENABLE_STRICT_OBJC_MSGSEND = YES;
				ENABLE_TESTABILITY = YES;
				GCC_C_LANGUAGE_STANDARD = gnu11;
				GCC_DYNAMIC_NO_PIC = NO;
				GCC_NO_COMMON_BLOCKS = YES;
				GCC_OPTIMIZATION_LEVEL = 0;
				GCC_PREPROCESSOR_DEFINITIONS = (
					"DEBUG=1",
					"$(inherited)",
				);
				GCC_WARN_64_TO_32_BIT_CONVERSION = YES;
				GCC_WARN_ABOUT_RETURN_TYPE = YES_ERROR;
				GCC_WARN_UNDECLARED_SELECTOR = YES;
				GCC_WARN_UNINITIALIZED_AUTOS = YES_AGGRESSIVE;
				GCC_WARN_UNUSED_FUNCTION = YES;
				GCC_WARN_UNUSED_VARIABLE = YES;
				IPHONEOS_DEPLOYMENT_TARGET = 16.1;
				MTL_ENABLE_DEBUG_INFO = INCLUDE_SOURCE;
				MTL_FAST_MATH = YES;
				ONLY_ACTIVE_ARCH = YES;
				SDKROOT = iphoneos;
				SWIFT_ACTIVE_COMPILATION_CONDITIONS = DEBUG;
				SWIFT_OPTIMIZATION_LEVEL = "-Onone";
			};
			name = Debug;
		};
		0DB91CB129464EB500560436 /* Release */ = {
			isa = XCBuildConfiguration;
			buildSettings = {
				ALWAYS_SEARCH_USER_PATHS = NO;
				CLANG_ANALYZER_NONNULL = YES;
				CLANG_ANALYZER_NUMBER_OBJECT_CONVERSION = YES_AGGRESSIVE;
				CLANG_CXX_LANGUAGE_STANDARD = "gnu++20";
				CLANG_ENABLE_MODULES = YES;
				CLANG_ENABLE_OBJC_ARC = YES;
				CLANG_ENABLE_OBJC_WEAK = YES;
				CLANG_WARN_BLOCK_CAPTURE_AUTORELEASING = YES;
				CLANG_WARN_BOOL_CONVERSION = YES;
				CLANG_WARN_COMMA = YES;
				CLANG_WARN_CONSTANT_CONVERSION = YES;
				CLANG_WARN_DEPRECATED_OBJC_IMPLEMENTATIONS = YES;
				CLANG_WARN_DIRECT_OBJC_ISA_USAGE = YES_ERROR;
				CLANG_WARN_DOCUMENTATION_COMMENTS = YES;
				CLANG_WARN_EMPTY_BODY = YES;
				CLANG_WARN_ENUM_CONVERSION = YES;
				CLANG_WARN_INFINITE_RECURSION = YES;
				CLANG_WARN_INT_CONVERSION = YES;
				CLANG_WARN_NON_LITERAL_NULL_CONVERSION = YES;
				CLANG_WARN_OBJC_IMPLICIT_RETAIN_SELF = YES;
				CLANG_WARN_OBJC_LITERAL_CONVERSION = YES;
				CLANG_WARN_OBJC_ROOT_CLASS = YES_ERROR;
				CLANG_WARN_QUOTED_INCLUDE_IN_FRAMEWORK_HEADER = YES;
				CLANG_WARN_RANGE_LOOP_ANALYSIS = YES;
				CLANG_WARN_STRICT_PROTOTYPES = YES;
				CLANG_WARN_SUSPICIOUS_MOVE = YES;
				CLANG_WARN_UNGUARDED_AVAILABILITY = YES_AGGRESSIVE;
				CLANG_WARN_UNREACHABLE_CODE = YES;
				CLANG_WARN__DUPLICATE_METHOD_MATCH = YES;
				COPY_PHASE_STRIP = NO;
				DEBUG_INFORMATION_FORMAT = "dwarf-with-dsym";
				ENABLE_NS_ASSERTIONS = NO;
				ENABLE_STRICT_OBJC_MSGSEND = YES;
				GCC_C_LANGUAGE_STANDARD = gnu11;
				GCC_NO_COMMON_BLOCKS = YES;
				GCC_WARN_64_TO_32_BIT_CONVERSION = YES;
				GCC_WARN_ABOUT_RETURN_TYPE = YES_ERROR;
				GCC_WARN_UNDECLARED_SELECTOR = YES;
				GCC_WARN_UNINITIALIZED_AUTOS = YES_AGGRESSIVE;
				GCC_WARN_UNUSED_FUNCTION = YES;
				GCC_WARN_UNUSED_VARIABLE = YES;
				IPHONEOS_DEPLOYMENT_TARGET = 16.1;
				MTL_ENABLE_DEBUG_INFO = NO;
				MTL_FAST_MATH = YES;
				SDKROOT = iphoneos;
				SWIFT_COMPILATION_MODE = wholemodule;
				SWIFT_OPTIMIZATION_LEVEL = "-O";
				VALIDATE_PRODUCT = YES;
			};
			name = Release;
		};
		0DB91CB329464EB500560436 /* Debug */ = {
			isa = XCBuildConfiguration;
			buildSettings = {
				ASSETCATALOG_COMPILER_APPICON_NAME = AppIcon;
				ASSETCATALOG_COMPILER_GLOBAL_ACCENT_COLOR_NAME = AccentColor;
				CODE_SIGN_STYLE = Automatic;
				CURRENT_PROJECT_VERSION = 1;
				DEVELOPMENT_TEAM = ZCGV7634FW;
				GENERATE_INFOPLIST_FILE = YES;
				INFOPLIST_FILE = EssentialApp/Info.plist;
				INFOPLIST_KEY_UIApplicationSupportsIndirectInputEvents = YES;
				INFOPLIST_KEY_UILaunchStoryboardName = LaunchScreen;
				INFOPLIST_KEY_UIMainStoryboardFile = Main;
				INFOPLIST_KEY_UISupportedInterfaceOrientations = UIInterfaceOrientationPortrait;
				INFOPLIST_KEY_UISupportedInterfaceOrientations_iPad = "UIInterfaceOrientationPortrait UIInterfaceOrientationPortraitUpsideDown";
				LD_RUNPATH_SEARCH_PATHS = (
					"$(inherited)",
					"@executable_path/Frameworks",
				);
				MARKETING_VERSION = 1.0;
				PRODUCT_BUNDLE_IDENTIFIER = com.tripphillipstech.EssentialApp;
				PRODUCT_NAME = "$(TARGET_NAME)";
				SWIFT_EMIT_LOC_STRINGS = YES;
				SWIFT_VERSION = 5.0;
				TARGETED_DEVICE_FAMILY = "1,2";
			};
			name = Debug;
		};
		0DB91CB429464EB500560436 /* Release */ = {
			isa = XCBuildConfiguration;
			buildSettings = {
				ASSETCATALOG_COMPILER_APPICON_NAME = AppIcon;
				ASSETCATALOG_COMPILER_GLOBAL_ACCENT_COLOR_NAME = AccentColor;
				CODE_SIGN_STYLE = Automatic;
				CURRENT_PROJECT_VERSION = 1;
				DEVELOPMENT_TEAM = ZCGV7634FW;
				GENERATE_INFOPLIST_FILE = YES;
				INFOPLIST_FILE = EssentialApp/Info.plist;
				INFOPLIST_KEY_UIApplicationSupportsIndirectInputEvents = YES;
				INFOPLIST_KEY_UILaunchStoryboardName = LaunchScreen;
				INFOPLIST_KEY_UIMainStoryboardFile = Main;
				INFOPLIST_KEY_UISupportedInterfaceOrientations = UIInterfaceOrientationPortrait;
				INFOPLIST_KEY_UISupportedInterfaceOrientations_iPad = "UIInterfaceOrientationPortrait UIInterfaceOrientationPortraitUpsideDown";
				LD_RUNPATH_SEARCH_PATHS = (
					"$(inherited)",
					"@executable_path/Frameworks",
				);
				MARKETING_VERSION = 1.0;
				PRODUCT_BUNDLE_IDENTIFIER = com.tripphillipstech.EssentialApp;
				PRODUCT_NAME = "$(TARGET_NAME)";
				SWIFT_EMIT_LOC_STRINGS = YES;
				SWIFT_VERSION = 5.0;
				TARGETED_DEVICE_FAMILY = "1,2";
			};
			name = Release;
		};
		0DB91CB629464EB500560436 /* Debug */ = {
			isa = XCBuildConfiguration;
			buildSettings = {
				ALWAYS_EMBED_SWIFT_STANDARD_LIBRARIES = YES;
				BUNDLE_LOADER = "$(TEST_HOST)";
				CODE_SIGN_STYLE = Automatic;
				CURRENT_PROJECT_VERSION = 1;
				DEVELOPMENT_TEAM = ZCGV7634FW;
				GENERATE_INFOPLIST_FILE = YES;
				IPHONEOS_DEPLOYMENT_TARGET = 16.1;
				MARKETING_VERSION = 1.0;
				PRODUCT_BUNDLE_IDENTIFIER = com.tripphillipstech.EssentialAppTests;
				PRODUCT_NAME = "$(TARGET_NAME)";
				SWIFT_EMIT_LOC_STRINGS = NO;
				SWIFT_VERSION = 5.0;
				TARGETED_DEVICE_FAMILY = "1,2";
				TEST_HOST = "$(BUILT_PRODUCTS_DIR)/EssentialApp.app/$(BUNDLE_EXECUTABLE_FOLDER_PATH)/EssentialApp";
			};
			name = Debug;
		};
		0DB91CB729464EB500560436 /* Release */ = {
			isa = XCBuildConfiguration;
			buildSettings = {
				ALWAYS_EMBED_SWIFT_STANDARD_LIBRARIES = YES;
				BUNDLE_LOADER = "$(TEST_HOST)";
				CODE_SIGN_STYLE = Automatic;
				CURRENT_PROJECT_VERSION = 1;
				DEVELOPMENT_TEAM = ZCGV7634FW;
				GENERATE_INFOPLIST_FILE = YES;
				IPHONEOS_DEPLOYMENT_TARGET = 16.1;
				MARKETING_VERSION = 1.0;
				PRODUCT_BUNDLE_IDENTIFIER = com.tripphillipstech.EssentialAppTests;
				PRODUCT_NAME = "$(TARGET_NAME)";
				SWIFT_EMIT_LOC_STRINGS = NO;
				SWIFT_VERSION = 5.0;
				TARGETED_DEVICE_FAMILY = "1,2";
				TEST_HOST = "$(BUILT_PRODUCTS_DIR)/EssentialApp.app/$(BUNDLE_EXECUTABLE_FOLDER_PATH)/EssentialApp";
			};
			name = Release;
		};
		0DB91CB929464EB500560436 /* Debug */ = {
			isa = XCBuildConfiguration;
			buildSettings = {
				ALWAYS_EMBED_SWIFT_STANDARD_LIBRARIES = YES;
				CODE_SIGN_STYLE = Automatic;
				CURRENT_PROJECT_VERSION = 1;
				DEVELOPMENT_TEAM = ZCGV7634FW;
				GENERATE_INFOPLIST_FILE = YES;
				MARKETING_VERSION = 1.0;
				PRODUCT_BUNDLE_IDENTIFIER = com.tripphillipstech.EssentialAppUITests;
				PRODUCT_NAME = "$(TARGET_NAME)";
				SWIFT_EMIT_LOC_STRINGS = NO;
				SWIFT_VERSION = 5.0;
				TARGETED_DEVICE_FAMILY = "1,2";
				TEST_TARGET_NAME = EssentialApp;
			};
			name = Debug;
		};
		0DB91CBA29464EB500560436 /* Release */ = {
			isa = XCBuildConfiguration;
			buildSettings = {
				ALWAYS_EMBED_SWIFT_STANDARD_LIBRARIES = YES;
				CODE_SIGN_STYLE = Automatic;
				CURRENT_PROJECT_VERSION = 1;
				DEVELOPMENT_TEAM = ZCGV7634FW;
				GENERATE_INFOPLIST_FILE = YES;
				MARKETING_VERSION = 1.0;
				PRODUCT_BUNDLE_IDENTIFIER = com.tripphillipstech.EssentialAppUITests;
				PRODUCT_NAME = "$(TARGET_NAME)";
				SWIFT_EMIT_LOC_STRINGS = NO;
				SWIFT_VERSION = 5.0;
				TARGETED_DEVICE_FAMILY = "1,2";
				TEST_TARGET_NAME = EssentialApp;
			};
			name = Release;
		};
/* End XCBuildConfiguration section */

/* Begin XCConfigurationList section */
		0DB91C8329464EB200560436 /* Build configuration list for PBXProject "EssentialApp" */ = {
			isa = XCConfigurationList;
			buildConfigurations = (
				0DB91CB029464EB500560436 /* Debug */,
				0DB91CB129464EB500560436 /* Release */,
			);
			defaultConfigurationIsVisible = 0;
			defaultConfigurationName = Release;
		};
		0DB91CB229464EB500560436 /* Build configuration list for PBXNativeTarget "EssentialApp" */ = {
			isa = XCConfigurationList;
			buildConfigurations = (
				0DB91CB329464EB500560436 /* Debug */,
				0DB91CB429464EB500560436 /* Release */,
			);
			defaultConfigurationIsVisible = 0;
			defaultConfigurationName = Release;
		};
		0DB91CB529464EB500560436 /* Build configuration list for PBXNativeTarget "EssentialAppTests" */ = {
			isa = XCConfigurationList;
			buildConfigurations = (
				0DB91CB629464EB500560436 /* Debug */,
				0DB91CB729464EB500560436 /* Release */,
			);
			defaultConfigurationIsVisible = 0;
			defaultConfigurationName = Release;
		};
		0DB91CB829464EB500560436 /* Build configuration list for PBXNativeTarget "EssentialAppUITests" */ = {
			isa = XCConfigurationList;
			buildConfigurations = (
				0DB91CB929464EB500560436 /* Debug */,
				0DB91CBA29464EB500560436 /* Release */,
			);
			defaultConfigurationIsVisible = 0;
			defaultConfigurationName = Release;
		};
/* End XCConfigurationList section */
	};
	rootObject = 0DB91C8029464EB200560436 /* Project object */;
}
