// !$*UTF8*$!
{
	archiveVersion = 1;
	classes = {
	};
	objectVersion = 56;
	objects = {

/* Begin PBXBuildFile section */
		0D9D2EC9294F858C003BAED0 /* FeedLoaderCacheDecoratorTests.swift in Sources */ = {isa = PBXBuildFile; fileRef = 0D9D2EC8294F858C003BAED0 /* FeedLoaderCacheDecoratorTests.swift */; };
		0D9D2ECB294F8A15003BAED0 /* FeedLoaderStub.swift in Sources */ = {isa = PBXBuildFile; fileRef = 0D9D2ECA294F8A15003BAED0 /* FeedLoaderStub.swift */; };
		0D9D2ECD294F8B03003BAED0 /* XCTestCase+FeedLoader.swift in Sources */ = {isa = PBXBuildFile; fileRef = 0D9D2ECC294F8B03003BAED0 /* XCTestCase+FeedLoader.swift */; };
		0D9D2ED1294FCE0A003BAED0 /* FeedLoaderCacheDecorator.swift in Sources */ = {isa = PBXBuildFile; fileRef = 0D9D2ED0294FCE0A003BAED0 /* FeedLoaderCacheDecorator.swift */; };
		0D9D2ED3294FD38A003BAED0 /* FeedImageDataLoaderCacheDecoratorTests.swift in Sources */ = {isa = PBXBuildFile; fileRef = 0D9D2ED2294FD38A003BAED0 /* FeedImageDataLoaderCacheDecoratorTests.swift */; };
		0D9D2ED5294FD409003BAED0 /* FeedImageDataLoaderSpy.swift in Sources */ = {isa = PBXBuildFile; fileRef = 0D9D2ED4294FD409003BAED0 /* FeedImageDataLoaderSpy.swift */; };
		0D9D2ED7294FD53A003BAED0 /* XCTestCase+FeedImageDataLoader.swift in Sources */ = {isa = PBXBuildFile; fileRef = 0D9D2ED6294FD53A003BAED0 /* XCTestCase+FeedImageDataLoader.swift */; };
		0D9D2EDB294FD9B0003BAED0 /* FeedImageDataLoaderCacheDecorator.swift in Sources */ = {isa = PBXBuildFile; fileRef = 0D9D2EDA294FD9B0003BAED0 /* FeedImageDataLoaderCacheDecorator.swift */; };
		0DA70A4C29608ECF00B7517E /* UIWindowSpy.swift in Sources */ = {isa = PBXBuildFile; fileRef = 0DA70A4B29608ECF00B7517E /* UIWindowSpy.swift */; };
		0DB91C8C29464EB200560436 /* AppDelegate.swift in Sources */ = {isa = PBXBuildFile; fileRef = 0DB91C8B29464EB200560436 /* AppDelegate.swift */; };
		0DB91C8E29464EB200560436 /* SceneDelegate.swift in Sources */ = {isa = PBXBuildFile; fileRef = 0DB91C8D29464EB200560436 /* SceneDelegate.swift */; };
		0DB91C9029464EB200560436 /* ViewController.swift in Sources */ = {isa = PBXBuildFile; fileRef = 0DB91C8F29464EB200560436 /* ViewController.swift */; };
		0DB91C9529464EB400560436 /* Assets.xcassets in Resources */ = {isa = PBXBuildFile; fileRef = 0DB91C9429464EB400560436 /* Assets.xcassets */; };
		0DB91C9829464EB400560436 /* LaunchScreen.storyboard in Resources */ = {isa = PBXBuildFile; fileRef = 0DB91C9629464EB400560436 /* LaunchScreen.storyboard */; };
		0DDAC2F02951FEFB002DE969 /* SceneDelegateTests.swift in Sources */ = {isa = PBXBuildFile; fileRef = 0DDAC2EF2951FEFB002DE969 /* SceneDelegateTests.swift */; };
		0DDAC2F7295203EC002DE969 /* FeedUIComposer.swift in Sources */ = {isa = PBXBuildFile; fileRef = 0DDAC2F6295203EC002DE969 /* FeedUIComposer.swift */; };
		0DDAC2F8295203EC002DE969 /* FeedImageDataLoaderPresentationAdapter.swift in Sources */ = {isa = PBXBuildFile; fileRef = 0DDAC2F4295203EC002DE969 /* FeedImageDataLoaderPresentationAdapter.swift */; };
		0DDAC2F9295203EC002DE969 /* FeedLoaderPresentationAdapter.swift in Sources */ = {isa = PBXBuildFile; fileRef = 0DDAC2F3295203EC002DE969 /* FeedLoaderPresentationAdapter.swift */; };
		0DDAC2FA295203EC002DE969 /* WeakRefVirtualProxy.swift in Sources */ = {isa = PBXBuildFile; fileRef = 0DDAC2F1295203EC002DE969 /* WeakRefVirtualProxy.swift */; };
		0DDAC2FB295203EC002DE969 /* MainQueueDispatchDecorator.swift in Sources */ = {isa = PBXBuildFile; fileRef = 0DDAC2F2295203EC002DE969 /* MainQueueDispatchDecorator.swift */; };
		0DDAC2FC295203EC002DE969 /* FeedViewAdapter.swift in Sources */ = {isa = PBXBuildFile; fileRef = 0DDAC2F5295203EC002DE969 /* FeedViewAdapter.swift */; };
		0DDAC30729520438002DE969 /* FeedViewControllerTests+LoaderSpy.swift in Sources */ = {isa = PBXBuildFile; fileRef = 0DDAC3052952042A002DE969 /* FeedViewControllerTests+LoaderSpy.swift */; };
		0DDAC30829520438002DE969 /* FeedImageCell+TestHelpers.swift in Sources */ = {isa = PBXBuildFile; fileRef = 0DDAC3022952042A002DE969 /* FeedImageCell+TestHelpers.swift */; };
		0DDAC30929520438002DE969 /* UIRefreshControl+TestHelpers.swift in Sources */ = {isa = PBXBuildFile; fileRef = 0DDAC3002952042A002DE969 /* UIRefreshControl+TestHelpers.swift */; };
		0DDAC30A29520438002DE969 /* UIButton+TestHelpers.swift in Sources */ = {isa = PBXBuildFile; fileRef = 0DDAC2FD2952042A002DE969 /* UIButton+TestHelpers.swift */; };
		0DDAC30B29520438002DE969 /* FeedViewController+Localization.swift in Sources */ = {isa = PBXBuildFile; fileRef = 0DDAC3012952042A002DE969 /* FeedViewController+Localization.swift */; };
		0DDAC30C29520438002DE969 /* UIControl+TestHelpers.swift in Sources */ = {isa = PBXBuildFile; fileRef = 0DDAC2FE2952042A002DE969 /* UIControl+TestHelpers.swift */; };
		0DDAC30D29520438002DE969 /* UIImage+TestHelpers.swift in Sources */ = {isa = PBXBuildFile; fileRef = 0DDAC2FF2952042A002DE969 /* UIImage+TestHelpers.swift */; };
		0DDAC30E29520438002DE969 /* FeedViewController+TestHelpers.swift in Sources */ = {isa = PBXBuildFile; fileRef = 0DDAC3032952042A002DE969 /* FeedViewController+TestHelpers.swift */; };
		0DDAC30F29520438002DE969 /* FeedViewControllerTests+Assertions.swift in Sources */ = {isa = PBXBuildFile; fileRef = 0DDAC3042952042A002DE969 /* FeedViewControllerTests+Assertions.swift */; };
		0DDAC3112952044C002DE969 /* FeedUIIntegrationTests.swift in Sources */ = {isa = PBXBuildFile; fileRef = 0DDAC3102952044C002DE969 /* FeedUIIntegrationTests.swift */; };
		0DDAC31329520792002DE969 /* FeedAcceptanceTests.swift in Sources */ = {isa = PBXBuildFile; fileRef = 0DDAC31229520792002DE969 /* FeedAcceptanceTests.swift */; };
		0DDAC3152952115D002DE969 /* HTTPClientStub.swift in Sources */ = {isa = PBXBuildFile; fileRef = 0DDAC3142952115D002DE969 /* HTTPClientStub.swift */; };
		0DDAC3172952117D002DE969 /* InMemoryFeedStore.swift in Sources */ = {isa = PBXBuildFile; fileRef = 0DDAC3162952117D002DE969 /* InMemoryFeedStore.swift */; };
		0DDAC320295361EC002DE969 /* UIView+TestHelpers.swift in Sources */ = {isa = PBXBuildFile; fileRef = 0DDAC31F295361EC002DE969 /* UIView+TestHelpers.swift */; };
		0DEBC7E1294698FA004CB1E8 /* EssentialFeediOS.framework in Frameworks */ = {isa = PBXBuildFile; fileRef = 0DEBC7E0294698FA004CB1E8 /* EssentialFeediOS.framework */; };
		0DEBC7E2294698FA004CB1E8 /* EssentialFeediOS.framework in Embed Frameworks */ = {isa = PBXBuildFile; fileRef = 0DEBC7E0294698FA004CB1E8 /* EssentialFeediOS.framework */; settings = {ATTRIBUTES = (CodeSignOnCopy, RemoveHeadersOnCopy, ); }; };
		0DEBC7E529469901004CB1E8 /* EssentialFeed.framework in Frameworks */ = {isa = PBXBuildFile; fileRef = 0DEBC7E429469901004CB1E8 /* EssentialFeed.framework */; };
		0DEBC7E629469901004CB1E8 /* EssentialFeed.framework in Embed Frameworks */ = {isa = PBXBuildFile; fileRef = 0DEBC7E429469901004CB1E8 /* EssentialFeed.framework */; settings = {ATTRIBUTES = (CodeSignOnCopy, RemoveHeadersOnCopy, ); }; };
		0DEBC7E829469D8A004CB1E8 /* FeedLoaderWithFallbackCompositeTests.swift in Sources */ = {isa = PBXBuildFile; fileRef = 0DEBC7E729469D8A004CB1E8 /* FeedLoaderWithFallbackCompositeTests.swift */; };
		0DEBC7EB2946AC7A004CB1E8 /* SharedTestHelpers.swift in Sources */ = {isa = PBXBuildFile; fileRef = 0DEBC7EA2946AC7A004CB1E8 /* SharedTestHelpers.swift */; };
		0DEBC7ED2946AC96004CB1E8 /* XCTestCase+MemoryLeakTracking.swift in Sources */ = {isa = PBXBuildFile; fileRef = 0DEBC7EC2946AC96004CB1E8 /* XCTestCase+MemoryLeakTracking.swift */; };
		0DEBC7EF2946B069004CB1E8 /* FeedLoaderWithFallbackComposite.swift in Sources */ = {isa = PBXBuildFile; fileRef = 0DEBC7EE2946B069004CB1E8 /* FeedLoaderWithFallbackComposite.swift */; };
		0DEBC7F12946B11A004CB1E8 /* FeedImageDataLoaderWithFallbackComposite.swift in Sources */ = {isa = PBXBuildFile; fileRef = 0DEBC7F02946B11A004CB1E8 /* FeedImageDataLoaderWithFallbackComposite.swift */; };
		0DEBC7F32946B180004CB1E8 /* FeedImageDataLoaderWIthFallbackCompositeTests.swift in Sources */ = {isa = PBXBuildFile; fileRef = 0DEBC7F22946B180004CB1E8 /* FeedImageDataLoaderWIthFallbackCompositeTests.swift */; };
/* End PBXBuildFile section */

/* Begin PBXContainerItemProxy section */
		0DB91C9F29464EB500560436 /* PBXContainerItemProxy */ = {
			isa = PBXContainerItemProxy;
			containerPortal = 0DB91C8029464EB200560436 /* Project object */;
			proxyType = 1;
			remoteGlobalIDString = 0DB91C8729464EB200560436;
			remoteInfo = EssentialApp;
		};
/* End PBXContainerItemProxy section */

/* Begin PBXCopyFilesBuildPhase section */
		0DEBC7E3294698FB004CB1E8 /* Embed Frameworks */ = {
			isa = PBXCopyFilesBuildPhase;
			buildActionMask = 2147483647;
			dstPath = "";
			dstSubfolderSpec = 10;
			files = (
				0DEBC7E2294698FA004CB1E8 /* EssentialFeediOS.framework in Embed Frameworks */,
				0DEBC7E629469901004CB1E8 /* EssentialFeed.framework in Embed Frameworks */,
			);
			name = "Embed Frameworks";
			runOnlyForDeploymentPostprocessing = 0;
		};
/* End PBXCopyFilesBuildPhase section */

/* Begin PBXFileReference section */
		0D9D2EC8294F858C003BAED0 /* FeedLoaderCacheDecoratorTests.swift */ = {isa = PBXFileReference; lastKnownFileType = sourcecode.swift; path = FeedLoaderCacheDecoratorTests.swift; sourceTree = "<group>"; };
		0D9D2ECA294F8A15003BAED0 /* FeedLoaderStub.swift */ = {isa = PBXFileReference; lastKnownFileType = sourcecode.swift; path = FeedLoaderStub.swift; sourceTree = "<group>"; };
		0D9D2ECC294F8B03003BAED0 /* XCTestCase+FeedLoader.swift */ = {isa = PBXFileReference; lastKnownFileType = sourcecode.swift; path = "XCTestCase+FeedLoader.swift"; sourceTree = "<group>"; };
		0D9D2ED0294FCE0A003BAED0 /* FeedLoaderCacheDecorator.swift */ = {isa = PBXFileReference; lastKnownFileType = sourcecode.swift; path = FeedLoaderCacheDecorator.swift; sourceTree = "<group>"; };
		0D9D2ED2294FD38A003BAED0 /* FeedImageDataLoaderCacheDecoratorTests.swift */ = {isa = PBXFileReference; lastKnownFileType = sourcecode.swift; path = FeedImageDataLoaderCacheDecoratorTests.swift; sourceTree = "<group>"; };
		0D9D2ED4294FD409003BAED0 /* FeedImageDataLoaderSpy.swift */ = {isa = PBXFileReference; lastKnownFileType = sourcecode.swift; path = FeedImageDataLoaderSpy.swift; sourceTree = "<group>"; };
		0D9D2ED6294FD53A003BAED0 /* XCTestCase+FeedImageDataLoader.swift */ = {isa = PBXFileReference; lastKnownFileType = sourcecode.swift; path = "XCTestCase+FeedImageDataLoader.swift"; sourceTree = "<group>"; };
		0D9D2EDA294FD9B0003BAED0 /* FeedImageDataLoaderCacheDecorator.swift */ = {isa = PBXFileReference; lastKnownFileType = sourcecode.swift; path = FeedImageDataLoaderCacheDecorator.swift; sourceTree = "<group>"; };
		0DA70A4B29608ECF00B7517E /* UIWindowSpy.swift */ = {isa = PBXFileReference; lastKnownFileType = sourcecode.swift; path = UIWindowSpy.swift; sourceTree = "<group>"; };
		0DB91C8829464EB200560436 /* EssentialApp.app */ = {isa = PBXFileReference; explicitFileType = wrapper.application; includeInIndex = 0; path = EssentialApp.app; sourceTree = BUILT_PRODUCTS_DIR; };
		0DB91C8B29464EB200560436 /* AppDelegate.swift */ = {isa = PBXFileReference; lastKnownFileType = sourcecode.swift; path = AppDelegate.swift; sourceTree = "<group>"; };
		0DB91C8D29464EB200560436 /* SceneDelegate.swift */ = {isa = PBXFileReference; lastKnownFileType = sourcecode.swift; path = SceneDelegate.swift; sourceTree = "<group>"; };
		0DB91C8F29464EB200560436 /* ViewController.swift */ = {isa = PBXFileReference; lastKnownFileType = sourcecode.swift; path = ViewController.swift; sourceTree = "<group>"; };
		0DB91C9429464EB400560436 /* Assets.xcassets */ = {isa = PBXFileReference; lastKnownFileType = folder.assetcatalog; path = Assets.xcassets; sourceTree = "<group>"; };
		0DB91C9729464EB400560436 /* Base */ = {isa = PBXFileReference; lastKnownFileType = file.storyboard; name = Base; path = Base.lproj/LaunchScreen.storyboard; sourceTree = "<group>"; };
		0DB91C9929464EB400560436 /* Info.plist */ = {isa = PBXFileReference; lastKnownFileType = text.plist.xml; path = Info.plist; sourceTree = "<group>"; };
		0DB91C9E29464EB500560436 /* EssentialAppTests.xctest */ = {isa = PBXFileReference; explicitFileType = wrapper.cfbundle; includeInIndex = 0; path = EssentialAppTests.xctest; sourceTree = BUILT_PRODUCTS_DIR; };
		0DDAC2EF2951FEFB002DE969 /* SceneDelegateTests.swift */ = {isa = PBXFileReference; lastKnownFileType = sourcecode.swift; path = SceneDelegateTests.swift; sourceTree = "<group>"; };
		0DDAC2F1295203EC002DE969 /* WeakRefVirtualProxy.swift */ = {isa = PBXFileReference; lastKnownFileType = sourcecode.swift; path = WeakRefVirtualProxy.swift; sourceTree = "<group>"; };
		0DDAC2F2295203EC002DE969 /* MainQueueDispatchDecorator.swift */ = {isa = PBXFileReference; lastKnownFileType = sourcecode.swift; path = MainQueueDispatchDecorator.swift; sourceTree = "<group>"; };
		0DDAC2F3295203EC002DE969 /* FeedLoaderPresentationAdapter.swift */ = {isa = PBXFileReference; lastKnownFileType = sourcecode.swift; path = FeedLoaderPresentationAdapter.swift; sourceTree = "<group>"; };
		0DDAC2F4295203EC002DE969 /* FeedImageDataLoaderPresentationAdapter.swift */ = {isa = PBXFileReference; lastKnownFileType = sourcecode.swift; path = FeedImageDataLoaderPresentationAdapter.swift; sourceTree = "<group>"; };
		0DDAC2F5295203EC002DE969 /* FeedViewAdapter.swift */ = {isa = PBXFileReference; lastKnownFileType = sourcecode.swift; path = FeedViewAdapter.swift; sourceTree = "<group>"; };
		0DDAC2F6295203EC002DE969 /* FeedUIComposer.swift */ = {isa = PBXFileReference; lastKnownFileType = sourcecode.swift; path = FeedUIComposer.swift; sourceTree = "<group>"; };
		0DDAC2FD2952042A002DE969 /* UIButton+TestHelpers.swift */ = {isa = PBXFileReference; lastKnownFileType = sourcecode.swift; path = "UIButton+TestHelpers.swift"; sourceTree = "<group>"; };
		0DDAC2FE2952042A002DE969 /* UIControl+TestHelpers.swift */ = {isa = PBXFileReference; lastKnownFileType = sourcecode.swift; path = "UIControl+TestHelpers.swift"; sourceTree = "<group>"; };
		0DDAC2FF2952042A002DE969 /* UIImage+TestHelpers.swift */ = {isa = PBXFileReference; lastKnownFileType = sourcecode.swift; path = "UIImage+TestHelpers.swift"; sourceTree = "<group>"; };
		0DDAC3002952042A002DE969 /* UIRefreshControl+TestHelpers.swift */ = {isa = PBXFileReference; lastKnownFileType = sourcecode.swift; path = "UIRefreshControl+TestHelpers.swift"; sourceTree = "<group>"; };
		0DDAC3012952042A002DE969 /* FeedViewController+Localization.swift */ = {isa = PBXFileReference; lastKnownFileType = sourcecode.swift; path = "FeedViewController+Localization.swift"; sourceTree = "<group>"; };
		0DDAC3022952042A002DE969 /* FeedImageCell+TestHelpers.swift */ = {isa = PBXFileReference; lastKnownFileType = sourcecode.swift; path = "FeedImageCell+TestHelpers.swift"; sourceTree = "<group>"; };
		0DDAC3032952042A002DE969 /* FeedViewController+TestHelpers.swift */ = {isa = PBXFileReference; lastKnownFileType = sourcecode.swift; path = "FeedViewController+TestHelpers.swift"; sourceTree = "<group>"; };
		0DDAC3042952042A002DE969 /* FeedViewControllerTests+Assertions.swift */ = {isa = PBXFileReference; lastKnownFileType = sourcecode.swift; path = "FeedViewControllerTests+Assertions.swift"; sourceTree = "<group>"; };
		0DDAC3052952042A002DE969 /* FeedViewControllerTests+LoaderSpy.swift */ = {isa = PBXFileReference; lastKnownFileType = sourcecode.swift; path = "FeedViewControllerTests+LoaderSpy.swift"; sourceTree = "<group>"; };
		0DDAC3102952044C002DE969 /* FeedUIIntegrationTests.swift */ = {isa = PBXFileReference; lastKnownFileType = sourcecode.swift; path = FeedUIIntegrationTests.swift; sourceTree = "<group>"; };
		0DDAC31229520792002DE969 /* FeedAcceptanceTests.swift */ = {isa = PBXFileReference; lastKnownFileType = sourcecode.swift; path = FeedAcceptanceTests.swift; sourceTree = "<group>"; };
		0DDAC3142952115D002DE969 /* HTTPClientStub.swift */ = {isa = PBXFileReference; lastKnownFileType = sourcecode.swift; path = HTTPClientStub.swift; sourceTree = "<group>"; };
		0DDAC3162952117D002DE969 /* InMemoryFeedStore.swift */ = {isa = PBXFileReference; lastKnownFileType = sourcecode.swift; path = InMemoryFeedStore.swift; sourceTree = "<group>"; };
		0DDAC31F295361EC002DE969 /* UIView+TestHelpers.swift */ = {isa = PBXFileReference; lastKnownFileType = sourcecode.swift; path = "UIView+TestHelpers.swift"; sourceTree = "<group>"; };
		0DEBC7E0294698FA004CB1E8 /* EssentialFeediOS.framework */ = {isa = PBXFileReference; explicitFileType = wrapper.framework; path = EssentialFeediOS.framework; sourceTree = BUILT_PRODUCTS_DIR; };
		0DEBC7E429469901004CB1E8 /* EssentialFeed.framework */ = {isa = PBXFileReference; explicitFileType = wrapper.framework; path = EssentialFeed.framework; sourceTree = BUILT_PRODUCTS_DIR; };
		0DEBC7E729469D8A004CB1E8 /* FeedLoaderWithFallbackCompositeTests.swift */ = {isa = PBXFileReference; lastKnownFileType = sourcecode.swift; path = FeedLoaderWithFallbackCompositeTests.swift; sourceTree = "<group>"; };
		0DEBC7EA2946AC7A004CB1E8 /* SharedTestHelpers.swift */ = {isa = PBXFileReference; lastKnownFileType = sourcecode.swift; path = SharedTestHelpers.swift; sourceTree = "<group>"; };
		0DEBC7EC2946AC96004CB1E8 /* XCTestCase+MemoryLeakTracking.swift */ = {isa = PBXFileReference; lastKnownFileType = sourcecode.swift; path = "XCTestCase+MemoryLeakTracking.swift"; sourceTree = "<group>"; };
		0DEBC7EE2946B069004CB1E8 /* FeedLoaderWithFallbackComposite.swift */ = {isa = PBXFileReference; lastKnownFileType = sourcecode.swift; path = FeedLoaderWithFallbackComposite.swift; sourceTree = "<group>"; };
		0DEBC7F02946B11A004CB1E8 /* FeedImageDataLoaderWithFallbackComposite.swift */ = {isa = PBXFileReference; lastKnownFileType = sourcecode.swift; path = FeedImageDataLoaderWithFallbackComposite.swift; sourceTree = "<group>"; };
		0DEBC7F22946B180004CB1E8 /* FeedImageDataLoaderWIthFallbackCompositeTests.swift */ = {isa = PBXFileReference; lastKnownFileType = sourcecode.swift; path = FeedImageDataLoaderWIthFallbackCompositeTests.swift; sourceTree = "<group>"; };
/* End PBXFileReference section */

/* Begin PBXFrameworksBuildPhase section */
		0DB91C8529464EB200560436 /* Frameworks */ = {
			isa = PBXFrameworksBuildPhase;
			buildActionMask = 2147483647;
			files = (
				0DEBC7E1294698FA004CB1E8 /* EssentialFeediOS.framework in Frameworks */,
				0DEBC7E529469901004CB1E8 /* EssentialFeed.framework in Frameworks */,
			);
			runOnlyForDeploymentPostprocessing = 0;
		};
		0DB91C9B29464EB500560436 /* Frameworks */ = {
			isa = PBXFrameworksBuildPhase;
			buildActionMask = 2147483647;
			files = (
			);
			runOnlyForDeploymentPostprocessing = 0;
		};
/* End PBXFrameworksBuildPhase section */

/* Begin PBXGroup section */
		0DB91C7F29464EB200560436 = {
			isa = PBXGroup;
			children = (
				0DB91C8A29464EB200560436 /* EssentialApp */,
				0DB91CA129464EB500560436 /* EssentialAppTests */,
				0DB91C8929464EB200560436 /* Products */,
				0DEBC7DF294698FA004CB1E8 /* Frameworks */,
			);
			sourceTree = "<group>";
		};
		0DB91C8929464EB200560436 /* Products */ = {
			isa = PBXGroup;
			children = (
				0DB91C8829464EB200560436 /* EssentialApp.app */,
				0DB91C9E29464EB500560436 /* EssentialAppTests.xctest */,
			);
			name = Products;
			sourceTree = "<group>";
		};
		0DB91C8A29464EB200560436 /* EssentialApp */ = {
			isa = PBXGroup;
			children = (
				0DDAC2F6295203EC002DE969 /* FeedUIComposer.swift */,
				0DDAC2F1295203EC002DE969 /* WeakRefVirtualProxy.swift */,
				0DDAC2F2295203EC002DE969 /* MainQueueDispatchDecorator.swift */,
				0DDAC2F3295203EC002DE969 /* FeedLoaderPresentationAdapter.swift */,
				0DDAC2F4295203EC002DE969 /* FeedImageDataLoaderPresentationAdapter.swift */,
				0DDAC2F5295203EC002DE969 /* FeedViewAdapter.swift */,
				0DB91C8B29464EB200560436 /* AppDelegate.swift */,
				0DB91C8D29464EB200560436 /* SceneDelegate.swift */,
				0DEBC7EE2946B069004CB1E8 /* FeedLoaderWithFallbackComposite.swift */,
				0D9D2ED0294FCE0A003BAED0 /* FeedLoaderCacheDecorator.swift */,
				0DEBC7F02946B11A004CB1E8 /* FeedImageDataLoaderWithFallbackComposite.swift */,
				0D9D2EDA294FD9B0003BAED0 /* FeedImageDataLoaderCacheDecorator.swift */,
				0DB91C8F29464EB200560436 /* ViewController.swift */,
				0DB91C9429464EB400560436 /* Assets.xcassets */,
				0DB91C9629464EB400560436 /* LaunchScreen.storyboard */,
				0DB91C9929464EB400560436 /* Info.plist */,
			);
			path = EssentialApp;
			sourceTree = "<group>";
		};
		0DB91CA129464EB500560436 /* EssentialAppTests */ = {
			isa = PBXGroup;
			children = (
				0DEBC7E92946AC69004CB1E8 /* Helpers */,
				0DEBC7E729469D8A004CB1E8 /* FeedLoaderWithFallbackCompositeTests.swift */,
				0DEBC7F22946B180004CB1E8 /* FeedImageDataLoaderWIthFallbackCompositeTests.swift */,
				0D9D2EC8294F858C003BAED0 /* FeedLoaderCacheDecoratorTests.swift */,
				0D9D2ED2294FD38A003BAED0 /* FeedImageDataLoaderCacheDecoratorTests.swift */,
				0DDAC2EF2951FEFB002DE969 /* SceneDelegateTests.swift */,
				0DDAC3102952044C002DE969 /* FeedUIIntegrationTests.swift */,
				0DDAC31229520792002DE969 /* FeedAcceptanceTests.swift */,
			);
			path = EssentialAppTests;
			sourceTree = "<group>";
		};
		0DEBC7DF294698FA004CB1E8 /* Frameworks */ = {
			isa = PBXGroup;
			children = (
				0DEBC7E429469901004CB1E8 /* EssentialFeed.framework */,
				0DEBC7E0294698FA004CB1E8 /* EssentialFeediOS.framework */,
			);
			name = Frameworks;
			sourceTree = "<group>";
		};
		0DEBC7E92946AC69004CB1E8 /* Helpers */ = {
			isa = PBXGroup;
			children = (
				0DDAC2FD2952042A002DE969 /* UIButton+TestHelpers.swift */,
				0DDAC2FE2952042A002DE969 /* UIControl+TestHelpers.swift */,
				0DDAC2FF2952042A002DE969 /* UIImage+TestHelpers.swift */,
				0DDAC3002952042A002DE969 /* UIRefreshControl+TestHelpers.swift */,
				0DDAC3012952042A002DE969 /* FeedViewController+Localization.swift */,
				0DDAC3022952042A002DE969 /* FeedImageCell+TestHelpers.swift */,
				0DDAC3032952042A002DE969 /* FeedViewController+TestHelpers.swift */,
				0DDAC3042952042A002DE969 /* FeedViewControllerTests+Assertions.swift */,
				0DDAC3052952042A002DE969 /* FeedViewControllerTests+LoaderSpy.swift */,
				0DEBC7EA2946AC7A004CB1E8 /* SharedTestHelpers.swift */,
				0DEBC7EC2946AC96004CB1E8 /* XCTestCase+MemoryLeakTracking.swift */,
				0DDAC31F295361EC002DE969 /* UIView+TestHelpers.swift */,
				0D9D2ECC294F8B03003BAED0 /* XCTestCase+FeedLoader.swift */,
				0D9D2ED6294FD53A003BAED0 /* XCTestCase+FeedImageDataLoader.swift */,
				0D9D2ECA294F8A15003BAED0 /* FeedLoaderStub.swift */,
				0D9D2ED4294FD409003BAED0 /* FeedImageDataLoaderSpy.swift */,
				0DDAC3142952115D002DE969 /* HTTPClientStub.swift */,
				0DDAC3162952117D002DE969 /* InMemoryFeedStore.swift */,
				0DA70A4B29608ECF00B7517E /* UIWindowSpy.swift */,
			);
			path = Helpers;
			sourceTree = "<group>";
		};
/* End PBXGroup section */

/* Begin PBXNativeTarget section */
		0DB91C8729464EB200560436 /* EssentialApp */ = {
			isa = PBXNativeTarget;
			buildConfigurationList = 0DB91CB229464EB500560436 /* Build configuration list for PBXNativeTarget "EssentialApp" */;
			buildPhases = (
				0DB91C8429464EB200560436 /* Sources */,
				0DB91C8529464EB200560436 /* Frameworks */,
				0DB91C8629464EB200560436 /* Resources */,
				0DEBC7E3294698FB004CB1E8 /* Embed Frameworks */,
			);
			buildRules = (
			);
			dependencies = (
			);
			name = EssentialApp;
			productName = EssentialApp;
			productReference = 0DB91C8829464EB200560436 /* EssentialApp.app */;
			productType = "com.apple.product-type.application";
		};
		0DB91C9D29464EB500560436 /* EssentialAppTests */ = {
			isa = PBXNativeTarget;
			buildConfigurationList = 0DB91CB529464EB500560436 /* Build configuration list for PBXNativeTarget "EssentialAppTests" */;
			buildPhases = (
				0DB91C9A29464EB500560436 /* Sources */,
				0DB91C9B29464EB500560436 /* Frameworks */,
				0DB91C9C29464EB500560436 /* Resources */,
			);
			buildRules = (
			);
			dependencies = (
				0DB91CA029464EB500560436 /* PBXTargetDependency */,
			);
			name = EssentialAppTests;
			productName = EssentialAppTests;
			productReference = 0DB91C9E29464EB500560436 /* EssentialAppTests.xctest */;
			productType = "com.apple.product-type.bundle.unit-test";
		};
/* End PBXNativeTarget section */

/* Begin PBXProject section */
		0DB91C8029464EB200560436 /* Project object */ = {
			isa = PBXProject;
			attributes = {
				BuildIndependentTargetsInParallel = 1;
				LastSwiftUpdateCheck = 1410;
				LastUpgradeCheck = 1410;
				TargetAttributes = {
					0DB91C8729464EB200560436 = {
						CreatedOnToolsVersion = 14.1;
					};
					0DB91C9D29464EB500560436 = {
						CreatedOnToolsVersion = 14.1;
						LastSwiftMigration = 1410;
						TestTargetID = 0DB91C8729464EB200560436;
					};
				};
			};
			buildConfigurationList = 0DB91C8329464EB200560436 /* Build configuration list for PBXProject "EssentialApp" */;
			compatibilityVersion = "Xcode 14.0";
			developmentRegion = en;
			hasScannedForEncodings = 0;
			knownRegions = (
				en,
				Base,
			);
			mainGroup = 0DB91C7F29464EB200560436;
			productRefGroup = 0DB91C8929464EB200560436 /* Products */;
			projectDirPath = "";
			projectRoot = "";
			targets = (
				0DB91C8729464EB200560436 /* EssentialApp */,
				0DB91C9D29464EB500560436 /* EssentialAppTests */,
			);
		};
/* End PBXProject section */

/* Begin PBXResourcesBuildPhase section */
		0DB91C8629464EB200560436 /* Resources */ = {
			isa = PBXResourcesBuildPhase;
			buildActionMask = 2147483647;
			files = (
				0DB91C9829464EB400560436 /* LaunchScreen.storyboard in Resources */,
				0DB91C9529464EB400560436 /* Assets.xcassets in Resources */,
			);
			runOnlyForDeploymentPostprocessing = 0;
		};
		0DB91C9C29464EB500560436 /* Resources */ = {
			isa = PBXResourcesBuildPhase;
			buildActionMask = 2147483647;
			files = (
			);
			runOnlyForDeploymentPostprocessing = 0;
		};
/* End PBXResourcesBuildPhase section */

/* Begin PBXSourcesBuildPhase section */
		0DB91C8429464EB200560436 /* Sources */ = {
			isa = PBXSourcesBuildPhase;
			buildActionMask = 2147483647;
			files = (
				0DDAC2FC295203EC002DE969 /* FeedViewAdapter.swift in Sources */,
				0DDAC2F9295203EC002DE969 /* FeedLoaderPresentationAdapter.swift in Sources */,
				0DB91C9029464EB200560436 /* ViewController.swift in Sources */,
				0DDAC2F7295203EC002DE969 /* FeedUIComposer.swift in Sources */,
				0DDAC2F8295203EC002DE969 /* FeedImageDataLoaderPresentationAdapter.swift in Sources */,
				0DB91C8C29464EB200560436 /* AppDelegate.swift in Sources */,
				0DDAC2FB295203EC002DE969 /* MainQueueDispatchDecorator.swift in Sources */,
				0DEBC7EF2946B069004CB1E8 /* FeedLoaderWithFallbackComposite.swift in Sources */,
				0D9D2ED1294FCE0A003BAED0 /* FeedLoaderCacheDecorator.swift in Sources */,
				0DB91C8E29464EB200560436 /* SceneDelegate.swift in Sources */,
				0DEBC7F12946B11A004CB1E8 /* FeedImageDataLoaderWithFallbackComposite.swift in Sources */,
				0DDAC2FA295203EC002DE969 /* WeakRefVirtualProxy.swift in Sources */,
				0D9D2EDB294FD9B0003BAED0 /* FeedImageDataLoaderCacheDecorator.swift in Sources */,
			);
			runOnlyForDeploymentPostprocessing = 0;
		};
		0DB91C9A29464EB500560436 /* Sources */ = {
			isa = PBXSourcesBuildPhase;
			buildActionMask = 2147483647;
			files = (
				0DEBC7F32946B180004CB1E8 /* FeedImageDataLoaderWIthFallbackCompositeTests.swift in Sources */,
				0D9D2ED3294FD38A003BAED0 /* FeedImageDataLoaderCacheDecoratorTests.swift in Sources */,
				0D9D2ECD294F8B03003BAED0 /* XCTestCase+FeedLoader.swift in Sources */,
				0D9D2ED7294FD53A003BAED0 /* XCTestCase+FeedImageDataLoader.swift in Sources */,
				0DDAC30C29520438002DE969 /* UIControl+TestHelpers.swift in Sources */,
				0DDAC2F02951FEFB002DE969 /* SceneDelegateTests.swift in Sources */,
				0D9D2EC9294F858C003BAED0 /* FeedLoaderCacheDecoratorTests.swift in Sources */,
				0D9D2ED5294FD409003BAED0 /* FeedImageDataLoaderSpy.swift in Sources */,
				0DDAC30B29520438002DE969 /* FeedViewController+Localization.swift in Sources */,
				0DEBC7EB2946AC7A004CB1E8 /* SharedTestHelpers.swift in Sources */,
				0DEBC7E829469D8A004CB1E8 /* FeedLoaderWithFallbackCompositeTests.swift in Sources */,
				0DDAC3172952117D002DE969 /* InMemoryFeedStore.swift in Sources */,
				0DDAC30F29520438002DE969 /* FeedViewControllerTests+Assertions.swift in Sources */,
				0DDAC30D29520438002DE969 /* UIImage+TestHelpers.swift in Sources */,
				0DDAC30829520438002DE969 /* FeedImageCell+TestHelpers.swift in Sources */,
				0D9D2ECB294F8A15003BAED0 /* FeedLoaderStub.swift in Sources */,
				0DDAC3152952115D002DE969 /* HTTPClientStub.swift in Sources */,
				0DDAC30A29520438002DE969 /* UIButton+TestHelpers.swift in Sources */,
				0DDAC320295361EC002DE969 /* UIView+TestHelpers.swift in Sources */,
				0DDAC30E29520438002DE969 /* FeedViewController+TestHelpers.swift in Sources */,
				0DA70A4C29608ECF00B7517E /* UIWindowSpy.swift in Sources */,
				0DDAC30929520438002DE969 /* UIRefreshControl+TestHelpers.swift in Sources */,
				0DDAC31329520792002DE969 /* FeedAcceptanceTests.swift in Sources */,
				0DDAC30729520438002DE969 /* FeedViewControllerTests+LoaderSpy.swift in Sources */,
				0DDAC3112952044C002DE969 /* FeedUIIntegrationTests.swift in Sources */,
				0DEBC7ED2946AC96004CB1E8 /* XCTestCase+MemoryLeakTracking.swift in Sources */,
			);
			runOnlyForDeploymentPostprocessing = 0;
		};
/* End PBXSourcesBuildPhase section */

/* Begin PBXTargetDependency section */
		0DB91CA029464EB500560436 /* PBXTargetDependency */ = {
			isa = PBXTargetDependency;
			target = 0DB91C8729464EB200560436 /* EssentialApp */;
			targetProxy = 0DB91C9F29464EB500560436 /* PBXContainerItemProxy */;
		};
/* End PBXTargetDependency section */

/* Begin PBXVariantGroup section */
		0DB91C9629464EB400560436 /* LaunchScreen.storyboard */ = {
			isa = PBXVariantGroup;
			children = (
				0DB91C9729464EB400560436 /* Base */,
			);
			name = LaunchScreen.storyboard;
			sourceTree = "<group>";
		};
/* End PBXVariantGroup section */

/* Begin XCBuildConfiguration section */
		0DB91CB029464EB500560436 /* Debug */ = {
			isa = XCBuildConfiguration;
			buildSettings = {
				ALWAYS_SEARCH_USER_PATHS = NO;
				CLANG_ANALYZER_NONNULL = YES;
				CLANG_ANALYZER_NUMBER_OBJECT_CONVERSION = YES_AGGRESSIVE;
				CLANG_CXX_LANGUAGE_STANDARD = "gnu++20";
				CLANG_ENABLE_MODULES = YES;
				CLANG_ENABLE_OBJC_ARC = YES;
				CLANG_ENABLE_OBJC_WEAK = YES;
				CLANG_WARN_BLOCK_CAPTURE_AUTORELEASING = YES;
				CLANG_WARN_BOOL_CONVERSION = YES;
				CLANG_WARN_COMMA = YES;
				CLANG_WARN_CONSTANT_CONVERSION = YES;
				CLANG_WARN_DEPRECATED_OBJC_IMPLEMENTATIONS = YES;
				CLANG_WARN_DIRECT_OBJC_ISA_USAGE = YES_ERROR;
				CLANG_WARN_DOCUMENTATION_COMMENTS = YES;
				CLANG_WARN_EMPTY_BODY = YES;
				CLANG_WARN_ENUM_CONVERSION = YES;
				CLANG_WARN_INFINITE_RECURSION = YES;
				CLANG_WARN_INT_CONVERSION = YES;
				CLANG_WARN_NON_LITERAL_NULL_CONVERSION = YES;
				CLANG_WARN_OBJC_IMPLICIT_RETAIN_SELF = YES;
				CLANG_WARN_OBJC_LITERAL_CONVERSION = YES;
				CLANG_WARN_OBJC_ROOT_CLASS = YES_ERROR;
				CLANG_WARN_QUOTED_INCLUDE_IN_FRAMEWORK_HEADER = YES;
				CLANG_WARN_RANGE_LOOP_ANALYSIS = YES;
				CLANG_WARN_STRICT_PROTOTYPES = YES;
				CLANG_WARN_SUSPICIOUS_MOVE = YES;
				CLANG_WARN_UNGUARDED_AVAILABILITY = YES_AGGRESSIVE;
				CLANG_WARN_UNREACHABLE_CODE = YES;
				CLANG_WARN__DUPLICATE_METHOD_MATCH = YES;
				COPY_PHASE_STRIP = NO;
				DEBUG_INFORMATION_FORMAT = dwarf;
				ENABLE_STRICT_OBJC_MSGSEND = YES;
				ENABLE_TESTABILITY = YES;
				GCC_C_LANGUAGE_STANDARD = gnu11;
				GCC_DYNAMIC_NO_PIC = NO;
				GCC_NO_COMMON_BLOCKS = YES;
				GCC_OPTIMIZATION_LEVEL = 0;
				GCC_PREPROCESSOR_DEFINITIONS = (
					"DEBUG=1",
					"$(inherited)",
				);
				GCC_WARN_64_TO_32_BIT_CONVERSION = YES;
				GCC_WARN_ABOUT_RETURN_TYPE = YES_ERROR;
				GCC_WARN_UNDECLARED_SELECTOR = YES;
				GCC_WARN_UNINITIALIZED_AUTOS = YES_AGGRESSIVE;
				GCC_WARN_UNUSED_FUNCTION = YES;
				GCC_WARN_UNUSED_VARIABLE = YES;
				IPHONEOS_DEPLOYMENT_TARGET = 16.1;
				MTL_ENABLE_DEBUG_INFO = INCLUDE_SOURCE;
				MTL_FAST_MATH = YES;
				ONLY_ACTIVE_ARCH = YES;
				SDKROOT = iphoneos;
				SWIFT_ACTIVE_COMPILATION_CONDITIONS = DEBUG;
				SWIFT_OPTIMIZATION_LEVEL = "-Onone";
			};
			name = Debug;
		};
		0DB91CB129464EB500560436 /* Release */ = {
			isa = XCBuildConfiguration;
			buildSettings = {
				ALWAYS_SEARCH_USER_PATHS = NO;
				CLANG_ANALYZER_NONNULL = YES;
				CLANG_ANALYZER_NUMBER_OBJECT_CONVERSION = YES_AGGRESSIVE;
				CLANG_CXX_LANGUAGE_STANDARD = "gnu++20";
				CLANG_ENABLE_MODULES = YES;
				CLANG_ENABLE_OBJC_ARC = YES;
				CLANG_ENABLE_OBJC_WEAK = YES;
				CLANG_WARN_BLOCK_CAPTURE_AUTORELEASING = YES;
				CLANG_WARN_BOOL_CONVERSION = YES;
				CLANG_WARN_COMMA = YES;
				CLANG_WARN_CONSTANT_CONVERSION = YES;
				CLANG_WARN_DEPRECATED_OBJC_IMPLEMENTATIONS = YES;
				CLANG_WARN_DIRECT_OBJC_ISA_USAGE = YES_ERROR;
				CLANG_WARN_DOCUMENTATION_COMMENTS = YES;
				CLANG_WARN_EMPTY_BODY = YES;
				CLANG_WARN_ENUM_CONVERSION = YES;
				CLANG_WARN_INFINITE_RECURSION = YES;
				CLANG_WARN_INT_CONVERSION = YES;
				CLANG_WARN_NON_LITERAL_NULL_CONVERSION = YES;
				CLANG_WARN_OBJC_IMPLICIT_RETAIN_SELF = YES;
				CLANG_WARN_OBJC_LITERAL_CONVERSION = YES;
				CLANG_WARN_OBJC_ROOT_CLASS = YES_ERROR;
				CLANG_WARN_QUOTED_INCLUDE_IN_FRAMEWORK_HEADER = YES;
				CLANG_WARN_RANGE_LOOP_ANALYSIS = YES;
				CLANG_WARN_STRICT_PROTOTYPES = YES;
				CLANG_WARN_SUSPICIOUS_MOVE = YES;
				CLANG_WARN_UNGUARDED_AVAILABILITY = YES_AGGRESSIVE;
				CLANG_WARN_UNREACHABLE_CODE = YES;
				CLANG_WARN__DUPLICATE_METHOD_MATCH = YES;
				COPY_PHASE_STRIP = NO;
				DEBUG_INFORMATION_FORMAT = "dwarf-with-dsym";
				ENABLE_NS_ASSERTIONS = NO;
				ENABLE_STRICT_OBJC_MSGSEND = YES;
				GCC_C_LANGUAGE_STANDARD = gnu11;
				GCC_NO_COMMON_BLOCKS = YES;
				GCC_WARN_64_TO_32_BIT_CONVERSION = YES;
				GCC_WARN_ABOUT_RETURN_TYPE = YES_ERROR;
				GCC_WARN_UNDECLARED_SELECTOR = YES;
				GCC_WARN_UNINITIALIZED_AUTOS = YES_AGGRESSIVE;
				GCC_WARN_UNUSED_FUNCTION = YES;
				GCC_WARN_UNUSED_VARIABLE = YES;
				IPHONEOS_DEPLOYMENT_TARGET = 16.1;
				MTL_ENABLE_DEBUG_INFO = NO;
				MTL_FAST_MATH = YES;
				SDKROOT = iphoneos;
				SWIFT_COMPILATION_MODE = wholemodule;
				SWIFT_OPTIMIZATION_LEVEL = "-O";
				VALIDATE_PRODUCT = YES;
			};
			name = Release;
		};
		0DB91CB329464EB500560436 /* Debug */ = {
			isa = XCBuildConfiguration;
			buildSettings = {
				ASSETCATALOG_COMPILER_APPICON_NAME = AppIcon;
				ASSETCATALOG_COMPILER_GLOBAL_ACCENT_COLOR_NAME = AccentColor;
				"CODE_SIGN_IDENTITY[sdk=iphoneos*]" = "iPhone Developer";
				CODE_SIGN_STYLE = Manual;
				CURRENT_PROJECT_VERSION = 1;
				DEVELOPMENT_TEAM = "";
				"DEVELOPMENT_TEAM[sdk=iphoneos*]" = H8S3SW8N74;
				GENERATE_INFOPLIST_FILE = YES;
				INFOPLIST_FILE = EssentialApp/Info.plist;
				INFOPLIST_KEY_ITSAppUsesNonExemptEncryption = NO;
				INFOPLIST_KEY_LSApplicationCategoryType = "";
				INFOPLIST_KEY_UIApplicationSupportsIndirectInputEvents = YES;
				INFOPLIST_KEY_UILaunchStoryboardName = LaunchScreen;
				INFOPLIST_KEY_UIRequiresFullScreen = YES;
				INFOPLIST_KEY_UISupportedInterfaceOrientations = UIInterfaceOrientationPortrait;
				INFOPLIST_KEY_UISupportedInterfaceOrientations_iPad = "UIInterfaceOrientationLandscapeLeft UIInterfaceOrientationLandscapeRight UIInterfaceOrientationPortrait UIInterfaceOrientationPortraitUpsideDown";
				LD_RUNPATH_SEARCH_PATHS = (
					"$(inherited)",
					"@executable_path/Frameworks",
				);
				MARKETING_VERSION = 1.0;
				PRODUCT_BUNDLE_IDENTIFIER = com.tripphillipstech.EssentialAppCaseStudy;
				PRODUCT_NAME = "$(TARGET_NAME)";
				PROVISIONING_PROFILE_SPECIFIER = "";
				"PROVISIONING_PROFILE_SPECIFIER[sdk=iphoneos*]" = EssentialAppCaseStudy;
				SWIFT_EMIT_LOC_STRINGS = YES;
				SWIFT_VERSION = 5.0;
				TARGETED_DEVICE_FAMILY = "1,2";
			};
			name = Debug;
		};
		0DB91CB429464EB500560436 /* Release */ = {
			isa = XCBuildConfiguration;
			buildSettings = {
				ASSETCATALOG_COMPILER_APPICON_NAME = AppIcon;
				ASSETCATALOG_COMPILER_GLOBAL_ACCENT_COLOR_NAME = AccentColor;
				"CODE_SIGN_IDENTITY[sdk=iphoneos*]" = "iPhone Developer";
				CODE_SIGN_STYLE = Manual;
				CURRENT_PROJECT_VERSION = 1;
				DEVELOPMENT_TEAM = "";
				"DEVELOPMENT_TEAM[sdk=iphoneos*]" = H8S3SW8N74;
				GENERATE_INFOPLIST_FILE = YES;
				INFOPLIST_FILE = EssentialApp/Info.plist;
				INFOPLIST_KEY_LSApplicationCategoryType = "";
				INFOPLIST_KEY_UIApplicationSupportsIndirectInputEvents = YES;
				INFOPLIST_KEY_UILaunchStoryboardName = LaunchScreen;
				INFOPLIST_KEY_UIRequiresFullScreen = YES;
				INFOPLIST_KEY_UISupportedInterfaceOrientations = UIInterfaceOrientationPortrait;
				INFOPLIST_KEY_UISupportedInterfaceOrientations_iPad = "UIInterfaceOrientationLandscapeLeft UIInterfaceOrientationLandscapeRight UIInterfaceOrientationPortrait UIInterfaceOrientationPortraitUpsideDown";
				LD_RUNPATH_SEARCH_PATHS = (
					"$(inherited)",
					"@executable_path/Frameworks",
				);
				MARKETING_VERSION = 1.0;
				PRODUCT_BUNDLE_IDENTIFIER = com.tripphillipstech.EssentialAppCaseStudy;
				PRODUCT_NAME = "$(TARGET_NAME)";
				PROVISIONING_PROFILE_SPECIFIER = "";
				"PROVISIONING_PROFILE_SPECIFIER[sdk=iphoneos*]" = EssentialAppCaseStudy;
				SWIFT_EMIT_LOC_STRINGS = YES;
				SWIFT_VERSION = 5.0;
				TARGETED_DEVICE_FAMILY = "1,2";
			};
			name = Release;
		};
		0DB91CB629464EB500560436 /* Debug */ = {
			isa = XCBuildConfiguration;
			buildSettings = {
				ALWAYS_EMBED_SWIFT_STANDARD_LIBRARIES = YES;
				BUNDLE_LOADER = "$(TEST_HOST)";
				CLANG_ENABLE_MODULES = YES;
				CODE_SIGN_STYLE = Automatic;
				CURRENT_PROJECT_VERSION = 1;
				DEVELOPMENT_TEAM = ZCGV7634FW;
				GENERATE_INFOPLIST_FILE = YES;
				IPHONEOS_DEPLOYMENT_TARGET = 16.1;
				LD_RUNPATH_SEARCH_PATHS = (
					"$(inherited)",
					"@executable_path/Frameworks",
					"@loader_path/Frameworks",
				);
				MARKETING_VERSION = 1.0;
				PRODUCT_BUNDLE_IDENTIFIER = com.tripphillipstech.EssentialAppTests;
				PRODUCT_NAME = "$(TARGET_NAME)";
				SWIFT_EMIT_LOC_STRINGS = NO;
				SWIFT_OPTIMIZATION_LEVEL = "-Onone";
				SWIFT_VERSION = 5.0;
				TARGETED_DEVICE_FAMILY = "1,2";
				TEST_HOST = "$(BUILT_PRODUCTS_DIR)/EssentialApp.app/$(BUNDLE_EXECUTABLE_FOLDER_PATH)/EssentialApp";
			};
			name = Debug;
		};
		0DB91CB729464EB500560436 /* Release */ = {
			isa = XCBuildConfiguration;
			buildSettings = {
				ALWAYS_EMBED_SWIFT_STANDARD_LIBRARIES = YES;
				BUNDLE_LOADER = "$(TEST_HOST)";
				CLANG_ENABLE_MODULES = YES;
				CODE_SIGN_STYLE = Automatic;
				CURRENT_PROJECT_VERSION = 1;
				DEVELOPMENT_TEAM = ZCGV7634FW;
				GENERATE_INFOPLIST_FILE = YES;
				IPHONEOS_DEPLOYMENT_TARGET = 16.1;
				LD_RUNPATH_SEARCH_PATHS = (
					"$(inherited)",
					"@executable_path/Frameworks",
					"@loader_path/Frameworks",
				);
				MARKETING_VERSION = 1.0;
				PRODUCT_BUNDLE_IDENTIFIER = com.tripphillipstech.EssentialAppTests;
				PRODUCT_NAME = "$(TARGET_NAME)";
				SWIFT_EMIT_LOC_STRINGS = NO;
				SWIFT_VERSION = 5.0;
				TARGETED_DEVICE_FAMILY = "1,2";
				TEST_HOST = "$(BUILT_PRODUCTS_DIR)/EssentialApp.app/$(BUNDLE_EXECUTABLE_FOLDER_PATH)/EssentialApp";
			};
			name = Release;
		};
/* End XCBuildConfiguration section */

/* Begin XCConfigurationList section */
		0DB91C8329464EB200560436 /* Build configuration list for PBXProject "EssentialApp" */ = {
			isa = XCConfigurationList;
			buildConfigurations = (
				0DB91CB029464EB500560436 /* Debug */,
				0DB91CB129464EB500560436 /* Release */,
			);
			defaultConfigurationIsVisible = 0;
			defaultConfigurationName = Release;
		};
		0DB91CB229464EB500560436 /* Build configuration list for PBXNativeTarget "EssentialApp" */ = {
			isa = XCConfigurationList;
			buildConfigurations = (
				0DB91CB329464EB500560436 /* Debug */,
				0DB91CB429464EB500560436 /* Release */,
			);
			defaultConfigurationIsVisible = 0;
			defaultConfigurationName = Release;
		};
		0DB91CB529464EB500560436 /* Build configuration list for PBXNativeTarget "EssentialAppTests" */ = {
			isa = XCConfigurationList;
			buildConfigurations = (
				0DB91CB629464EB500560436 /* Debug */,
				0DB91CB729464EB500560436 /* Release */,
			);
			defaultConfigurationIsVisible = 0;
			defaultConfigurationName = Release;
		};
/* End XCConfigurationList section */
	};
	rootObject = 0DB91C8029464EB200560436 /* Project object */;
}
