// !$*UTF8*$!
{
	archiveVersion = 1;
	classes = {
	};
	objectVersion = 55;
	objects = {

/* Begin PBXBuildFile section */
		0D19C1CA2805FD0800117350 /* EssentialFeed.framework in Frameworks */ = {isa = PBXBuildFile; fileRef = 0D19C1BF2805FD0800117350 /* EssentialFeed.framework */; };
		0D19C1DA2805FE4700117350 /* FeedItem.swift in Sources */ = {isa = PBXBuildFile; fileRef = 0D19C1D92805FE4700117350 /* FeedItem.swift */; };
		0D19C1DD2805FEB700117350 /* FeedLoader.swift in Sources */ = {isa = PBXBuildFile; fileRef = 0D19C1DC2805FEB700117350 /* FeedLoader.swift */; };
		0D1F8A9C2816EA5E00A59907 /* URLSessionHTTPClientTests.swift in Sources */ = {isa = PBXBuildFile; fileRef = 0D1F8A9B2816EA5E00A59907 /* URLSessionHTTPClientTests.swift */; };
		0D1F8AA82818AC2E00A59907 /* XCTestCase+MemoryLeakTracking.swift in Sources */ = {isa = PBXBuildFile; fileRef = 0D1F8AA72818AC2E00A59907 /* XCTestCase+MemoryLeakTracking.swift */; };
		0D1F8AAA2818E6B900A59907 /* URLSessionHTTPClient.swift in Sources */ = {isa = PBXBuildFile; fileRef = 0D1F8AA92818E6B900A59907 /* URLSessionHTTPClient.swift */; };
		0D677C3928353E00005EAE6E /* CacheFeedUseCaseTests.swift in Sources */ = {isa = PBXBuildFile; fileRef = 0D677C3828353E00005EAE6E /* CacheFeedUseCaseTests.swift */; };
		0D677C3C2835B483005EAE6E /* LocalFeedLoader.swift in Sources */ = {isa = PBXBuildFile; fileRef = 0D677C3B2835B483005EAE6E /* LocalFeedLoader.swift */; };
		0D677C3E2835B527005EAE6E /* FeedStore.swift in Sources */ = {isa = PBXBuildFile; fileRef = 0D677C3D2835B527005EAE6E /* FeedStore.swift */; };
		0DAC7D30280E5EB8005EEF5C /* LoadFeedFromRemoteUseCaseTests.swift in Sources */ = {isa = PBXBuildFile; fileRef = 0DAC7D2F280E5EB8005EEF5C /* LoadFeedFromRemoteUseCaseTests.swift */; };
		0DAC7D6F2810C1A7005EEF5C /* RemoteFeedLoader.swift in Sources */ = {isa = PBXBuildFile; fileRef = 0DAC7D6E2810C1A7005EEF5C /* RemoteFeedLoader.swift */; };
		0DAC7D7F281252FE005EEF5C /* HTTPClient.swift in Sources */ = {isa = PBXBuildFile; fileRef = 0DAC7D7E281252FE005EEF5C /* HTTPClient.swift */; };
		0DAC7D8128125391005EEF5C /* FeedItemsMapper.swift in Sources */ = {isa = PBXBuildFile; fileRef = 0DAC7D8028125391005EEF5C /* FeedItemsMapper.swift */; };
		0DB375482819FF0100C4B1A0 /* EssentialFeedAPIEndToEndTests.swift in Sources */ = {isa = PBXBuildFile; fileRef = 0DB375472819FF0100C4B1A0 /* EssentialFeedAPIEndToEndTests.swift */; };
		0DB375492819FF0100C4B1A0 /* EssentialFeed.framework in Frameworks */ = {isa = PBXBuildFile; fileRef = 0D19C1BF2805FD0800117350 /* EssentialFeed.framework */; };
		0DB3754F281A092200C4B1A0 /* XCTestCase+MemoryLeakTracking.swift in Sources */ = {isa = PBXBuildFile; fileRef = 0D1F8AA72818AC2E00A59907 /* XCTestCase+MemoryLeakTracking.swift */; };
		0DCA34FE283495B700AC1720 /* README.md in Resources */ = {isa = PBXBuildFile; fileRef = 0DCA34FD283495B700AC1720 /* README.md */; };
/* End PBXBuildFile section */

/* Begin PBXContainerItemProxy section */
		0D19C1CB2805FD0800117350 /* PBXContainerItemProxy */ = {
			isa = PBXContainerItemProxy;
			containerPortal = 0D19C1B62805FD0800117350 /* Project object */;
			proxyType = 1;
			remoteGlobalIDString = 0D19C1BE2805FD0800117350;
			remoteInfo = EssentialFeed;
		};
		0DB3754A2819FF0100C4B1A0 /* PBXContainerItemProxy */ = {
			isa = PBXContainerItemProxy;
			containerPortal = 0D19C1B62805FD0800117350 /* Project object */;
			proxyType = 1;
			remoteGlobalIDString = 0D19C1BE2805FD0800117350;
			remoteInfo = EssentialFeed;
		};
/* End PBXContainerItemProxy section */

/* Begin PBXFileReference section */
		0D19C1BF2805FD0800117350 /* EssentialFeed.framework */ = {isa = PBXFileReference; explicitFileType = wrapper.framework; includeInIndex = 0; path = EssentialFeed.framework; sourceTree = BUILT_PRODUCTS_DIR; };
		0D19C1C92805FD0800117350 /* EssentialFeedTests.xctest */ = {isa = PBXFileReference; explicitFileType = wrapper.cfbundle; includeInIndex = 0; path = EssentialFeedTests.xctest; sourceTree = BUILT_PRODUCTS_DIR; };
		0D19C1D92805FE4700117350 /* FeedItem.swift */ = {isa = PBXFileReference; lastKnownFileType = sourcecode.swift; path = FeedItem.swift; sourceTree = "<group>"; };
		0D19C1DC2805FEB700117350 /* FeedLoader.swift */ = {isa = PBXFileReference; lastKnownFileType = sourcecode.swift; path = FeedLoader.swift; sourceTree = "<group>"; };
		0D1F8A9B2816EA5E00A59907 /* URLSessionHTTPClientTests.swift */ = {isa = PBXFileReference; lastKnownFileType = sourcecode.swift; name = URLSessionHTTPClientTests.swift; path = EssentialFeed/URLSessionHTTPClientTests.swift; sourceTree = SOURCE_ROOT; };
		0D1F8AA72818AC2E00A59907 /* XCTestCase+MemoryLeakTracking.swift */ = {isa = PBXFileReference; lastKnownFileType = sourcecode.swift; path = "XCTestCase+MemoryLeakTracking.swift"; sourceTree = "<group>"; };
		0D1F8AA92818E6B900A59907 /* URLSessionHTTPClient.swift */ = {isa = PBXFileReference; lastKnownFileType = sourcecode.swift; path = URLSessionHTTPClient.swift; sourceTree = "<group>"; };
		0D677C3828353E00005EAE6E /* CacheFeedUseCaseTests.swift */ = {isa = PBXFileReference; lastKnownFileType = sourcecode.swift; path = CacheFeedUseCaseTests.swift; sourceTree = "<group>"; };
		0D677C3B2835B483005EAE6E /* LocalFeedLoader.swift */ = {isa = PBXFileReference; lastKnownFileType = sourcecode.swift; path = LocalFeedLoader.swift; sourceTree = "<group>"; };
		0D677C3D2835B527005EAE6E /* FeedStore.swift */ = {isa = PBXFileReference; lastKnownFileType = sourcecode.swift; path = FeedStore.swift; sourceTree = "<group>"; };
		0DAC7D2F280E5EB8005EEF5C /* LoadFeedFromRemoteUseCaseTests.swift */ = {isa = PBXFileReference; lastKnownFileType = sourcecode.swift; path = LoadFeedFromRemoteUseCaseTests.swift; sourceTree = "<group>"; };
		0DAC7D6E2810C1A7005EEF5C /* RemoteFeedLoader.swift */ = {isa = PBXFileReference; lastKnownFileType = sourcecode.swift; path = RemoteFeedLoader.swift; sourceTree = "<group>"; };
		0DAC7D7E281252FE005EEF5C /* HTTPClient.swift */ = {isa = PBXFileReference; lastKnownFileType = sourcecode.swift; path = HTTPClient.swift; sourceTree = "<group>"; };
		0DAC7D8028125391005EEF5C /* FeedItemsMapper.swift */ = {isa = PBXFileReference; lastKnownFileType = sourcecode.swift; path = FeedItemsMapper.swift; sourceTree = "<group>"; };
		0DB375452819FF0100C4B1A0 /* EssentialFeedAPIEndToEndTests.xctest */ = {isa = PBXFileReference; explicitFileType = wrapper.cfbundle; includeInIndex = 0; path = EssentialFeedAPIEndToEndTests.xctest; sourceTree = BUILT_PRODUCTS_DIR; };
		0DB375472819FF0100C4B1A0 /* EssentialFeedAPIEndToEndTests.swift */ = {isa = PBXFileReference; lastKnownFileType = sourcecode.swift; path = EssentialFeedAPIEndToEndTests.swift; sourceTree = "<group>"; };
		0DCA34FD283495B700AC1720 /* README.md */ = {isa = PBXFileReference; fileEncoding = 4; lastKnownFileType = net.daringfireball.markdown; name = README.md; path = ../README.md; sourceTree = "<group>"; };
/* End PBXFileReference section */

/* Begin PBXFrameworksBuildPhase section */
		0D19C1BC2805FD0800117350 /* Frameworks */ = {
			isa = PBXFrameworksBuildPhase;
			buildActionMask = 2147483647;
			files = (
			);
			runOnlyForDeploymentPostprocessing = 0;
		};
		0D19C1C62805FD0800117350 /* Frameworks */ = {
			isa = PBXFrameworksBuildPhase;
			buildActionMask = 2147483647;
			files = (
				0D19C1CA2805FD0800117350 /* EssentialFeed.framework in Frameworks */,
			);
			runOnlyForDeploymentPostprocessing = 0;
		};
		0DB375422819FF0100C4B1A0 /* Frameworks */ = {
			isa = PBXFrameworksBuildPhase;
			buildActionMask = 2147483647;
			files = (
				0DB375492819FF0100C4B1A0 /* EssentialFeed.framework in Frameworks */,
			);
			runOnlyForDeploymentPostprocessing = 0;
		};
/* End PBXFrameworksBuildPhase section */

/* Begin PBXGroup section */
		0D19C1B52805FD0800117350 = {
			isa = PBXGroup;
			children = (
				0DCA34FD283495B700AC1720 /* README.md */,
				0D19C1C12805FD0800117350 /* EssentialFeed */,
				0D19C1CD2805FD0800117350 /* EssentialFeedTests */,
				0DB375462819FF0100C4B1A0 /* EssentialFeedAPIEndToEndTests */,
				0D19C1C02805FD0800117350 /* Products */,
			);
			sourceTree = "<group>";
		};
		0D19C1C02805FD0800117350 /* Products */ = {
			isa = PBXGroup;
			children = (
				0D19C1BF2805FD0800117350 /* EssentialFeed.framework */,
				0D19C1C92805FD0800117350 /* EssentialFeedTests.xctest */,
				0DB375452819FF0100C4B1A0 /* EssentialFeedAPIEndToEndTests.xctest */,
			);
			name = Products;
			sourceTree = "<group>";
		};
		0D19C1C12805FD0800117350 /* EssentialFeed */ = {
			isa = PBXGroup;
			children = (
				0D677C3A2835B470005EAE6E /* Feed Cache */,
				0D19C1DB2805FEA300117350 /* Feed Feature */,
				0DAC7D702810C1BB005EEF5C /* Feed API */,
			);
			path = EssentialFeed;
			sourceTree = "<group>";
		};
		0D19C1CD2805FD0800117350 /* EssentialFeedTests */ = {
			isa = PBXGroup;
			children = (
				0D1F8AA62818ABF600A59907 /* Helpers */,
				0D677C3728353DAE005EAE6E /* Feed Cache */,
				0DAC7D8228125C22005EEF5C /* Feed API */,
			);
			path = EssentialFeedTests;
			sourceTree = "<group>";
		};
		0D19C1DB2805FEA300117350 /* Feed Feature */ = {
			isa = PBXGroup;
			children = (
				0D19C1D92805FE4700117350 /* FeedItem.swift */,
				0D19C1DC2805FEB700117350 /* FeedLoader.swift */,
			);
			name = "Feed Feature";
			sourceTree = "<group>";
		};
		0D1F8AA62818ABF600A59907 /* Helpers */ = {
			isa = PBXGroup;
			children = (
				0D1F8AA72818AC2E00A59907 /* XCTestCase+MemoryLeakTracking.swift */,
			);
			path = Helpers;
			sourceTree = "<group>";
		};
		0D677C3728353DAE005EAE6E /* Feed Cache */ = {
			isa = PBXGroup;
			children = (
				0D677C3828353E00005EAE6E /* CacheFeedUseCaseTests.swift */,
			);
			path = "Feed Cache";
			sourceTree = "<group>";
		};
		0D677C3A2835B470005EAE6E /* Feed Cache */ = {
			isa = PBXGroup;
			children = (
				0D677C3B2835B483005EAE6E /* LocalFeedLoader.swift */,
				0D677C3D2835B527005EAE6E /* FeedStore.swift */,
			);
			name = "Feed Cache";
			sourceTree = "<group>";
		};
		0DAC7D702810C1BB005EEF5C /* Feed API */ = {
			isa = PBXGroup;
			children = (
				0DAC7D6E2810C1A7005EEF5C /* RemoteFeedLoader.swift */,
				0DAC7D7E281252FE005EEF5C /* HTTPClient.swift */,
				0D1F8AA92818E6B900A59907 /* URLSessionHTTPClient.swift */,
				0DAC7D8028125391005EEF5C /* FeedItemsMapper.swift */,
			);
			name = "Feed API";
			sourceTree = "<group>";
		};
		0DAC7D8228125C22005EEF5C /* Feed API */ = {
			isa = PBXGroup;
			children = (
				0D1F8A9B2816EA5E00A59907 /* URLSessionHTTPClientTests.swift */,
				0DAC7D2F280E5EB8005EEF5C /* LoadFeedFromRemoteUseCaseTests.swift */,
			);
			path = "Feed API";
			sourceTree = "<group>";
		};
		0DB375462819FF0100C4B1A0 /* EssentialFeedAPIEndToEndTests */ = {
			isa = PBXGroup;
			children = (
				0DB375472819FF0100C4B1A0 /* EssentialFeedAPIEndToEndTests.swift */,
			);
			path = EssentialFeedAPIEndToEndTests;
			sourceTree = "<group>";
		};
/* End PBXGroup section */

/* Begin PBXHeadersBuildPhase section */
		0D19C1BA2805FD0800117350 /* Headers */ = {
			isa = PBXHeadersBuildPhase;
			buildActionMask = 2147483647;
			files = (
			);
			runOnlyForDeploymentPostprocessing = 0;
		};
/* End PBXHeadersBuildPhase section */

/* Begin PBXNativeTarget section */
		0D19C1BE2805FD0800117350 /* EssentialFeed */ = {
			isa = PBXNativeTarget;
			buildConfigurationList = 0D19C1D32805FD0800117350 /* Build configuration list for PBXNativeTarget "EssentialFeed" */;
			buildPhases = (
				0D19C1BA2805FD0800117350 /* Headers */,
				0D19C1BB2805FD0800117350 /* Sources */,
				0D19C1BC2805FD0800117350 /* Frameworks */,
				0D19C1BD2805FD0800117350 /* Resources */,
			);
			buildRules = (
			);
			dependencies = (
			);
			name = EssentialFeed;
			productName = EssentialFeed;
			productReference = 0D19C1BF2805FD0800117350 /* EssentialFeed.framework */;
			productType = "com.apple.product-type.framework";
		};
		0D19C1C82805FD0800117350 /* EssentialFeedTests */ = {
			isa = PBXNativeTarget;
			buildConfigurationList = 0D19C1D62805FD0800117350 /* Build configuration list for PBXNativeTarget "EssentialFeedTests" */;
			buildPhases = (
				0D19C1C52805FD0800117350 /* Sources */,
				0D19C1C62805FD0800117350 /* Frameworks */,
				0D19C1C72805FD0800117350 /* Resources */,
			);
			buildRules = (
			);
			dependencies = (
				0D19C1CC2805FD0800117350 /* PBXTargetDependency */,
			);
			name = EssentialFeedTests;
			productName = EssentialFeedTests;
			productReference = 0D19C1C92805FD0800117350 /* EssentialFeedTests.xctest */;
			productType = "com.apple.product-type.bundle.unit-test";
		};
		0DB375442819FF0100C4B1A0 /* EssentialFeedAPIEndToEndTests */ = {
			isa = PBXNativeTarget;
			buildConfigurationList = 0DB3754C2819FF0100C4B1A0 /* Build configuration list for PBXNativeTarget "EssentialFeedAPIEndToEndTests" */;
			buildPhases = (
				0DB375412819FF0100C4B1A0 /* Sources */,
				0DB375422819FF0100C4B1A0 /* Frameworks */,
				0DB375432819FF0100C4B1A0 /* Resources */,
			);
			buildRules = (
			);
			dependencies = (
				0DB3754B2819FF0100C4B1A0 /* PBXTargetDependency */,
			);
			name = EssentialFeedAPIEndToEndTests;
			productName = EssentialFeedAPIEndToEndTests;
			productReference = 0DB375452819FF0100C4B1A0 /* EssentialFeedAPIEndToEndTests.xctest */;
			productType = "com.apple.product-type.bundle.unit-test";
		};
/* End PBXNativeTarget section */

/* Begin PBXProject section */
		0D19C1B62805FD0800117350 /* Project object */ = {
			isa = PBXProject;
			attributes = {
				BuildIndependentTargetsInParallel = 1;
				LastSwiftUpdateCheck = 1330;
				LastUpgradeCheck = 1330;
				TargetAttributes = {
					0D19C1BE2805FD0800117350 = {
						CreatedOnToolsVersion = 13.3.1;
					};
					0D19C1C82805FD0800117350 = {
						CreatedOnToolsVersion = 13.3.1;
					};
					0DB375442819FF0100C4B1A0 = {
						CreatedOnToolsVersion = 13.3.1;
					};
				};
			};
			buildConfigurationList = 0D19C1B92805FD0800117350 /* Build configuration list for PBXProject "EssentialFeed" */;
			compatibilityVersion = "Xcode 13.0";
			developmentRegion = en;
			hasScannedForEncodings = 0;
			knownRegions = (
				en,
				Base,
			);
			mainGroup = 0D19C1B52805FD0800117350;
			productRefGroup = 0D19C1C02805FD0800117350 /* Products */;
			projectDirPath = "";
			projectRoot = "";
			targets = (
				0D19C1BE2805FD0800117350 /* EssentialFeed */,
				0D19C1C82805FD0800117350 /* EssentialFeedTests */,
				0DB375442819FF0100C4B1A0 /* EssentialFeedAPIEndToEndTests */,
			);
		};
/* End PBXProject section */

/* Begin PBXResourcesBuildPhase section */
		0D19C1BD2805FD0800117350 /* Resources */ = {
			isa = PBXResourcesBuildPhase;
			buildActionMask = 2147483647;
			files = (
				0DCA34FE283495B700AC1720 /* README.md in Resources */,
			);
			runOnlyForDeploymentPostprocessing = 0;
		};
		0D19C1C72805FD0800117350 /* Resources */ = {
			isa = PBXResourcesBuildPhase;
			buildActionMask = 2147483647;
			files = (
			);
			runOnlyForDeploymentPostprocessing = 0;
		};
		0DB375432819FF0100C4B1A0 /* Resources */ = {
			isa = PBXResourcesBuildPhase;
			buildActionMask = 2147483647;
			files = (
			);
			runOnlyForDeploymentPostprocessing = 0;
		};
/* End PBXResourcesBuildPhase section */

/* Begin PBXSourcesBuildPhase section */
		0D19C1BB2805FD0800117350 /* Sources */ = {
			isa = PBXSourcesBuildPhase;
			buildActionMask = 2147483647;
			files = (
				0D1F8AAA2818E6B900A59907 /* URLSessionHTTPClient.swift in Sources */,
				0D677C3C2835B483005EAE6E /* LocalFeedLoader.swift in Sources */,
				0DAC7D6F2810C1A7005EEF5C /* RemoteFeedLoader.swift in Sources */,
				0D677C3E2835B527005EAE6E /* FeedStore.swift in Sources */,
				0DAC7D7F281252FE005EEF5C /* HTTPClient.swift in Sources */,
				0D19C1DD2805FEB700117350 /* FeedLoader.swift in Sources */,
				0DAC7D8128125391005EEF5C /* FeedItemsMapper.swift in Sources */,
				0D19C1DA2805FE4700117350 /* FeedItem.swift in Sources */,
			);
			runOnlyForDeploymentPostprocessing = 0;
		};
		0D19C1C52805FD0800117350 /* Sources */ = {
			isa = PBXSourcesBuildPhase;
			buildActionMask = 2147483647;
			files = (
				0DAC7D30280E5EB8005EEF5C /* LoadFeedFromRemoteUseCaseTests.swift in Sources */,
				0D1F8AA82818AC2E00A59907 /* XCTestCase+MemoryLeakTracking.swift in Sources */,
				0D677C3928353E00005EAE6E /* CacheFeedUseCaseTests.swift in Sources */,
				0D1F8A9C2816EA5E00A59907 /* URLSessionHTTPClientTests.swift in Sources */,
			);
			runOnlyForDeploymentPostprocessing = 0;
		};
		0DB375412819FF0100C4B1A0 /* Sources */ = {
			isa = PBXSourcesBuildPhase;
			buildActionMask = 2147483647;
			files = (
				0DB375482819FF0100C4B1A0 /* EssentialFeedAPIEndToEndTests.swift in Sources */,
				0DB3754F281A092200C4B1A0 /* XCTestCase+MemoryLeakTracking.swift in Sources */,
			);
			runOnlyForDeploymentPostprocessing = 0;
		};
/* End PBXSourcesBuildPhase section */

/* Begin PBXTargetDependency section */
		0D19C1CC2805FD0800117350 /* PBXTargetDependency */ = {
			isa = PBXTargetDependency;
			target = 0D19C1BE2805FD0800117350 /* EssentialFeed */;
			targetProxy = 0D19C1CB2805FD0800117350 /* PBXContainerItemProxy */;
		};
		0DB3754B2819FF0100C4B1A0 /* PBXTargetDependency */ = {
			isa = PBXTargetDependency;
			target = 0D19C1BE2805FD0800117350 /* EssentialFeed */;
			targetProxy = 0DB3754A2819FF0100C4B1A0 /* PBXContainerItemProxy */;
		};
/* End PBXTargetDependency section */

/* Begin XCBuildConfiguration section */
		0D19C1D12805FD0800117350 /* Debug */ = {
			isa = XCBuildConfiguration;
			buildSettings = {
				ALWAYS_SEARCH_USER_PATHS = NO;
				CLANG_ANALYZER_NONNULL = YES;
				CLANG_ANALYZER_NUMBER_OBJECT_CONVERSION = YES_AGGRESSIVE;
				CLANG_CXX_LANGUAGE_STANDARD = "gnu++17";
				CLANG_ENABLE_MODULES = YES;
				CLANG_ENABLE_OBJC_ARC = YES;
				CLANG_ENABLE_OBJC_WEAK = YES;
				CLANG_WARN_BLOCK_CAPTURE_AUTORELEASING = YES;
				CLANG_WARN_BOOL_CONVERSION = YES;
				CLANG_WARN_COMMA = YES;
				CLANG_WARN_CONSTANT_CONVERSION = YES;
				CLANG_WARN_DEPRECATED_OBJC_IMPLEMENTATIONS = YES;
				CLANG_WARN_DIRECT_OBJC_ISA_USAGE = YES_ERROR;
				CLANG_WARN_DOCUMENTATION_COMMENTS = YES;
				CLANG_WARN_EMPTY_BODY = YES;
				CLANG_WARN_ENUM_CONVERSION = YES;
				CLANG_WARN_INFINITE_RECURSION = YES;
				CLANG_WARN_INT_CONVERSION = YES;
				CLANG_WARN_NON_LITERAL_NULL_CONVERSION = YES;
				CLANG_WARN_OBJC_IMPLICIT_RETAIN_SELF = YES;
				CLANG_WARN_OBJC_LITERAL_CONVERSION = YES;
				CLANG_WARN_OBJC_ROOT_CLASS = YES_ERROR;
				CLANG_WARN_QUOTED_INCLUDE_IN_FRAMEWORK_HEADER = YES;
				CLANG_WARN_RANGE_LOOP_ANALYSIS = YES;
				CLANG_WARN_STRICT_PROTOTYPES = YES;
				CLANG_WARN_SUSPICIOUS_MOVE = YES;
				CLANG_WARN_UNGUARDED_AVAILABILITY = YES_AGGRESSIVE;
				CLANG_WARN_UNREACHABLE_CODE = YES;
				CLANG_WARN__DUPLICATE_METHOD_MATCH = YES;
				COPY_PHASE_STRIP = NO;
				CURRENT_PROJECT_VERSION = 1;
				DEBUG_INFORMATION_FORMAT = dwarf;
				ENABLE_STRICT_OBJC_MSGSEND = YES;
				ENABLE_TESTABILITY = YES;
				GCC_C_LANGUAGE_STANDARD = gnu11;
				GCC_DYNAMIC_NO_PIC = NO;
				GCC_NO_COMMON_BLOCKS = YES;
				GCC_OPTIMIZATION_LEVEL = 0;
				GCC_PREPROCESSOR_DEFINITIONS = (
					"DEBUG=1",
					"$(inherited)",
				);
				GCC_WARN_64_TO_32_BIT_CONVERSION = YES;
				GCC_WARN_ABOUT_RETURN_TYPE = YES_ERROR;
				GCC_WARN_UNDECLARED_SELECTOR = YES;
				GCC_WARN_UNINITIALIZED_AUTOS = YES_AGGRESSIVE;
				GCC_WARN_UNUSED_FUNCTION = YES;
				GCC_WARN_UNUSED_VARIABLE = YES;
				MACOSX_DEPLOYMENT_TARGET = 12.3;
				MTL_ENABLE_DEBUG_INFO = INCLUDE_SOURCE;
				MTL_FAST_MATH = YES;
				ONLY_ACTIVE_ARCH = YES;
				SDKROOT = macosx;
				SWIFT_ACTIVE_COMPILATION_CONDITIONS = DEBUG;
				SWIFT_OPTIMIZATION_LEVEL = "-Onone";
				VERSIONING_SYSTEM = "apple-generic";
				VERSION_INFO_PREFIX = "";
			};
			name = Debug;
		};
		0D19C1D22805FD0800117350 /* Release */ = {
			isa = XCBuildConfiguration;
			buildSettings = {
				ALWAYS_SEARCH_USER_PATHS = NO;
				CLANG_ANALYZER_NONNULL = YES;
				CLANG_ANALYZER_NUMBER_OBJECT_CONVERSION = YES_AGGRESSIVE;
				CLANG_CXX_LANGUAGE_STANDARD = "gnu++17";
				CLANG_ENABLE_MODULES = YES;
				CLANG_ENABLE_OBJC_ARC = YES;
				CLANG_ENABLE_OBJC_WEAK = YES;
				CLANG_WARN_BLOCK_CAPTURE_AUTORELEASING = YES;
				CLANG_WARN_BOOL_CONVERSION = YES;
				CLANG_WARN_COMMA = YES;
				CLANG_WARN_CONSTANT_CONVERSION = YES;
				CLANG_WARN_DEPRECATED_OBJC_IMPLEMENTATIONS = YES;
				CLANG_WARN_DIRECT_OBJC_ISA_USAGE = YES_ERROR;
				CLANG_WARN_DOCUMENTATION_COMMENTS = YES;
				CLANG_WARN_EMPTY_BODY = YES;
				CLANG_WARN_ENUM_CONVERSION = YES;
				CLANG_WARN_INFINITE_RECURSION = YES;
				CLANG_WARN_INT_CONVERSION = YES;
				CLANG_WARN_NON_LITERAL_NULL_CONVERSION = YES;
				CLANG_WARN_OBJC_IMPLICIT_RETAIN_SELF = YES;
				CLANG_WARN_OBJC_LITERAL_CONVERSION = YES;
				CLANG_WARN_OBJC_ROOT_CLASS = YES_ERROR;
				CLANG_WARN_QUOTED_INCLUDE_IN_FRAMEWORK_HEADER = YES;
				CLANG_WARN_RANGE_LOOP_ANALYSIS = YES;
				CLANG_WARN_STRICT_PROTOTYPES = YES;
				CLANG_WARN_SUSPICIOUS_MOVE = YES;
				CLANG_WARN_UNGUARDED_AVAILABILITY = YES_AGGRESSIVE;
				CLANG_WARN_UNREACHABLE_CODE = YES;
				CLANG_WARN__DUPLICATE_METHOD_MATCH = YES;
				COPY_PHASE_STRIP = NO;
				CURRENT_PROJECT_VERSION = 1;
				DEBUG_INFORMATION_FORMAT = "dwarf-with-dsym";
				ENABLE_NS_ASSERTIONS = NO;
				ENABLE_STRICT_OBJC_MSGSEND = YES;
				GCC_C_LANGUAGE_STANDARD = gnu11;
				GCC_NO_COMMON_BLOCKS = YES;
				GCC_WARN_64_TO_32_BIT_CONVERSION = YES;
				GCC_WARN_ABOUT_RETURN_TYPE = YES_ERROR;
				GCC_WARN_UNDECLARED_SELECTOR = YES;
				GCC_WARN_UNINITIALIZED_AUTOS = YES_AGGRESSIVE;
				GCC_WARN_UNUSED_FUNCTION = YES;
				GCC_WARN_UNUSED_VARIABLE = YES;
				MACOSX_DEPLOYMENT_TARGET = 12.3;
				MTL_ENABLE_DEBUG_INFO = NO;
				MTL_FAST_MATH = YES;
				SDKROOT = macosx;
				SWIFT_COMPILATION_MODE = wholemodule;
				SWIFT_OPTIMIZATION_LEVEL = "-O";
				VERSIONING_SYSTEM = "apple-generic";
				VERSION_INFO_PREFIX = "";
			};
			name = Release;
		};
		0D19C1D42805FD0800117350 /* Debug */ = {
			isa = XCBuildConfiguration;
			buildSettings = {
				CODE_SIGN_STYLE = Automatic;
				COMBINE_HIDPI_IMAGES = YES;
				CURRENT_PROJECT_VERSION = 1;
				DEFINES_MODULE = YES;
				DEVELOPMENT_TEAM = H8S3SW8N74;
				DYLIB_COMPATIBILITY_VERSION = 1;
				DYLIB_CURRENT_VERSION = 1;
				DYLIB_INSTALL_NAME_BASE = "@rpath";
				GENERATE_INFOPLIST_FILE = YES;
				INFOPLIST_KEY_NSHumanReadableCopyright = "";
				INSTALL_PATH = "$(LOCAL_LIBRARY_DIR)/Frameworks";
				LD_RUNPATH_SEARCH_PATHS = (
					"$(inherited)",
					"@executable_path/../Frameworks",
					"@loader_path/Frameworks",
				);
				MARKETING_VERSION = 1.0;
				PRODUCT_BUNDLE_IDENTIFIER = tripphillips.tech.EssentialFeed;
				PRODUCT_NAME = "$(TARGET_NAME:c99extidentifier)";
				SKIP_INSTALL = YES;
				SWIFT_EMIT_LOC_STRINGS = YES;
				SWIFT_VERSION = 5.0;
			};
			name = Debug;
		};
		0D19C1D52805FD0800117350 /* Release */ = {
			isa = XCBuildConfiguration;
			buildSettings = {
				CODE_SIGN_STYLE = Automatic;
				COMBINE_HIDPI_IMAGES = YES;
				CURRENT_PROJECT_VERSION = 1;
				DEFINES_MODULE = YES;
				DEVELOPMENT_TEAM = H8S3SW8N74;
				DYLIB_COMPATIBILITY_VERSION = 1;
				DYLIB_CURRENT_VERSION = 1;
				DYLIB_INSTALL_NAME_BASE = "@rpath";
				GENERATE_INFOPLIST_FILE = YES;
				INFOPLIST_KEY_NSHumanReadableCopyright = "";
				INSTALL_PATH = "$(LOCAL_LIBRARY_DIR)/Frameworks";
				LD_RUNPATH_SEARCH_PATHS = (
					"$(inherited)",
					"@executable_path/../Frameworks",
					"@loader_path/Frameworks",
				);
				MARKETING_VERSION = 1.0;
				PRODUCT_BUNDLE_IDENTIFIER = tripphillips.tech.EssentialFeed;
				PRODUCT_NAME = "$(TARGET_NAME:c99extidentifier)";
				SKIP_INSTALL = YES;
				SWIFT_EMIT_LOC_STRINGS = YES;
				SWIFT_VERSION = 5.0;
			};
			name = Release;
		};
		0D19C1D72805FD0800117350 /* Debug */ = {
			isa = XCBuildConfiguration;
			buildSettings = {
				ALWAYS_EMBED_SWIFT_STANDARD_LIBRARIES = YES;
				CODE_SIGN_STYLE = Automatic;
				CURRENT_PROJECT_VERSION = 1;
				DEVELOPMENT_TEAM = H8S3SW8N74;
				GENERATE_INFOPLIST_FILE = YES;
				MARKETING_VERSION = 1.0;
				PRODUCT_BUNDLE_IDENTIFIER = tripphillips.tech.EssentialFeedTests;
				PRODUCT_NAME = "$(TARGET_NAME)";
				SWIFT_EMIT_LOC_STRINGS = NO;
				SWIFT_VERSION = 5.0;
			};
			name = Debug;
		};
		0D19C1D82805FD0800117350 /* Release */ = {
			isa = XCBuildConfiguration;
			buildSettings = {
				ALWAYS_EMBED_SWIFT_STANDARD_LIBRARIES = YES;
				CODE_SIGN_STYLE = Automatic;
				CURRENT_PROJECT_VERSION = 1;
				DEVELOPMENT_TEAM = H8S3SW8N74;
				GENERATE_INFOPLIST_FILE = YES;
				MARKETING_VERSION = 1.0;
				PRODUCT_BUNDLE_IDENTIFIER = tripphillips.tech.EssentialFeedTests;
				PRODUCT_NAME = "$(TARGET_NAME)";
				SWIFT_EMIT_LOC_STRINGS = NO;
				SWIFT_VERSION = 5.0;
			};
			name = Release;
		};
		0DB3754D2819FF0100C4B1A0 /* Debug */ = {
			isa = XCBuildConfiguration;
			buildSettings = {
				CODE_SIGN_STYLE = Automatic;
				CURRENT_PROJECT_VERSION = 1;
				DEVELOPMENT_TEAM = H8S3SW8N74;
				GENERATE_INFOPLIST_FILE = YES;
				MARKETING_VERSION = 1.0;
				PRODUCT_BUNDLE_IDENTIFIER = tripphillips.tech.EssentialFeedAPIEndToEndTests;
				PRODUCT_NAME = "$(TARGET_NAME)";
				SWIFT_EMIT_LOC_STRINGS = NO;
				SWIFT_VERSION = 5.0;
			};
			name = Debug;
		};
		0DB3754E2819FF0100C4B1A0 /* Release */ = {
			isa = XCBuildConfiguration;
			buildSettings = {
				CODE_SIGN_STYLE = Automatic;
				CURRENT_PROJECT_VERSION = 1;
				DEVELOPMENT_TEAM = H8S3SW8N74;
				GENERATE_INFOPLIST_FILE = YES;
				MARKETING_VERSION = 1.0;
				PRODUCT_BUNDLE_IDENTIFIER = tripphillips.tech.EssentialFeedAPIEndToEndTests;
				PRODUCT_NAME = "$(TARGET_NAME)";
				SWIFT_EMIT_LOC_STRINGS = NO;
				SWIFT_VERSION = 5.0;
			};
			name = Release;
		};
/* End XCBuildConfiguration section */

/* Begin XCConfigurationList section */
		0D19C1B92805FD0800117350 /* Build configuration list for PBXProject "EssentialFeed" */ = {
			isa = XCConfigurationList;
			buildConfigurations = (
				0D19C1D12805FD0800117350 /* Debug */,
				0D19C1D22805FD0800117350 /* Release */,
			);
			defaultConfigurationIsVisible = 0;
			defaultConfigurationName = Release;
		};
		0D19C1D32805FD0800117350 /* Build configuration list for PBXNativeTarget "EssentialFeed" */ = {
			isa = XCConfigurationList;
			buildConfigurations = (
				0D19C1D42805FD0800117350 /* Debug */,
				0D19C1D52805FD0800117350 /* Release */,
			);
			defaultConfigurationIsVisible = 0;
			defaultConfigurationName = Release;
		};
		0D19C1D62805FD0800117350 /* Build configuration list for PBXNativeTarget "EssentialFeedTests" */ = {
			isa = XCConfigurationList;
			buildConfigurations = (
				0D19C1D72805FD0800117350 /* Debug */,
				0D19C1D82805FD0800117350 /* Release */,
			);
			defaultConfigurationIsVisible = 0;
			defaultConfigurationName = Release;
		};
		0DB3754C2819FF0100C4B1A0 /* Build configuration list for PBXNativeTarget "EssentialFeedAPIEndToEndTests" */ = {
			isa = XCConfigurationList;
			buildConfigurations = (
				0DB3754D2819FF0100C4B1A0 /* Debug */,
				0DB3754E2819FF0100C4B1A0 /* Release */,
			);
			defaultConfigurationIsVisible = 0;
			defaultConfigurationName = Release;
		};
/* End XCConfigurationList section */
	};
	rootObject = 0D19C1B62805FD0800117350 /* Project object */;
}
