// !$*UTF8*$!
{
	archiveVersion = 1;
	classes = {
	};
	objectVersion = 55;
	objects = {

/* Begin PBXBuildFile section */
		0D0EFA2628368C3200AED3C9 /* LoadFeedFromCacheUseCaseTests.swift in Sources */ = {isa = PBXBuildFile; fileRef = 0D0EFA2528368C3200AED3C9 /* LoadFeedFromCacheUseCaseTests.swift */; };
		0D0EFA2928368E4500AED3C9 /* FeedStoreSpy.swift in Sources */ = {isa = PBXBuildFile; fileRef = 0D0EFA2828368E4500AED3C9 /* FeedStoreSpy.swift */; };
		0D19C1CA2805FD0800117350 /* EssentialFeed.framework in Frameworks */ = {isa = PBXBuildFile; fileRef = 0D19C1BF2805FD0800117350 /* EssentialFeed.framework */; };
		0D19C1DA2805FE4700117350 /* FeedImage.swift in Sources */ = {isa = PBXBuildFile; fileRef = 0D19C1D92805FE4700117350 /* FeedImage.swift */; };
		0D19C1DD2805FEB700117350 /* FeedLoader.swift in Sources */ = {isa = PBXBuildFile; fileRef = 0D19C1DC2805FEB700117350 /* FeedLoader.swift */; };
		0D1F8A9C2816EA5E00A59907 /* URLSessionHTTPClientTests.swift in Sources */ = {isa = PBXBuildFile; fileRef = 0D1F8A9B2816EA5E00A59907 /* URLSessionHTTPClientTests.swift */; };
		0D1F8AA82818AC2E00A59907 /* XCTestCase+MemoryLeakTracking.swift in Sources */ = {isa = PBXBuildFile; fileRef = 0D1F8AA72818AC2E00A59907 /* XCTestCase+MemoryLeakTracking.swift */; };
		0D1F8AAA2818E6B900A59907 /* URLSessionHTTPClient.swift in Sources */ = {isa = PBXBuildFile; fileRef = 0D1F8AA92818E6B900A59907 /* URLSessionHTTPClient.swift */; };
		0D363AF72869E4C700DC6E47 /* XCTestCase+FeedStoreSpecs.swift in Sources */ = {isa = PBXBuildFile; fileRef = 0D363AF62869E4C700DC6E47 /* XCTestCase+FeedStoreSpecs.swift */; };
		0D363AF92869E59100DC6E47 /* FeedStoreSpecs.swift in Sources */ = {isa = PBXBuildFile; fileRef = 0D363AF82869E59100DC6E47 /* FeedStoreSpecs.swift */; };
		0D363AFC2869EBA100DC6E47 /* XCTestCase+FailableRetrieveFeedStoreSpecs.swift in Sources */ = {isa = PBXBuildFile; fileRef = 0D363AFB2869EBA100DC6E47 /* XCTestCase+FailableRetrieveFeedStoreSpecs.swift */; };
		0D363AFE2869EBB900DC6E47 /* XCTestCase+FailableInsertFeedStoreSpecs.swift in Sources */ = {isa = PBXBuildFile; fileRef = 0D363AFD2869EBB900DC6E47 /* XCTestCase+FailableInsertFeedStoreSpecs.swift */; };
		0D363B002869EBCD00DC6E47 /* XCTestCase+FailableDeleteFeedStoreSpecs.swift in Sources */ = {isa = PBXBuildFile; fileRef = 0D363AFF2869EBCD00DC6E47 /* XCTestCase+FailableDeleteFeedStoreSpecs.swift */; };
		0D363B02286A71FA00DC6E47 /* CoreDataFeedStore.swift in Sources */ = {isa = PBXBuildFile; fileRef = 0D363B01286A71FA00DC6E47 /* CoreDataFeedStore.swift */; };
		0D363B04286A736200DC6E47 /* CoreDataFeedStoreTests.swift in Sources */ = {isa = PBXBuildFile; fileRef = 0D363B03286A736200DC6E47 /* CoreDataFeedStoreTests.swift */; };
		0D363B0B286AB51E00DC6E47 /* CoreDataHelpers.swift in Sources */ = {isa = PBXBuildFile; fileRef = 0D363B0A286AB51E00DC6E47 /* CoreDataHelpers.swift */; };
		0D363B0D286AB5B700DC6E47 /* ManagedCache.swift in Sources */ = {isa = PBXBuildFile; fileRef = 0D363B0C286AB5B700DC6E47 /* ManagedCache.swift */; };
		0D363B0F286AB94800DC6E47 /* ManagedFeedImage.swift in Sources */ = {isa = PBXBuildFile; fileRef = 0D363B0E286AB94800DC6E47 /* ManagedFeedImage.swift */; };
		0D363B12286AB9FF00DC6E47 /* FeedStore.xcdatamodeld in Sources */ = {isa = PBXBuildFile; fileRef = 0D363B10286AB9FF00DC6E47 /* FeedStore.xcdatamodeld */; };
		0D363B1A286F25AF00DC6E47 /* EssentialFeedCacheIntegrationTests.swift in Sources */ = {isa = PBXBuildFile; fileRef = 0D363B19286F25AF00DC6E47 /* EssentialFeedCacheIntegrationTests.swift */; };
		0D363B1B286F25AF00DC6E47 /* EssentialFeed.framework in Frameworks */ = {isa = PBXBuildFile; fileRef = 0D19C1BF2805FD0800117350 /* EssentialFeed.framework */; };
		0D363B29286F2F5800DC6E47 /* XCTestCase+MemoryLeakTracking.swift in Sources */ = {isa = PBXBuildFile; fileRef = 0D1F8AA72818AC2E00A59907 /* XCTestCase+MemoryLeakTracking.swift */; };
		0D363B2A286F380300DC6E47 /* FeedCacheHelpers.swift in Sources */ = {isa = PBXBuildFile; fileRef = 0DA3665828417C8A0006A969 /* FeedCacheHelpers.swift */; };
		0D363B2B286F384A00DC6E47 /* SharedTestHelpers.swift in Sources */ = {isa = PBXBuildFile; fileRef = 0DA3665A28417D510006A969 /* SharedTestHelpers.swift */; };
		0D677C3928353E00005EAE6E /* CacheFeedUseCaseTests.swift in Sources */ = {isa = PBXBuildFile; fileRef = 0D677C3828353E00005EAE6E /* CacheFeedUseCaseTests.swift */; };
		0D677C3C2835B483005EAE6E /* LocalFeedLoader.swift in Sources */ = {isa = PBXBuildFile; fileRef = 0D677C3B2835B483005EAE6E /* LocalFeedLoader.swift */; };
		0D677C3E2835B527005EAE6E /* FeedStore.swift in Sources */ = {isa = PBXBuildFile; fileRef = 0D677C3D2835B527005EAE6E /* FeedStore.swift */; };
		0D677C402835F796005EAE6E /* RemoteFeedItem.swift in Sources */ = {isa = PBXBuildFile; fileRef = 0D677C3F2835F796005EAE6E /* RemoteFeedItem.swift */; };
		0D677C422835F7D4005EAE6E /* LocalFeedImage.swift in Sources */ = {isa = PBXBuildFile; fileRef = 0D677C412835F7D4005EAE6E /* LocalFeedImage.swift */; };
		0D7DFA6A28DBD7A60045B1C1 /* EssentialFeediOS.framework in Frameworks */ = {isa = PBXBuildFile; fileRef = 0D7DFA6228DBD7A50045B1C1 /* EssentialFeediOS.framework */; };
		0D7DFA7828DCD9640045B1C1 /* FeedViewControllerTests.swift in Sources */ = {isa = PBXBuildFile; fileRef = 0D7DFA7728DCD9640045B1C1 /* FeedViewControllerTests.swift */; };
		0DA36657284178E60006A969 /* ValidateFeedCacheUseCaseTests.swift in Sources */ = {isa = PBXBuildFile; fileRef = 0DA36656284178E60006A969 /* ValidateFeedCacheUseCaseTests.swift */; };
		0DA3665928417C8A0006A969 /* FeedCacheHelpers.swift in Sources */ = {isa = PBXBuildFile; fileRef = 0DA3665828417C8A0006A969 /* FeedCacheHelpers.swift */; };
		0DA3665B28417D510006A969 /* SharedTestHelpers.swift in Sources */ = {isa = PBXBuildFile; fileRef = 0DA3665A28417D510006A969 /* SharedTestHelpers.swift */; };
		0DA3665D2841D0330006A969 /* FeedCachePolicy.swift in Sources */ = {isa = PBXBuildFile; fileRef = 0DA3665C2841D0330006A969 /* FeedCachePolicy.swift */; };
		0DAC7D30280E5EB8005EEF5C /* LoadFeedFromRemoteUseCaseTests.swift in Sources */ = {isa = PBXBuildFile; fileRef = 0DAC7D2F280E5EB8005EEF5C /* LoadFeedFromRemoteUseCaseTests.swift */; };
		0DAC7D6F2810C1A7005EEF5C /* RemoteFeedLoader.swift in Sources */ = {isa = PBXBuildFile; fileRef = 0DAC7D6E2810C1A7005EEF5C /* RemoteFeedLoader.swift */; };
		0DAC7D7F281252FE005EEF5C /* HTTPClient.swift in Sources */ = {isa = PBXBuildFile; fileRef = 0DAC7D7E281252FE005EEF5C /* HTTPClient.swift */; };
		0DAC7D8128125391005EEF5C /* FeedItemsMapper.swift in Sources */ = {isa = PBXBuildFile; fileRef = 0DAC7D8028125391005EEF5C /* FeedItemsMapper.swift */; };
		0DB375482819FF0100C4B1A0 /* EssentialFeedAPIEndToEndTests.swift in Sources */ = {isa = PBXBuildFile; fileRef = 0DB375472819FF0100C4B1A0 /* EssentialFeedAPIEndToEndTests.swift */; };
		0DB375492819FF0100C4B1A0 /* EssentialFeed.framework in Frameworks */ = {isa = PBXBuildFile; fileRef = 0D19C1BF2805FD0800117350 /* EssentialFeed.framework */; };
		0DB3754F281A092200C4B1A0 /* XCTestCase+MemoryLeakTracking.swift in Sources */ = {isa = PBXBuildFile; fileRef = 0D1F8AA72818AC2E00A59907 /* XCTestCase+MemoryLeakTracking.swift */; };
		0DCA34FE283495B700AC1720 /* README.md in Resources */ = {isa = PBXBuildFile; fileRef = 0DCA34FD283495B700AC1720 /* README.md */; };
/* End PBXBuildFile section */

/* Begin PBXContainerItemProxy section */
		0D19C1CB2805FD0800117350 /* PBXContainerItemProxy */ = {
			isa = PBXContainerItemProxy;
			containerPortal = 0D19C1B62805FD0800117350 /* Project object */;
			proxyType = 1;
			remoteGlobalIDString = 0D19C1BE2805FD0800117350;
			remoteInfo = EssentialFeed;
		};
		0D363B1C286F25AF00DC6E47 /* PBXContainerItemProxy */ = {
			isa = PBXContainerItemProxy;
			containerPortal = 0D19C1B62805FD0800117350 /* Project object */;
			proxyType = 1;
			remoteGlobalIDString = 0D19C1BE2805FD0800117350;
			remoteInfo = EssentialFeed;
		};
		0D7DFA6B28DBD7A60045B1C1 /* PBXContainerItemProxy */ = {
			isa = PBXContainerItemProxy;
			containerPortal = 0D19C1B62805FD0800117350 /* Project object */;
			proxyType = 1;
			remoteGlobalIDString = 0D7DFA6128DBD7A50045B1C1;
			remoteInfo = EssentialFeediOS;
		};
		0DB3754A2819FF0100C4B1A0 /* PBXContainerItemProxy */ = {
			isa = PBXContainerItemProxy;
			containerPortal = 0D19C1B62805FD0800117350 /* Project object */;
			proxyType = 1;
			remoteGlobalIDString = 0D19C1BE2805FD0800117350;
			remoteInfo = EssentialFeed;
		};
/* End PBXContainerItemProxy section */

/* Begin PBXFileReference section */
		0D0EFA2528368C3200AED3C9 /* LoadFeedFromCacheUseCaseTests.swift */ = {isa = PBXFileReference; lastKnownFileType = sourcecode.swift; path = LoadFeedFromCacheUseCaseTests.swift; sourceTree = "<group>"; };
		0D0EFA2828368E4500AED3C9 /* FeedStoreSpy.swift */ = {isa = PBXFileReference; lastKnownFileType = sourcecode.swift; path = FeedStoreSpy.swift; sourceTree = "<group>"; };
		0D19C1BF2805FD0800117350 /* EssentialFeed.framework */ = {isa = PBXFileReference; explicitFileType = wrapper.framework; includeInIndex = 0; path = EssentialFeed.framework; sourceTree = BUILT_PRODUCTS_DIR; };
		0D19C1C92805FD0800117350 /* EssentialFeedTests.xctest */ = {isa = PBXFileReference; explicitFileType = wrapper.cfbundle; includeInIndex = 0; path = EssentialFeedTests.xctest; sourceTree = BUILT_PRODUCTS_DIR; };
		0D19C1D92805FE4700117350 /* FeedImage.swift */ = {isa = PBXFileReference; lastKnownFileType = sourcecode.swift; path = FeedImage.swift; sourceTree = "<group>"; };
		0D19C1DC2805FEB700117350 /* FeedLoader.swift */ = {isa = PBXFileReference; lastKnownFileType = sourcecode.swift; path = FeedLoader.swift; sourceTree = "<group>"; };
		0D1F8A9B2816EA5E00A59907 /* URLSessionHTTPClientTests.swift */ = {isa = PBXFileReference; lastKnownFileType = sourcecode.swift; name = URLSessionHTTPClientTests.swift; path = EssentialFeed/URLSessionHTTPClientTests.swift; sourceTree = SOURCE_ROOT; };
		0D1F8AA72818AC2E00A59907 /* XCTestCase+MemoryLeakTracking.swift */ = {isa = PBXFileReference; lastKnownFileType = sourcecode.swift; path = "XCTestCase+MemoryLeakTracking.swift"; sourceTree = "<group>"; };
		0D1F8AA92818E6B900A59907 /* URLSessionHTTPClient.swift */ = {isa = PBXFileReference; lastKnownFileType = sourcecode.swift; path = URLSessionHTTPClient.swift; sourceTree = "<group>"; };
		0D363AF62869E4C700DC6E47 /* XCTestCase+FeedStoreSpecs.swift */ = {isa = PBXFileReference; lastKnownFileType = sourcecode.swift; path = "XCTestCase+FeedStoreSpecs.swift"; sourceTree = "<group>"; };
		0D363AF82869E59100DC6E47 /* FeedStoreSpecs.swift */ = {isa = PBXFileReference; lastKnownFileType = sourcecode.swift; path = FeedStoreSpecs.swift; sourceTree = "<group>"; };
		0D363AFB2869EBA100DC6E47 /* XCTestCase+FailableRetrieveFeedStoreSpecs.swift */ = {isa = PBXFileReference; lastKnownFileType = sourcecode.swift; path = "XCTestCase+FailableRetrieveFeedStoreSpecs.swift"; sourceTree = "<group>"; };
		0D363AFD2869EBB900DC6E47 /* XCTestCase+FailableInsertFeedStoreSpecs.swift */ = {isa = PBXFileReference; lastKnownFileType = sourcecode.swift; path = "XCTestCase+FailableInsertFeedStoreSpecs.swift"; sourceTree = "<group>"; };
		0D363AFF2869EBCD00DC6E47 /* XCTestCase+FailableDeleteFeedStoreSpecs.swift */ = {isa = PBXFileReference; lastKnownFileType = sourcecode.swift; path = "XCTestCase+FailableDeleteFeedStoreSpecs.swift"; sourceTree = "<group>"; };
		0D363B01286A71FA00DC6E47 /* CoreDataFeedStore.swift */ = {isa = PBXFileReference; lastKnownFileType = sourcecode.swift; path = CoreDataFeedStore.swift; sourceTree = "<group>"; };
		0D363B03286A736200DC6E47 /* CoreDataFeedStoreTests.swift */ = {isa = PBXFileReference; lastKnownFileType = sourcecode.swift; path = CoreDataFeedStoreTests.swift; sourceTree = "<group>"; };
		0D363B0A286AB51E00DC6E47 /* CoreDataHelpers.swift */ = {isa = PBXFileReference; lastKnownFileType = sourcecode.swift; path = CoreDataHelpers.swift; sourceTree = "<group>"; };
		0D363B0C286AB5B700DC6E47 /* ManagedCache.swift */ = {isa = PBXFileReference; lastKnownFileType = sourcecode.swift; path = ManagedCache.swift; sourceTree = "<group>"; };
		0D363B0E286AB94800DC6E47 /* ManagedFeedImage.swift */ = {isa = PBXFileReference; lastKnownFileType = sourcecode.swift; path = ManagedFeedImage.swift; sourceTree = "<group>"; };
		0D363B11286AB9FF00DC6E47 /* FeedStore.xcdatamodel */ = {isa = PBXFileReference; lastKnownFileType = wrapper.xcdatamodel; path = FeedStore.xcdatamodel; sourceTree = "<group>"; };
		0D363B17286F25AF00DC6E47 /* EssentialFeedCacheIntegrationTests.xctest */ = {isa = PBXFileReference; explicitFileType = wrapper.cfbundle; includeInIndex = 0; path = EssentialFeedCacheIntegrationTests.xctest; sourceTree = BUILT_PRODUCTS_DIR; };
		0D363B19286F25AF00DC6E47 /* EssentialFeedCacheIntegrationTests.swift */ = {isa = PBXFileReference; lastKnownFileType = sourcecode.swift; path = EssentialFeedCacheIntegrationTests.swift; sourceTree = "<group>"; };
		0D677C3828353E00005EAE6E /* CacheFeedUseCaseTests.swift */ = {isa = PBXFileReference; lastKnownFileType = sourcecode.swift; path = CacheFeedUseCaseTests.swift; sourceTree = "<group>"; };
		0D677C3B2835B483005EAE6E /* LocalFeedLoader.swift */ = {isa = PBXFileReference; lastKnownFileType = sourcecode.swift; path = LocalFeedLoader.swift; sourceTree = "<group>"; };
		0D677C3D2835B527005EAE6E /* FeedStore.swift */ = {isa = PBXFileReference; lastKnownFileType = sourcecode.swift; path = FeedStore.swift; sourceTree = "<group>"; };
		0D677C3F2835F796005EAE6E /* RemoteFeedItem.swift */ = {isa = PBXFileReference; lastKnownFileType = sourcecode.swift; path = RemoteFeedItem.swift; sourceTree = "<group>"; };
		0D677C412835F7D4005EAE6E /* LocalFeedImage.swift */ = {isa = PBXFileReference; lastKnownFileType = sourcecode.swift; path = LocalFeedImage.swift; sourceTree = "<group>"; };
		0D7DFA6228DBD7A50045B1C1 /* EssentialFeediOS.framework */ = {isa = PBXFileReference; explicitFileType = wrapper.framework; includeInIndex = 0; path = EssentialFeediOS.framework; sourceTree = BUILT_PRODUCTS_DIR; };
		0D7DFA6928DBD7A60045B1C1 /* EssentialFeediOSTests.xctest */ = {isa = PBXFileReference; explicitFileType = wrapper.cfbundle; includeInIndex = 0; path = EssentialFeediOSTests.xctest; sourceTree = BUILT_PRODUCTS_DIR; };
		0D7DFA7728DCD9640045B1C1 /* FeedViewControllerTests.swift */ = {isa = PBXFileReference; lastKnownFileType = sourcecode.swift; path = FeedViewControllerTests.swift; sourceTree = "<group>"; };
		0DA36656284178E60006A969 /* ValidateFeedCacheUseCaseTests.swift */ = {isa = PBXFileReference; lastKnownFileType = sourcecode.swift; path = ValidateFeedCacheUseCaseTests.swift; sourceTree = "<group>"; };
		0DA3665828417C8A0006A969 /* FeedCacheHelpers.swift */ = {isa = PBXFileReference; lastKnownFileType = sourcecode.swift; path = FeedCacheHelpers.swift; sourceTree = "<group>"; };
		0DA3665A28417D510006A969 /* SharedTestHelpers.swift */ = {isa = PBXFileReference; lastKnownFileType = sourcecode.swift; path = SharedTestHelpers.swift; sourceTree = "<group>"; };
		0DA3665C2841D0330006A969 /* FeedCachePolicy.swift */ = {isa = PBXFileReference; lastKnownFileType = sourcecode.swift; path = FeedCachePolicy.swift; sourceTree = "<group>"; };
		0DAC7D2F280E5EB8005EEF5C /* LoadFeedFromRemoteUseCaseTests.swift */ = {isa = PBXFileReference; lastKnownFileType = sourcecode.swift; path = LoadFeedFromRemoteUseCaseTests.swift; sourceTree = "<group>"; };
		0DAC7D6E2810C1A7005EEF5C /* RemoteFeedLoader.swift */ = {isa = PBXFileReference; lastKnownFileType = sourcecode.swift; path = RemoteFeedLoader.swift; sourceTree = "<group>"; };
		0DAC7D7E281252FE005EEF5C /* HTTPClient.swift */ = {isa = PBXFileReference; lastKnownFileType = sourcecode.swift; path = HTTPClient.swift; sourceTree = "<group>"; };
		0DAC7D8028125391005EEF5C /* FeedItemsMapper.swift */ = {isa = PBXFileReference; lastKnownFileType = sourcecode.swift; path = FeedItemsMapper.swift; sourceTree = "<group>"; };
		0DB375452819FF0100C4B1A0 /* EssentialFeedAPIEndToEndTests.xctest */ = {isa = PBXFileReference; explicitFileType = wrapper.cfbundle; includeInIndex = 0; path = EssentialFeedAPIEndToEndTests.xctest; sourceTree = BUILT_PRODUCTS_DIR; };
		0DB375472819FF0100C4B1A0 /* EssentialFeedAPIEndToEndTests.swift */ = {isa = PBXFileReference; lastKnownFileType = sourcecode.swift; path = EssentialFeedAPIEndToEndTests.swift; sourceTree = "<group>"; };
		0DCA34FD283495B700AC1720 /* README.md */ = {isa = PBXFileReference; fileEncoding = 4; lastKnownFileType = net.daringfireball.markdown; name = README.md; path = ../README.md; sourceTree = "<group>"; };
/* End PBXFileReference section */

/* Begin PBXFrameworksBuildPhase section */
		0D19C1BC2805FD0800117350 /* Frameworks */ = {
			isa = PBXFrameworksBuildPhase;
			buildActionMask = 2147483647;
			files = (
			);
			runOnlyForDeploymentPostprocessing = 0;
		};
		0D19C1C62805FD0800117350 /* Frameworks */ = {
			isa = PBXFrameworksBuildPhase;
			buildActionMask = 2147483647;
			files = (
				0D19C1CA2805FD0800117350 /* EssentialFeed.framework in Frameworks */,
			);
			runOnlyForDeploymentPostprocessing = 0;
		};
		0D363B14286F25AF00DC6E47 /* Frameworks */ = {
			isa = PBXFrameworksBuildPhase;
			buildActionMask = 2147483647;
			files = (
				0D363B1B286F25AF00DC6E47 /* EssentialFeed.framework in Frameworks */,
			);
			runOnlyForDeploymentPostprocessing = 0;
		};
		0D7DFA5F28DBD7A50045B1C1 /* Frameworks */ = {
			isa = PBXFrameworksBuildPhase;
			buildActionMask = 2147483647;
			files = (
			);
			runOnlyForDeploymentPostprocessing = 0;
		};
		0D7DFA6628DBD7A60045B1C1 /* Frameworks */ = {
			isa = PBXFrameworksBuildPhase;
			buildActionMask = 2147483647;
			files = (
				0D7DFA6A28DBD7A60045B1C1 /* EssentialFeediOS.framework in Frameworks */,
			);
			runOnlyForDeploymentPostprocessing = 0;
		};
		0DB375422819FF0100C4B1A0 /* Frameworks */ = {
			isa = PBXFrameworksBuildPhase;
			buildActionMask = 2147483647;
			files = (
				0DB375492819FF0100C4B1A0 /* EssentialFeed.framework in Frameworks */,
			);
			runOnlyForDeploymentPostprocessing = 0;
		};
/* End PBXFrameworksBuildPhase section */

/* Begin PBXGroup section */
		0D0EFA2728368E3700AED3C9 /* Helpers */ = {
			isa = PBXGroup;
			children = (
				0D0EFA2828368E4500AED3C9 /* FeedStoreSpy.swift */,
				0DA3665828417C8A0006A969 /* FeedCacheHelpers.swift */,
			);
			path = Helpers;
			sourceTree = "<group>";
		};
		0D19C1B52805FD0800117350 = {
			isa = PBXGroup;
			children = (
				0DCA34FD283495B700AC1720 /* README.md */,
				0D19C1C12805FD0800117350 /* EssentialFeed */,
				0D19C1CD2805FD0800117350 /* EssentialFeedTests */,
				0DB375462819FF0100C4B1A0 /* EssentialFeedAPIEndToEndTests */,
				0D363B18286F25AF00DC6E47 /* EssentialFeedCacheIntegrationTests */,
				0D7DFA6328DBD7A50045B1C1 /* EssentialFeediOS */,
				0D7DFA6D28DBD7A60045B1C1 /* EssentialFeediOSTests */,
				0D19C1C02805FD0800117350 /* Products */,
			);
			sourceTree = "<group>";
		};
		0D19C1C02805FD0800117350 /* Products */ = {
			isa = PBXGroup;
			children = (
				0D19C1BF2805FD0800117350 /* EssentialFeed.framework */,
				0D19C1C92805FD0800117350 /* EssentialFeedTests.xctest */,
				0DB375452819FF0100C4B1A0 /* EssentialFeedAPIEndToEndTests.xctest */,
				0D363B17286F25AF00DC6E47 /* EssentialFeedCacheIntegrationTests.xctest */,
				0D7DFA6228DBD7A50045B1C1 /* EssentialFeediOS.framework */,
				0D7DFA6928DBD7A60045B1C1 /* EssentialFeediOSTests.xctest */,
			);
			name = Products;
			sourceTree = "<group>";
		};
		0D19C1C12805FD0800117350 /* EssentialFeed */ = {
			isa = PBXGroup;
			children = (
				0D677C3A2835B470005EAE6E /* Feed Cache */,
				0D19C1DB2805FEA300117350 /* Feed Feature */,
				0DAC7D702810C1BB005EEF5C /* Feed API */,
			);
			path = EssentialFeed;
			sourceTree = "<group>";
		};
		0D19C1CD2805FD0800117350 /* EssentialFeedTests */ = {
			isa = PBXGroup;
			children = (
				0D1F8AA62818ABF600A59907 /* Helpers */,
				0D677C3728353DAE005EAE6E /* Feed Cache */,
				0DAC7D8228125C22005EEF5C /* Feed API */,
			);
			path = EssentialFeedTests;
			sourceTree = "<group>";
		};
		0D19C1DB2805FEA300117350 /* Feed Feature */ = {
			isa = PBXGroup;
			children = (
				0D19C1D92805FE4700117350 /* FeedImage.swift */,
				0D19C1DC2805FEB700117350 /* FeedLoader.swift */,
			);
			name = "Feed Feature";
			sourceTree = "<group>";
		};
		0D1F8AA62818ABF600A59907 /* Helpers */ = {
			isa = PBXGroup;
			children = (
				0D1F8AA72818AC2E00A59907 /* XCTestCase+MemoryLeakTracking.swift */,
				0DA3665A28417D510006A969 /* SharedTestHelpers.swift */,
			);
			path = Helpers;
			sourceTree = "<group>";
		};
		0D363AFA2869E5F700DC6E47 /* FeedStoreSpecs */ = {
			isa = PBXGroup;
			children = (
				0D363AF82869E59100DC6E47 /* FeedStoreSpecs.swift */,
				0D363AF62869E4C700DC6E47 /* XCTestCase+FeedStoreSpecs.swift */,
				0D363AFB2869EBA100DC6E47 /* XCTestCase+FailableRetrieveFeedStoreSpecs.swift */,
				0D363AFD2869EBB900DC6E47 /* XCTestCase+FailableInsertFeedStoreSpecs.swift */,
				0D363AFF2869EBCD00DC6E47 /* XCTestCase+FailableDeleteFeedStoreSpecs.swift */,
			);
			path = FeedStoreSpecs;
			sourceTree = "<group>";
		};
		0D363B05286AB4A400DC6E47 /* CoreData */ = {
			isa = PBXGroup;
			children = (
				0D363B01286A71FA00DC6E47 /* CoreDataFeedStore.swift */,
				0D363B0A286AB51E00DC6E47 /* CoreDataHelpers.swift */,
				0D363B0C286AB5B700DC6E47 /* ManagedCache.swift */,
				0D363B0E286AB94800DC6E47 /* ManagedFeedImage.swift */,
				0D363B10286AB9FF00DC6E47 /* FeedStore.xcdatamodeld */,
			);
			name = CoreData;
			sourceTree = "<group>";
		};
		0D363B07286AB4E000DC6E47 /* Infrastructure */ = {
			isa = PBXGroup;
			children = (
				0D363B05286AB4A400DC6E47 /* CoreData */,
			);
			name = Infrastructure;
			sourceTree = "<group>";
		};
		0D363B18286F25AF00DC6E47 /* EssentialFeedCacheIntegrationTests */ = {
			isa = PBXGroup;
			children = (
				0D363B19286F25AF00DC6E47 /* EssentialFeedCacheIntegrationTests.swift */,
			);
			path = EssentialFeedCacheIntegrationTests;
			sourceTree = "<group>";
		};
		0D677C3728353DAE005EAE6E /* Feed Cache */ = {
			isa = PBXGroup;
			children = (
				0D0EFA2728368E3700AED3C9 /* Helpers */,
				0D363AFA2869E5F700DC6E47 /* FeedStoreSpecs */,
				0D677C3828353E00005EAE6E /* CacheFeedUseCaseTests.swift */,
				0D0EFA2528368C3200AED3C9 /* LoadFeedFromCacheUseCaseTests.swift */,
				0DA36656284178E60006A969 /* ValidateFeedCacheUseCaseTests.swift */,
				0D363B03286A736200DC6E47 /* CoreDataFeedStoreTests.swift */,
			);
			path = "Feed Cache";
			sourceTree = "<group>";
		};
		0D677C3A2835B470005EAE6E /* Feed Cache */ = {
			isa = PBXGroup;
			children = (
				0D363B07286AB4E000DC6E47 /* Infrastructure */,
				0D677C3B2835B483005EAE6E /* LocalFeedLoader.swift */,
				0D677C412835F7D4005EAE6E /* LocalFeedImage.swift */,
				0D677C3D2835B527005EAE6E /* FeedStore.swift */,
				0DA3665C2841D0330006A969 /* FeedCachePolicy.swift */,
			);
			name = "Feed Cache";
			sourceTree = "<group>";
		};
		0D7DFA6328DBD7A50045B1C1 /* EssentialFeediOS */ = {
			isa = PBXGroup;
			children = (
			);
			path = EssentialFeediOS;
			sourceTree = "<group>";
		};
		0D7DFA6D28DBD7A60045B1C1 /* EssentialFeediOSTests */ = {
			isa = PBXGroup;
			children = (
				0D7DFA7728DCD9640045B1C1 /* FeedViewControllerTests.swift */,
			);
			path = EssentialFeediOSTests;
			sourceTree = "<group>";
		};
		0DAC7D702810C1BB005EEF5C /* Feed API */ = {
			isa = PBXGroup;
			children = (
				0DAC7D6E2810C1A7005EEF5C /* RemoteFeedLoader.swift */,
				0D677C3F2835F796005EAE6E /* RemoteFeedItem.swift */,
				0DAC7D7E281252FE005EEF5C /* HTTPClient.swift */,
				0D1F8AA92818E6B900A59907 /* URLSessionHTTPClient.swift */,
				0DAC7D8028125391005EEF5C /* FeedItemsMapper.swift */,
			);
			name = "Feed API";
			sourceTree = "<group>";
		};
		0DAC7D8228125C22005EEF5C /* Feed API */ = {
			isa = PBXGroup;
			children = (
				0D1F8A9B2816EA5E00A59907 /* URLSessionHTTPClientTests.swift */,
				0DAC7D2F280E5EB8005EEF5C /* LoadFeedFromRemoteUseCaseTests.swift */,
			);
			path = "Feed API";
			sourceTree = "<group>";
		};
		0DB375462819FF0100C4B1A0 /* EssentialFeedAPIEndToEndTests */ = {
			isa = PBXGroup;
			children = (
				0DB375472819FF0100C4B1A0 /* EssentialFeedAPIEndToEndTests.swift */,
			);
			path = EssentialFeedAPIEndToEndTests;
			sourceTree = "<group>";
		};
/* End PBXGroup section */

/* Begin PBXHeadersBuildPhase section */
		0D19C1BA2805FD0800117350 /* Headers */ = {
			isa = PBXHeadersBuildPhase;
			buildActionMask = 2147483647;
			files = (
			);
			runOnlyForDeploymentPostprocessing = 0;
		};
		0D7DFA5D28DBD7A50045B1C1 /* Headers */ = {
			isa = PBXHeadersBuildPhase;
			buildActionMask = 2147483647;
			files = (
			);
			runOnlyForDeploymentPostprocessing = 0;
		};
/* End PBXHeadersBuildPhase section */

/* Begin PBXNativeTarget section */
		0D19C1BE2805FD0800117350 /* EssentialFeed */ = {
			isa = PBXNativeTarget;
			buildConfigurationList = 0D19C1D32805FD0800117350 /* Build configuration list for PBXNativeTarget "EssentialFeed" */;
			buildPhases = (
				0D19C1BA2805FD0800117350 /* Headers */,
				0D19C1BB2805FD0800117350 /* Sources */,
				0D19C1BC2805FD0800117350 /* Frameworks */,
				0D19C1BD2805FD0800117350 /* Resources */,
			);
			buildRules = (
			);
			dependencies = (
			);
			name = EssentialFeed;
			productName = EssentialFeed;
			productReference = 0D19C1BF2805FD0800117350 /* EssentialFeed.framework */;
			productType = "com.apple.product-type.framework";
		};
		0D19C1C82805FD0800117350 /* EssentialFeedTests */ = {
			isa = PBXNativeTarget;
			buildConfigurationList = 0D19C1D62805FD0800117350 /* Build configuration list for PBXNativeTarget "EssentialFeedTests" */;
			buildPhases = (
				0D19C1C52805FD0800117350 /* Sources */,
				0D19C1C62805FD0800117350 /* Frameworks */,
				0D19C1C72805FD0800117350 /* Resources */,
			);
			buildRules = (
			);
			dependencies = (
				0D19C1CC2805FD0800117350 /* PBXTargetDependency */,
			);
			name = EssentialFeedTests;
			productName = EssentialFeedTests;
			productReference = 0D19C1C92805FD0800117350 /* EssentialFeedTests.xctest */;
			productType = "com.apple.product-type.bundle.unit-test";
		};
		0D363B16286F25AF00DC6E47 /* EssentialFeedCacheIntegrationTests */ = {
			isa = PBXNativeTarget;
			buildConfigurationList = 0D363B1E286F25AF00DC6E47 /* Build configuration list for PBXNativeTarget "EssentialFeedCacheIntegrationTests" */;
			buildPhases = (
				0D363B13286F25AF00DC6E47 /* Sources */,
				0D363B14286F25AF00DC6E47 /* Frameworks */,
				0D363B15286F25AF00DC6E47 /* Resources */,
			);
			buildRules = (
			);
			dependencies = (
				0D363B1D286F25AF00DC6E47 /* PBXTargetDependency */,
			);
			name = EssentialFeedCacheIntegrationTests;
			productName = EssentialFeedCacheIntegrationTests;
			productReference = 0D363B17286F25AF00DC6E47 /* EssentialFeedCacheIntegrationTests.xctest */;
			productType = "com.apple.product-type.bundle.unit-test";
		};
		0D7DFA6128DBD7A50045B1C1 /* EssentialFeediOS */ = {
			isa = PBXNativeTarget;
			buildConfigurationList = 0D7DFA7128DBD7A60045B1C1 /* Build configuration list for PBXNativeTarget "EssentialFeediOS" */;
			buildPhases = (
				0D7DFA5D28DBD7A50045B1C1 /* Headers */,
				0D7DFA5E28DBD7A50045B1C1 /* Sources */,
				0D7DFA5F28DBD7A50045B1C1 /* Frameworks */,
				0D7DFA6028DBD7A50045B1C1 /* Resources */,
			);
			buildRules = (
			);
			dependencies = (
			);
			name = EssentialFeediOS;
			productName = EssentialFeediOS;
			productReference = 0D7DFA6228DBD7A50045B1C1 /* EssentialFeediOS.framework */;
			productType = "com.apple.product-type.framework";
		};
		0D7DFA6828DBD7A60045B1C1 /* EssentialFeediOSTests */ = {
			isa = PBXNativeTarget;
			buildConfigurationList = 0D7DFA7428DBD7A60045B1C1 /* Build configuration list for PBXNativeTarget "EssentialFeediOSTests" */;
			buildPhases = (
				0D7DFA6528DBD7A60045B1C1 /* Sources */,
				0D7DFA6628DBD7A60045B1C1 /* Frameworks */,
				0D7DFA6728DBD7A60045B1C1 /* Resources */,
			);
			buildRules = (
			);
			dependencies = (
				0D7DFA6C28DBD7A60045B1C1 /* PBXTargetDependency */,
			);
			name = EssentialFeediOSTests;
			productName = EssentialFeediOSTests;
			productReference = 0D7DFA6928DBD7A60045B1C1 /* EssentialFeediOSTests.xctest */;
			productType = "com.apple.product-type.bundle.unit-test";
		};
		0DB375442819FF0100C4B1A0 /* EssentialFeedAPIEndToEndTests */ = {
			isa = PBXNativeTarget;
			buildConfigurationList = 0DB3754C2819FF0100C4B1A0 /* Build configuration list for PBXNativeTarget "EssentialFeedAPIEndToEndTests" */;
			buildPhases = (
				0DB375412819FF0100C4B1A0 /* Sources */,
				0DB375422819FF0100C4B1A0 /* Frameworks */,
				0DB375432819FF0100C4B1A0 /* Resources */,
			);
			buildRules = (
			);
			dependencies = (
				0DB3754B2819FF0100C4B1A0 /* PBXTargetDependency */,
			);
			name = EssentialFeedAPIEndToEndTests;
			productName = EssentialFeedAPIEndToEndTests;
			productReference = 0DB375452819FF0100C4B1A0 /* EssentialFeedAPIEndToEndTests.xctest */;
			productType = "com.apple.product-type.bundle.unit-test";
		};
/* End PBXNativeTarget section */

/* Begin PBXProject section */
		0D19C1B62805FD0800117350 /* Project object */ = {
			isa = PBXProject;
			attributes = {
				BuildIndependentTargetsInParallel = 1;
				LastSwiftUpdateCheck = 1400;
				LastUpgradeCheck = 1400;
				TargetAttributes = {
					0D19C1BE2805FD0800117350 = {
						CreatedOnToolsVersion = 13.3.1;
					};
					0D19C1C82805FD0800117350 = {
						CreatedOnToolsVersion = 13.3.1;
					};
					0D363B16286F25AF00DC6E47 = {
						CreatedOnToolsVersion = 13.4.1;
					};
					0D7DFA6128DBD7A50045B1C1 = {
						CreatedOnToolsVersion = 14.0;
					};
					0D7DFA6828DBD7A60045B1C1 = {
						CreatedOnToolsVersion = 14.0;
						LastSwiftMigration = 1400;
					};
					0DB375442819FF0100C4B1A0 = {
						CreatedOnToolsVersion = 13.3.1;
					};
				};
			};
			buildConfigurationList = 0D19C1B92805FD0800117350 /* Build configuration list for PBXProject "EssentialFeed" */;
			compatibilityVersion = "Xcode 13.0";
			developmentRegion = en;
			hasScannedForEncodings = 0;
			knownRegions = (
				en,
				Base,
			);
			mainGroup = 0D19C1B52805FD0800117350;
			productRefGroup = 0D19C1C02805FD0800117350 /* Products */;
			projectDirPath = "";
			projectRoot = "";
			targets = (
				0D19C1BE2805FD0800117350 /* EssentialFeed */,
				0D19C1C82805FD0800117350 /* EssentialFeedTests */,
				0DB375442819FF0100C4B1A0 /* EssentialFeedAPIEndToEndTests */,
				0D363B16286F25AF00DC6E47 /* EssentialFeedCacheIntegrationTests */,
				0D7DFA6128DBD7A50045B1C1 /* EssentialFeediOS */,
				0D7DFA6828DBD7A60045B1C1 /* EssentialFeediOSTests */,
			);
		};
/* End PBXProject section */

/* Begin PBXResourcesBuildPhase section */
		0D19C1BD2805FD0800117350 /* Resources */ = {
			isa = PBXResourcesBuildPhase;
			buildActionMask = 2147483647;
			files = (
				0DCA34FE283495B700AC1720 /* README.md in Resources */,
			);
			runOnlyForDeploymentPostprocessing = 0;
		};
		0D19C1C72805FD0800117350 /* Resources */ = {
			isa = PBXResourcesBuildPhase;
			buildActionMask = 2147483647;
			files = (
			);
			runOnlyForDeploymentPostprocessing = 0;
		};
		0D363B15286F25AF00DC6E47 /* Resources */ = {
			isa = PBXResourcesBuildPhase;
			buildActionMask = 2147483647;
			files = (
			);
			runOnlyForDeploymentPostprocessing = 0;
		};
		0D7DFA6028DBD7A50045B1C1 /* Resources */ = {
			isa = PBXResourcesBuildPhase;
			buildActionMask = 2147483647;
			files = (
			);
			runOnlyForDeploymentPostprocessing = 0;
		};
		0D7DFA6728DBD7A60045B1C1 /* Resources */ = {
			isa = PBXResourcesBuildPhase;
			buildActionMask = 2147483647;
			files = (
			);
			runOnlyForDeploymentPostprocessing = 0;
		};
		0DB375432819FF0100C4B1A0 /* Resources */ = {
			isa = PBXResourcesBuildPhase;
			buildActionMask = 2147483647;
			files = (
			);
			runOnlyForDeploymentPostprocessing = 0;
		};
/* End PBXResourcesBuildPhase section */

/* Begin PBXSourcesBuildPhase section */
		0D19C1BB2805FD0800117350 /* Sources */ = {
			isa = PBXSourcesBuildPhase;
			buildActionMask = 2147483647;
			files = (
				0D363B0D286AB5B700DC6E47 /* ManagedCache.swift in Sources */,
				0D1F8AAA2818E6B900A59907 /* URLSessionHTTPClient.swift in Sources */,
				0D677C3C2835B483005EAE6E /* LocalFeedLoader.swift in Sources */,
				0D677C402835F796005EAE6E /* RemoteFeedItem.swift in Sources */,
				0DA3665D2841D0330006A969 /* FeedCachePolicy.swift in Sources */,
				0D363B0B286AB51E00DC6E47 /* CoreDataHelpers.swift in Sources */,
				0D363B12286AB9FF00DC6E47 /* FeedStore.xcdatamodeld in Sources */,
				0DAC7D6F2810C1A7005EEF5C /* RemoteFeedLoader.swift in Sources */,
				0D677C422835F7D4005EAE6E /* LocalFeedImage.swift in Sources */,
				0D677C3E2835B527005EAE6E /* FeedStore.swift in Sources */,
				0DAC7D7F281252FE005EEF5C /* HTTPClient.swift in Sources */,
				0D19C1DD2805FEB700117350 /* FeedLoader.swift in Sources */,
				0DAC7D8128125391005EEF5C /* FeedItemsMapper.swift in Sources */,
				0D363B0F286AB94800DC6E47 /* ManagedFeedImage.swift in Sources */,
				0D19C1DA2805FE4700117350 /* FeedImage.swift in Sources */,
				0D363B02286A71FA00DC6E47 /* CoreDataFeedStore.swift in Sources */,
			);
			runOnlyForDeploymentPostprocessing = 0;
		};
		0D19C1C52805FD0800117350 /* Sources */ = {
			isa = PBXSourcesBuildPhase;
			buildActionMask = 2147483647;
			files = (
				0DA36657284178E60006A969 /* ValidateFeedCacheUseCaseTests.swift in Sources */,
				0D363AF72869E4C700DC6E47 /* XCTestCase+FeedStoreSpecs.swift in Sources */,
				0DAC7D30280E5EB8005EEF5C /* LoadFeedFromRemoteUseCaseTests.swift in Sources */,
				0D363AFE2869EBB900DC6E47 /* XCTestCase+FailableInsertFeedStoreSpecs.swift in Sources */,
				0D1F8AA82818AC2E00A59907 /* XCTestCase+MemoryLeakTracking.swift in Sources */,
				0D0EFA2928368E4500AED3C9 /* FeedStoreSpy.swift in Sources */,
				0DA3665928417C8A0006A969 /* FeedCacheHelpers.swift in Sources */,
				0DA3665B28417D510006A969 /* SharedTestHelpers.swift in Sources */,
				0D363B002869EBCD00DC6E47 /* XCTestCase+FailableDeleteFeedStoreSpecs.swift in Sources */,
				0D363AFC2869EBA100DC6E47 /* XCTestCase+FailableRetrieveFeedStoreSpecs.swift in Sources */,
				0D677C3928353E00005EAE6E /* CacheFeedUseCaseTests.swift in Sources */,
				0D0EFA2628368C3200AED3C9 /* LoadFeedFromCacheUseCaseTests.swift in Sources */,
				0D363AF92869E59100DC6E47 /* FeedStoreSpecs.swift in Sources */,
				0D363B04286A736200DC6E47 /* CoreDataFeedStoreTests.swift in Sources */,
				0D1F8A9C2816EA5E00A59907 /* URLSessionHTTPClientTests.swift in Sources */,
			);
			runOnlyForDeploymentPostprocessing = 0;
		};
		0D363B13286F25AF00DC6E47 /* Sources */ = {
			isa = PBXSourcesBuildPhase;
			buildActionMask = 2147483647;
			files = (
				0D363B2B286F384A00DC6E47 /* SharedTestHelpers.swift in Sources */,
				0D363B1A286F25AF00DC6E47 /* EssentialFeedCacheIntegrationTests.swift in Sources */,
				0D363B29286F2F5800DC6E47 /* XCTestCase+MemoryLeakTracking.swift in Sources */,
				0D363B2A286F380300DC6E47 /* FeedCacheHelpers.swift in Sources */,
			);
			runOnlyForDeploymentPostprocessing = 0;
		};
		0D7DFA5E28DBD7A50045B1C1 /* Sources */ = {
			isa = PBXSourcesBuildPhase;
			buildActionMask = 2147483647;
			files = (
			);
			runOnlyForDeploymentPostprocessing = 0;
		};
		0D7DFA6528DBD7A60045B1C1 /* Sources */ = {
			isa = PBXSourcesBuildPhase;
			buildActionMask = 2147483647;
			files = (
				0D7DFA7828DCD9640045B1C1 /* FeedViewControllerTests.swift in Sources */,
			);
			runOnlyForDeploymentPostprocessing = 0;
		};
		0DB375412819FF0100C4B1A0 /* Sources */ = {
			isa = PBXSourcesBuildPhase;
			buildActionMask = 2147483647;
			files = (
				0DB375482819FF0100C4B1A0 /* EssentialFeedAPIEndToEndTests.swift in Sources */,
				0DB3754F281A092200C4B1A0 /* XCTestCase+MemoryLeakTracking.swift in Sources */,
			);
			runOnlyForDeploymentPostprocessing = 0;
		};
/* End PBXSourcesBuildPhase section */

/* Begin PBXTargetDependency section */
		0D19C1CC2805FD0800117350 /* PBXTargetDependency */ = {
			isa = PBXTargetDependency;
			target = 0D19C1BE2805FD0800117350 /* EssentialFeed */;
			targetProxy = 0D19C1CB2805FD0800117350 /* PBXContainerItemProxy */;
		};
		0D363B1D286F25AF00DC6E47 /* PBXTargetDependency */ = {
			isa = PBXTargetDependency;
			target = 0D19C1BE2805FD0800117350 /* EssentialFeed */;
			targetProxy = 0D363B1C286F25AF00DC6E47 /* PBXContainerItemProxy */;
		};
		0D7DFA6C28DBD7A60045B1C1 /* PBXTargetDependency */ = {
			isa = PBXTargetDependency;
			target = 0D7DFA6128DBD7A50045B1C1 /* EssentialFeediOS */;
			targetProxy = 0D7DFA6B28DBD7A60045B1C1 /* PBXContainerItemProxy */;
		};
		0DB3754B2819FF0100C4B1A0 /* PBXTargetDependency */ = {
			isa = PBXTargetDependency;
			target = 0D19C1BE2805FD0800117350 /* EssentialFeed */;
			targetProxy = 0DB3754A2819FF0100C4B1A0 /* PBXContainerItemProxy */;
		};
/* End PBXTargetDependency section */

/* Begin XCBuildConfiguration section */
		0D19C1D12805FD0800117350 /* Debug */ = {
			isa = XCBuildConfiguration;
			buildSettings = {
				ALWAYS_SEARCH_USER_PATHS = NO;
				CLANG_ANALYZER_NONNULL = YES;
				CLANG_ANALYZER_NUMBER_OBJECT_CONVERSION = YES_AGGRESSIVE;
				CLANG_CXX_LANGUAGE_STANDARD = "gnu++17";
				CLANG_ENABLE_MODULES = YES;
				CLANG_ENABLE_OBJC_ARC = YES;
				CLANG_ENABLE_OBJC_WEAK = YES;
				CLANG_WARN_BLOCK_CAPTURE_AUTORELEASING = YES;
				CLANG_WARN_BOOL_CONVERSION = YES;
				CLANG_WARN_COMMA = YES;
				CLANG_WARN_CONSTANT_CONVERSION = YES;
				CLANG_WARN_DEPRECATED_OBJC_IMPLEMENTATIONS = YES;
				CLANG_WARN_DIRECT_OBJC_ISA_USAGE = YES_ERROR;
				CLANG_WARN_DOCUMENTATION_COMMENTS = YES;
				CLANG_WARN_EMPTY_BODY = YES;
				CLANG_WARN_ENUM_CONVERSION = YES;
				CLANG_WARN_INFINITE_RECURSION = YES;
				CLANG_WARN_INT_CONVERSION = YES;
				CLANG_WARN_NON_LITERAL_NULL_CONVERSION = YES;
				CLANG_WARN_OBJC_IMPLICIT_RETAIN_SELF = YES;
				CLANG_WARN_OBJC_LITERAL_CONVERSION = YES;
				CLANG_WARN_OBJC_ROOT_CLASS = YES_ERROR;
				CLANG_WARN_QUOTED_INCLUDE_IN_FRAMEWORK_HEADER = YES;
				CLANG_WARN_RANGE_LOOP_ANALYSIS = YES;
				CLANG_WARN_STRICT_PROTOTYPES = YES;
				CLANG_WARN_SUSPICIOUS_MOVE = YES;
				CLANG_WARN_UNGUARDED_AVAILABILITY = YES_AGGRESSIVE;
				CLANG_WARN_UNREACHABLE_CODE = YES;
				CLANG_WARN__DUPLICATE_METHOD_MATCH = YES;
				COPY_PHASE_STRIP = NO;
				CURRENT_PROJECT_VERSION = 1;
				DEAD_CODE_STRIPPING = YES;
				DEBUG_INFORMATION_FORMAT = dwarf;
				ENABLE_STRICT_OBJC_MSGSEND = YES;
				ENABLE_TESTABILITY = YES;
				GCC_C_LANGUAGE_STANDARD = gnu11;
				GCC_DYNAMIC_NO_PIC = NO;
				GCC_NO_COMMON_BLOCKS = YES;
				GCC_OPTIMIZATION_LEVEL = 0;
				GCC_PREPROCESSOR_DEFINITIONS = (
					"DEBUG=1",
					"$(inherited)",
				);
				GCC_WARN_64_TO_32_BIT_CONVERSION = YES;
				GCC_WARN_ABOUT_RETURN_TYPE = YES_ERROR;
				GCC_WARN_UNDECLARED_SELECTOR = YES;
				GCC_WARN_UNINITIALIZED_AUTOS = YES_AGGRESSIVE;
				GCC_WARN_UNUSED_FUNCTION = YES;
				GCC_WARN_UNUSED_VARIABLE = YES;
				MACOSX_DEPLOYMENT_TARGET = 12.3;
				MTL_ENABLE_DEBUG_INFO = INCLUDE_SOURCE;
				MTL_FAST_MATH = YES;
				ONLY_ACTIVE_ARCH = YES;
				SDKROOT = macosx;
				SWIFT_ACTIVE_COMPILATION_CONDITIONS = DEBUG;
				SWIFT_OPTIMIZATION_LEVEL = "-Onone";
				VERSIONING_SYSTEM = "apple-generic";
				VERSION_INFO_PREFIX = "";
			};
			name = Debug;
		};
		0D19C1D22805FD0800117350 /* Release */ = {
			isa = XCBuildConfiguration;
			buildSettings = {
				ALWAYS_SEARCH_USER_PATHS = NO;
				CLANG_ANALYZER_NONNULL = YES;
				CLANG_ANALYZER_NUMBER_OBJECT_CONVERSION = YES_AGGRESSIVE;
				CLANG_CXX_LANGUAGE_STANDARD = "gnu++17";
				CLANG_ENABLE_MODULES = YES;
				CLANG_ENABLE_OBJC_ARC = YES;
				CLANG_ENABLE_OBJC_WEAK = YES;
				CLANG_WARN_BLOCK_CAPTURE_AUTORELEASING = YES;
				CLANG_WARN_BOOL_CONVERSION = YES;
				CLANG_WARN_COMMA = YES;
				CLANG_WARN_CONSTANT_CONVERSION = YES;
				CLANG_WARN_DEPRECATED_OBJC_IMPLEMENTATIONS = YES;
				CLANG_WARN_DIRECT_OBJC_ISA_USAGE = YES_ERROR;
				CLANG_WARN_DOCUMENTATION_COMMENTS = YES;
				CLANG_WARN_EMPTY_BODY = YES;
				CLANG_WARN_ENUM_CONVERSION = YES;
				CLANG_WARN_INFINITE_RECURSION = YES;
				CLANG_WARN_INT_CONVERSION = YES;
				CLANG_WARN_NON_LITERAL_NULL_CONVERSION = YES;
				CLANG_WARN_OBJC_IMPLICIT_RETAIN_SELF = YES;
				CLANG_WARN_OBJC_LITERAL_CONVERSION = YES;
				CLANG_WARN_OBJC_ROOT_CLASS = YES_ERROR;
				CLANG_WARN_QUOTED_INCLUDE_IN_FRAMEWORK_HEADER = YES;
				CLANG_WARN_RANGE_LOOP_ANALYSIS = YES;
				CLANG_WARN_STRICT_PROTOTYPES = YES;
				CLANG_WARN_SUSPICIOUS_MOVE = YES;
				CLANG_WARN_UNGUARDED_AVAILABILITY = YES_AGGRESSIVE;
				CLANG_WARN_UNREACHABLE_CODE = YES;
				CLANG_WARN__DUPLICATE_METHOD_MATCH = YES;
				COPY_PHASE_STRIP = NO;
				CURRENT_PROJECT_VERSION = 1;
				DEAD_CODE_STRIPPING = YES;
				DEBUG_INFORMATION_FORMAT = "dwarf-with-dsym";
				ENABLE_NS_ASSERTIONS = NO;
				ENABLE_STRICT_OBJC_MSGSEND = YES;
				GCC_C_LANGUAGE_STANDARD = gnu11;
				GCC_NO_COMMON_BLOCKS = YES;
				GCC_WARN_64_TO_32_BIT_CONVERSION = YES;
				GCC_WARN_ABOUT_RETURN_TYPE = YES_ERROR;
				GCC_WARN_UNDECLARED_SELECTOR = YES;
				GCC_WARN_UNINITIALIZED_AUTOS = YES_AGGRESSIVE;
				GCC_WARN_UNUSED_FUNCTION = YES;
				GCC_WARN_UNUSED_VARIABLE = YES;
				MACOSX_DEPLOYMENT_TARGET = 12.3;
				MTL_ENABLE_DEBUG_INFO = NO;
				MTL_FAST_MATH = YES;
				SDKROOT = macosx;
				SWIFT_COMPILATION_MODE = wholemodule;
				SWIFT_OPTIMIZATION_LEVEL = "-O";
				VERSIONING_SYSTEM = "apple-generic";
				VERSION_INFO_PREFIX = "";
			};
			name = Release;
		};
		0D19C1D42805FD0800117350 /* Debug */ = {
			isa = XCBuildConfiguration;
			buildSettings = {
				CODE_SIGN_STYLE = Automatic;
				COMBINE_HIDPI_IMAGES = YES;
				CURRENT_PROJECT_VERSION = 1;
				DEAD_CODE_STRIPPING = YES;
				DEFINES_MODULE = YES;
				DEVELOPMENT_TEAM = H8S3SW8N74;
				DYLIB_COMPATIBILITY_VERSION = 1;
				DYLIB_CURRENT_VERSION = 1;
				DYLIB_INSTALL_NAME_BASE = "@rpath";
				GENERATE_INFOPLIST_FILE = YES;
				INFOPLIST_KEY_NSHumanReadableCopyright = "";
				INSTALL_PATH = "$(LOCAL_LIBRARY_DIR)/Frameworks";
				LD_RUNPATH_SEARCH_PATHS = (
					"$(inherited)",
					"@executable_path/../Frameworks",
					"@loader_path/Frameworks",
				);
				MARKETING_VERSION = 1.0;
				PRODUCT_BUNDLE_IDENTIFIER = com.tripphillipstech.EssentialFeed;
				PRODUCT_NAME = "$(TARGET_NAME:c99extidentifier)";
				SKIP_INSTALL = YES;
				SUPPORTED_PLATFORMS = "macosx iphonesimulator iphoneos";
				SWIFT_EMIT_LOC_STRINGS = YES;
				SWIFT_VERSION = 5.0;
			};
			name = Debug;
		};
		0D19C1D52805FD0800117350 /* Release */ = {
			isa = XCBuildConfiguration;
			buildSettings = {
				CODE_SIGN_STYLE = Automatic;
				COMBINE_HIDPI_IMAGES = YES;
				CURRENT_PROJECT_VERSION = 1;
				DEAD_CODE_STRIPPING = YES;
				DEFINES_MODULE = YES;
				DEVELOPMENT_TEAM = H8S3SW8N74;
				DYLIB_COMPATIBILITY_VERSION = 1;
				DYLIB_CURRENT_VERSION = 1;
				DYLIB_INSTALL_NAME_BASE = "@rpath";
				GENERATE_INFOPLIST_FILE = YES;
				INFOPLIST_KEY_NSHumanReadableCopyright = "";
				INSTALL_PATH = "$(LOCAL_LIBRARY_DIR)/Frameworks";
				LD_RUNPATH_SEARCH_PATHS = (
					"$(inherited)",
					"@executable_path/../Frameworks",
					"@loader_path/Frameworks",
				);
				MARKETING_VERSION = 1.0;
				PRODUCT_BUNDLE_IDENTIFIER = com.tripphillipstech.EssentialFeed;
				PRODUCT_NAME = "$(TARGET_NAME:c99extidentifier)";
				SKIP_INSTALL = YES;
				SUPPORTED_PLATFORMS = "macosx iphonesimulator iphoneos";
				SWIFT_EMIT_LOC_STRINGS = YES;
				SWIFT_VERSION = 5.0;
			};
			name = Release;
		};
		0D19C1D72805FD0800117350 /* Debug */ = {
			isa = XCBuildConfiguration;
			buildSettings = {
				ALWAYS_EMBED_SWIFT_STANDARD_LIBRARIES = YES;
				CODE_SIGN_STYLE = Automatic;
				CURRENT_PROJECT_VERSION = 1;
				DEAD_CODE_STRIPPING = YES;
				DEVELOPMENT_TEAM = H8S3SW8N74;
				GENERATE_INFOPLIST_FILE = YES;
				MARKETING_VERSION = 1.0;
				PRODUCT_BUNDLE_IDENTIFIER = tripphillips.tech.EssentialFeedTests;
				PRODUCT_NAME = "$(TARGET_NAME)";
				SUPPORTED_PLATFORMS = "macosx iphonesimulator iphoneos";
				SWIFT_EMIT_LOC_STRINGS = NO;
				SWIFT_VERSION = 5.0;
			};
			name = Debug;
		};
		0D19C1D82805FD0800117350 /* Release */ = {
			isa = XCBuildConfiguration;
			buildSettings = {
				ALWAYS_EMBED_SWIFT_STANDARD_LIBRARIES = YES;
				CODE_SIGN_STYLE = Automatic;
				CURRENT_PROJECT_VERSION = 1;
				DEAD_CODE_STRIPPING = YES;
				DEVELOPMENT_TEAM = H8S3SW8N74;
				GENERATE_INFOPLIST_FILE = YES;
				MARKETING_VERSION = 1.0;
				PRODUCT_BUNDLE_IDENTIFIER = tripphillips.tech.EssentialFeedTests;
				PRODUCT_NAME = "$(TARGET_NAME)";
				SUPPORTED_PLATFORMS = "macosx iphonesimulator iphoneos";
				SWIFT_EMIT_LOC_STRINGS = NO;
				SWIFT_VERSION = 5.0;
			};
			name = Release;
		};
		0D363B1F286F25AF00DC6E47 /* Debug */ = {
			isa = XCBuildConfiguration;
			buildSettings = {
				CODE_SIGN_STYLE = Automatic;
				CURRENT_PROJECT_VERSION = 1;
				DEAD_CODE_STRIPPING = YES;
				DEVELOPMENT_TEAM = H8S3SW8N74;
				GENERATE_INFOPLIST_FILE = YES;
				MARKETING_VERSION = 1.0;
				PRODUCT_BUNDLE_IDENTIFIER = com.tripphillipstech.EssentialFeedCacheIntegrationTests;
				PRODUCT_NAME = "$(TARGET_NAME)";
				SUPPORTED_PLATFORMS = "macosx iphonesimulator iphoneos";
				SWIFT_EMIT_LOC_STRINGS = NO;
				SWIFT_VERSION = 5.0;
			};
			name = Debug;
		};
		0D363B20286F25AF00DC6E47 /* Release */ = {
			isa = XCBuildConfiguration;
			buildSettings = {
				CODE_SIGN_STYLE = Automatic;
				CURRENT_PROJECT_VERSION = 1;
				DEAD_CODE_STRIPPING = YES;
				DEVELOPMENT_TEAM = H8S3SW8N74;
				GENERATE_INFOPLIST_FILE = YES;
				MARKETING_VERSION = 1.0;
				PRODUCT_BUNDLE_IDENTIFIER = com.tripphillipstech.EssentialFeedCacheIntegrationTests;
				PRODUCT_NAME = "$(TARGET_NAME)";
				SUPPORTED_PLATFORMS = "macosx iphonesimulator iphoneos";
				SWIFT_EMIT_LOC_STRINGS = NO;
				SWIFT_VERSION = 5.0;
			};
			name = Release;
		};
		0D7DFA7228DBD7A60045B1C1 /* Debug */ = {
			isa = XCBuildConfiguration;
			buildSettings = {
				CLANG_CXX_LANGUAGE_STANDARD = "gnu++20";
				CODE_SIGN_STYLE = Automatic;
				CURRENT_PROJECT_VERSION = 1;
				DEFINES_MODULE = YES;
				DEVELOPMENT_TEAM = H8S3SW8N74;
				DYLIB_COMPATIBILITY_VERSION = 1;
				DYLIB_CURRENT_VERSION = 1;
				DYLIB_INSTALL_NAME_BASE = "@rpath";
				GENERATE_INFOPLIST_FILE = YES;
				INFOPLIST_KEY_NSHumanReadableCopyright = "";
				INSTALL_PATH = "$(LOCAL_LIBRARY_DIR)/Frameworks";
				IPHONEOS_DEPLOYMENT_TARGET = 16.0;
				LD_RUNPATH_SEARCH_PATHS = (
					"$(inherited)",
					"@executable_path/Frameworks",
					"@loader_path/Frameworks",
				);
				MARKETING_VERSION = 1.0;
				PRODUCT_BUNDLE_IDENTIFIER = com.tripphillipstech.EssentialFeediOS;
				PRODUCT_NAME = "$(TARGET_NAME:c99extidentifier)";
				SDKROOT = iphoneos;
				SKIP_INSTALL = YES;
				SWIFT_EMIT_LOC_STRINGS = YES;
				SWIFT_VERSION = 5.0;
				TARGETED_DEVICE_FAMILY = "1,2";
			};
			name = Debug;
		};
		0D7DFA7328DBD7A60045B1C1 /* Release */ = {
			isa = XCBuildConfiguration;
			buildSettings = {
				CLANG_CXX_LANGUAGE_STANDARD = "gnu++20";
				CODE_SIGN_STYLE = Automatic;
				CURRENT_PROJECT_VERSION = 1;
				DEFINES_MODULE = YES;
				DEVELOPMENT_TEAM = H8S3SW8N74;
				DYLIB_COMPATIBILITY_VERSION = 1;
				DYLIB_CURRENT_VERSION = 1;
				DYLIB_INSTALL_NAME_BASE = "@rpath";
				GENERATE_INFOPLIST_FILE = YES;
				INFOPLIST_KEY_NSHumanReadableCopyright = "";
				INSTALL_PATH = "$(LOCAL_LIBRARY_DIR)/Frameworks";
				IPHONEOS_DEPLOYMENT_TARGET = 16.0;
				LD_RUNPATH_SEARCH_PATHS = (
					"$(inherited)",
					"@executable_path/Frameworks",
					"@loader_path/Frameworks",
				);
				MARKETING_VERSION = 1.0;
				PRODUCT_BUNDLE_IDENTIFIER = com.tripphillipstech.EssentialFeediOS;
				PRODUCT_NAME = "$(TARGET_NAME:c99extidentifier)";
				SDKROOT = iphoneos;
				SKIP_INSTALL = YES;
				SWIFT_EMIT_LOC_STRINGS = YES;
				SWIFT_VERSION = 5.0;
				TARGETED_DEVICE_FAMILY = "1,2";
				VALIDATE_PRODUCT = YES;
			};
			name = Release;
		};
		0D7DFA7528DBD7A60045B1C1 /* Debug */ = {
			isa = XCBuildConfiguration;
			buildSettings = {
				CLANG_CXX_LANGUAGE_STANDARD = "gnu++20";
				CLANG_ENABLE_MODULES = YES;
				CODE_SIGN_STYLE = Automatic;
				CURRENT_PROJECT_VERSION = 1;
				DEVELOPMENT_TEAM = H8S3SW8N74;
				GENERATE_INFOPLIST_FILE = YES;
				IPHONEOS_DEPLOYMENT_TARGET = 16.0;
				LD_RUNPATH_SEARCH_PATHS = (
					"$(inherited)",
					"@executable_path/Frameworks",
					"@loader_path/Frameworks",
				);
				MARKETING_VERSION = 1.0;
				PRODUCT_BUNDLE_IDENTIFIER = com.tripphillipstech.EssentialFeediOSTests;
				PRODUCT_NAME = "$(TARGET_NAME)";
				SDKROOT = iphoneos;
				SWIFT_EMIT_LOC_STRINGS = NO;
				SWIFT_OPTIMIZATION_LEVEL = "-Onone";
				SWIFT_VERSION = 5.0;
				TARGETED_DEVICE_FAMILY = "1,2";
			};
			name = Debug;
		};
		0D7DFA7628DBD7A60045B1C1 /* Release */ = {
			isa = XCBuildConfiguration;
			buildSettings = {
				CLANG_CXX_LANGUAGE_STANDARD = "gnu++20";
				CLANG_ENABLE_MODULES = YES;
				CODE_SIGN_STYLE = Automatic;
				CURRENT_PROJECT_VERSION = 1;
				DEVELOPMENT_TEAM = H8S3SW8N74;
				GENERATE_INFOPLIST_FILE = YES;
				IPHONEOS_DEPLOYMENT_TARGET = 16.0;
				LD_RUNPATH_SEARCH_PATHS = (
					"$(inherited)",
					"@executable_path/Frameworks",
					"@loader_path/Frameworks",
				);
				MARKETING_VERSION = 1.0;
				PRODUCT_BUNDLE_IDENTIFIER = com.tripphillipstech.EssentialFeediOSTests;
				PRODUCT_NAME = "$(TARGET_NAME)";
				SDKROOT = iphoneos;
				SWIFT_EMIT_LOC_STRINGS = NO;
				SWIFT_VERSION = 5.0;
				TARGETED_DEVICE_FAMILY = "1,2";
				VALIDATE_PRODUCT = YES;
			};
			name = Release;
		};
		0DB3754D2819FF0100C4B1A0 /* Debug */ = {
			isa = XCBuildConfiguration;
			buildSettings = {
				CODE_SIGN_STYLE = Automatic;
				CURRENT_PROJECT_VERSION = 1;
				DEAD_CODE_STRIPPING = YES;
				DEVELOPMENT_TEAM = H8S3SW8N74;
				GENERATE_INFOPLIST_FILE = YES;
				MARKETING_VERSION = 1.0;
				PRODUCT_BUNDLE_IDENTIFIER = tripphillips.tech.EssentialFeedAPIEndToEndTests;
				PRODUCT_NAME = "$(TARGET_NAME)";
				SUPPORTED_PLATFORMS = "macosx iphoneos iphonesimulator";
				SWIFT_EMIT_LOC_STRINGS = NO;
				SWIFT_VERSION = 5.0;
			};
			name = Debug;
		};
		0DB3754E2819FF0100C4B1A0 /* Release */ = {
			isa = XCBuildConfiguration;
			buildSettings = {
				CODE_SIGN_STYLE = Automatic;
				CURRENT_PROJECT_VERSION = 1;
				DEAD_CODE_STRIPPING = YES;
				DEVELOPMENT_TEAM = H8S3SW8N74;
				GENERATE_INFOPLIST_FILE = YES;
				MARKETING_VERSION = 1.0;
				PRODUCT_BUNDLE_IDENTIFIER = tripphillips.tech.EssentialFeedAPIEndToEndTests;
				PRODUCT_NAME = "$(TARGET_NAME)";
				SUPPORTED_PLATFORMS = "macosx iphoneos iphonesimulator";
				SWIFT_EMIT_LOC_STRINGS = NO;
				SWIFT_VERSION = 5.0;
			};
			name = Release;
		};
/* End XCBuildConfiguration section */

/* Begin XCConfigurationList section */
		0D19C1B92805FD0800117350 /* Build configuration list for PBXProject "EssentialFeed" */ = {
			isa = XCConfigurationList;
			buildConfigurations = (
				0D19C1D12805FD0800117350 /* Debug */,
				0D19C1D22805FD0800117350 /* Release */,
			);
			defaultConfigurationIsVisible = 0;
			defaultConfigurationName = Release;
		};
		0D19C1D32805FD0800117350 /* Build configuration list for PBXNativeTarget "EssentialFeed" */ = {
			isa = XCConfigurationList;
			buildConfigurations = (
				0D19C1D42805FD0800117350 /* Debug */,
				0D19C1D52805FD0800117350 /* Release */,
			);
			defaultConfigurationIsVisible = 0;
			defaultConfigurationName = Release;
		};
		0D19C1D62805FD0800117350 /* Build configuration list for PBXNativeTarget "EssentialFeedTests" */ = {
			isa = XCConfigurationList;
			buildConfigurations = (
				0D19C1D72805FD0800117350 /* Debug */,
				0D19C1D82805FD0800117350 /* Release */,
			);
			defaultConfigurationIsVisible = 0;
			defaultConfigurationName = Release;
		};
		0D363B1E286F25AF00DC6E47 /* Build configuration list for PBXNativeTarget "EssentialFeedCacheIntegrationTests" */ = {
			isa = XCConfigurationList;
			buildConfigurations = (
				0D363B1F286F25AF00DC6E47 /* Debug */,
				0D363B20286F25AF00DC6E47 /* Release */,
			);
			defaultConfigurationIsVisible = 0;
			defaultConfigurationName = Release;
		};
		0D7DFA7128DBD7A60045B1C1 /* Build configuration list for PBXNativeTarget "EssentialFeediOS" */ = {
			isa = XCConfigurationList;
			buildConfigurations = (
				0D7DFA7228DBD7A60045B1C1 /* Debug */,
				0D7DFA7328DBD7A60045B1C1 /* Release */,
			);
			defaultConfigurationIsVisible = 0;
			defaultConfigurationName = Release;
		};
		0D7DFA7428DBD7A60045B1C1 /* Build configuration list for PBXNativeTarget "EssentialFeediOSTests" */ = {
			isa = XCConfigurationList;
			buildConfigurations = (
				0D7DFA7528DBD7A60045B1C1 /* Debug */,
				0D7DFA7628DBD7A60045B1C1 /* Release */,
			);
			defaultConfigurationIsVisible = 0;
			defaultConfigurationName = Release;
		};
		0DB3754C2819FF0100C4B1A0 /* Build configuration list for PBXNativeTarget "EssentialFeedAPIEndToEndTests" */ = {
			isa = XCConfigurationList;
			buildConfigurations = (
				0DB3754D2819FF0100C4B1A0 /* Debug */,
				0DB3754E2819FF0100C4B1A0 /* Release */,
			);
			defaultConfigurationIsVisible = 0;
			defaultConfigurationName = Release;
		};
/* End XCConfigurationList section */

/* Begin XCVersionGroup section */
		0D363B10286AB9FF00DC6E47 /* FeedStore.xcdatamodeld */ = {
			isa = XCVersionGroup;
			children = (
				0D363B11286AB9FF00DC6E47 /* FeedStore.xcdatamodel */,
			);
			currentVersion = 0D363B11286AB9FF00DC6E47 /* FeedStore.xcdatamodel */;
			path = FeedStore.xcdatamodeld;
			sourceTree = "<group>";
			versionGroupType = wrapper.xcdatamodel;
		};
/* End XCVersionGroup section */
	};
	rootObject = 0D19C1B62805FD0800117350 /* Project object */;
}
